// !$*UTF8*$!
{
	archiveVersion = 1;
	classes = {
	};
	objectVersion = 50;
	objects = {

/* Begin PBXBuildFile section */
		A9490348235F60E1009094BA /* ImagePicker.swift in Sources */ = {isa = PBXBuildFile; fileRef = A9490347235F60E1009094BA /* ImagePicker.swift */; };
		A9603A0E235EDF1C003A257F /* AppDelegate.swift in Sources */ = {isa = PBXBuildFile; fileRef = A9603A0D235EDF1C003A257F /* AppDelegate.swift */; };
		A9603A10235EDF1C003A257F /* SceneDelegate.swift in Sources */ = {isa = PBXBuildFile; fileRef = A9603A0F235EDF1C003A257F /* SceneDelegate.swift */; };
		A9603A12235EDF1C003A257F /* ViewController.swift in Sources */ = {isa = PBXBuildFile; fileRef = A9603A11235EDF1C003A257F /* ViewController.swift */; };
		A9603A15235EDF1C003A257F /* Main.storyboard in Resources */ = {isa = PBXBuildFile; fileRef = A9603A13235EDF1C003A257F /* Main.storyboard */; };
		A9603A17235EDF1D003A257F /* Assets.xcassets in Resources */ = {isa = PBXBuildFile; fileRef = A9603A16235EDF1D003A257F /* Assets.xcassets */; };
		A9603A1A235EDF1D003A257F /* LaunchScreen.storyboard in Resources */ = {isa = PBXBuildFile; fileRef = A9603A18235EDF1D003A257F /* LaunchScreen.storyboard */; };
		A9D21622235F25EB0040C608 /* AddNewDreamVC.swift in Sources */ = {isa = PBXBuildFile; fileRef = A9D21621235F25EB0040C608 /* AddNewDreamVC.swift */; };
		A9D21624235F4BD80040C608 /* ListDreamVC.swift in Sources */ = {isa = PBXBuildFile; fileRef = A9D21623235F4BD80040C608 /* ListDreamVC.swift */; };
/* End PBXBuildFile section */

/* Begin PBXFileReference section */
		A9490347235F60E1009094BA /* ImagePicker.swift */ = {isa = PBXFileReference; lastKnownFileType = sourcecode.swift; path = ImagePicker.swift; sourceTree = "<group>"; };
		A9603A0A235EDF1C003A257F /* DreamsComeTrue.app */ = {isa = PBXFileReference; explicitFileType = wrapper.application; includeInIndex = 0; path = DreamsComeTrue.app; sourceTree = BUILT_PRODUCTS_DIR; };
		A9603A0D235EDF1C003A257F /* AppDelegate.swift */ = {isa = PBXFileReference; lastKnownFileType = sourcecode.swift; path = AppDelegate.swift; sourceTree = "<group>"; };
		A9603A0F235EDF1C003A257F /* SceneDelegate.swift */ = {isa = PBXFileReference; lastKnownFileType = sourcecode.swift; path = SceneDelegate.swift; sourceTree = "<group>"; };
		A9603A11235EDF1C003A257F /* ViewController.swift */ = {isa = PBXFileReference; lastKnownFileType = sourcecode.swift; path = ViewController.swift; sourceTree = "<group>"; };
		A9603A14235EDF1C003A257F /* Base */ = {isa = PBXFileReference; lastKnownFileType = file.storyboard; name = Base; path = Base.lproj/Main.storyboard; sourceTree = "<group>"; };
		A9603A16235EDF1D003A257F /* Assets.xcassets */ = {isa = PBXFileReference; lastKnownFileType = folder.assetcatalog; path = Assets.xcassets; sourceTree = "<group>"; };
		A9603A19235EDF1D003A257F /* Base */ = {isa = PBXFileReference; lastKnownFileType = file.storyboard; name = Base; path = Base.lproj/LaunchScreen.storyboard; sourceTree = "<group>"; };
		A9603A1B235EDF1D003A257F /* Info.plist */ = {isa = PBXFileReference; lastKnownFileType = text.plist.xml; path = Info.plist; sourceTree = "<group>"; };
		A9D21621235F25EB0040C608 /* AddNewDreamVC.swift */ = {isa = PBXFileReference; lastKnownFileType = sourcecode.swift; path = AddNewDreamVC.swift; sourceTree = "<group>"; };
		A9D21623235F4BD80040C608 /* ListDreamVC.swift */ = {isa = PBXFileReference; lastKnownFileType = sourcecode.swift; path = ListDreamVC.swift; sourceTree = "<group>"; };
/* End PBXFileReference section */

/* Begin PBXFrameworksBuildPhase section */
		A9603A07235EDF1C003A257F /* Frameworks */ = {
			isa = PBXFrameworksBuildPhase;
			buildActionMask = 2147483647;
			files = (
			);
			runOnlyForDeploymentPostprocessing = 0;
		};
/* End PBXFrameworksBuildPhase section */

/* Begin PBXGroup section */
		A9603A01235EDF1C003A257F = {
			isa = PBXGroup;
			children = (
				A9603A0C235EDF1C003A257F /* DreamsComeTrue */,
				A9603A0B235EDF1C003A257F /* Products */,
			);
			sourceTree = "<group>";
		};
		A9603A0B235EDF1C003A257F /* Products */ = {
			isa = PBXGroup;
			children = (
				A9603A0A235EDF1C003A257F /* DreamsComeTrue.app */,
			);
			name = Products;
			sourceTree = "<group>";
		};
		A9603A0C235EDF1C003A257F /* DreamsComeTrue */ = {
			isa = PBXGroup;
			children = (
				A9603A25235EECC8003A257F /* SupportFiles */,
				A9603A24235EECA9003A257F /* iBuilder */,
				A9603A23235EEC98003A257F /* Helpers */,
				A9603A22235EEC84003A257F /* Models */,
				A9603A21235EEC6F003A257F /* Controller */,
				A9603A1B235EDF1D003A257F /* Info.plist */,
			);
			path = DreamsComeTrue;
			sourceTree = "<group>";
		};
		A9603A21235EEC6F003A257F /* Controller */ = {
			isa = PBXGroup;
			children = (
				A9D21623235F4BD80040C608 /* ListDreamVC.swift */,
				A9D21621235F25EB0040C608 /* AddNewDreamVC.swift */,
				A9603A11235EDF1C003A257F /* ViewController.swift */,
			);
			path = Controller;
			sourceTree = "<group>";
		};
		A9603A22235EEC84003A257F /* Models */ = {
			isa = PBXGroup;
			children = (
			);
			path = Models;
			sourceTree = "<group>";
		};
		A9603A23235EEC98003A257F /* Helpers */ = {
			isa = PBXGroup;
			children = (
				A9490347235F60E1009094BA /* ImagePicker.swift */,
			);
			path = Helpers;
			sourceTree = "<group>";
		};
		A9603A24235EECA9003A257F /* iBuilder */ = {
			isa = PBXGroup;
			children = (
				A9603A13235EDF1C003A257F /* Main.storyboard */,
				A9603A18235EDF1D003A257F /* LaunchScreen.storyboard */,
			);
			path = iBuilder;
			sourceTree = "<group>";
		};
		A9603A25235EECC8003A257F /* SupportFiles */ = {
			isa = PBXGroup;
			children = (
				A9603A0D235EDF1C003A257F /* AppDelegate.swift */,
				A9603A0F235EDF1C003A257F /* SceneDelegate.swift */,
				A9603A16235EDF1D003A257F /* Assets.xcassets */,
			);
			path = SupportFiles;
			sourceTree = "<group>";
		};
/* End PBXGroup section */

/* Begin PBXNativeTarget section */
		A9603A09235EDF1C003A257F /* DreamsComeTrue */ = {
			isa = PBXNativeTarget;
			buildConfigurationList = A9603A1E235EDF1D003A257F /* Build configuration list for PBXNativeTarget "DreamsComeTrue" */;
			buildPhases = (
				A9603A06235EDF1C003A257F /* Sources */,
				A9603A07235EDF1C003A257F /* Frameworks */,
				A9603A08235EDF1C003A257F /* Resources */,
			);
			buildRules = (
			);
			dependencies = (
			);
			name = DreamsComeTrue;
			productName = DreamsComeTrue;
			productReference = A9603A0A235EDF1C003A257F /* DreamsComeTrue.app */;
			productType = "com.apple.product-type.application";
		};
/* End PBXNativeTarget section */

/* Begin PBXProject section */
		A9603A02235EDF1C003A257F /* Project object */ = {
			isa = PBXProject;
			attributes = {
				LastSwiftUpdateCheck = 1110;
				LastUpgradeCheck = 1110;
				ORGANIZATIONNAME = "Алексей Карпежников";
				TargetAttributes = {
					A9603A09235EDF1C003A257F = {
						CreatedOnToolsVersion = 11.1;
					};
				};
			};
			buildConfigurationList = A9603A05235EDF1C003A257F /* Build configuration list for PBXProject "DreamsComeTrue" */;
			compatibilityVersion = "Xcode 9.3";
			developmentRegion = en;
			hasScannedForEncodings = 0;
			knownRegions = (
				en,
				Base,
			);
			mainGroup = A9603A01235EDF1C003A257F;
			productRefGroup = A9603A0B235EDF1C003A257F /* Products */;
			projectDirPath = "";
			projectRoot = "";
			targets = (
				A9603A09235EDF1C003A257F /* DreamsComeTrue */,
			);
		};
/* End PBXProject section */

/* Begin PBXResourcesBuildPhase section */
		A9603A08235EDF1C003A257F /* Resources */ = {
			isa = PBXResourcesBuildPhase;
			buildActionMask = 2147483647;
			files = (
				A9603A1A235EDF1D003A257F /* LaunchScreen.storyboard in Resources */,
				A9603A17235EDF1D003A257F /* Assets.xcassets in Resources */,
				A9603A15235EDF1C003A257F /* Main.storyboard in Resources */,
			);
			runOnlyForDeploymentPostprocessing = 0;
		};
/* End PBXResourcesBuildPhase section */

/* Begin PBXSourcesBuildPhase section */
		A9603A06235EDF1C003A257F /* Sources */ = {
			isa = PBXSourcesBuildPhase;
			buildActionMask = 2147483647;
			files = (
				A9603A12235EDF1C003A257F /* ViewController.swift in Sources */,
				A9603A0E235EDF1C003A257F /* AppDelegate.swift in Sources */,
				A9D21624235F4BD80040C608 /* ListDreamVC.swift in Sources */,
				A9490348235F60E1009094BA /* ImagePicker.swift in Sources */,
				A9603A10235EDF1C003A257F /* SceneDelegate.swift in Sources */,
				A9D21622235F25EB0040C608 /* AddNewDreamVC.swift in Sources */,
			);
			runOnlyForDeploymentPostprocessing = 0;
		};
/* End PBXSourcesBuildPhase section */

/* Begin PBXVariantGroup section */
		A9603A13235EDF1C003A257F /* Main.storyboard */ = {
			isa = PBXVariantGroup;
			children = (
				A9603A14235EDF1C003A257F /* Base */,
			);
			name = Main.storyboard;
			sourceTree = "<group>";
		};
		A9603A18235EDF1D003A257F /* LaunchScreen.storyboard */ = {
			isa = PBXVariantGroup;
			children = (
				A9603A19235EDF1D003A257F /* Base */,
			);
			name = LaunchScreen.storyboard;
			sourceTree = "<group>";
		};
/* End PBXVariantGroup section */

/* Begin XCBuildConfiguration section */
		A9603A1C235EDF1D003A257F /* Debug */ = {
			isa = XCBuildConfiguration;
			buildSettings = {
				ALWAYS_SEARCH_USER_PATHS = NO;
				CLANG_ANALYZER_NONNULL = YES;
				CLANG_ANALYZER_NUMBER_OBJECT_CONVERSION = YES_AGGRESSIVE;
				CLANG_CXX_LANGUAGE_STANDARD = "gnu++14";
				CLANG_CXX_LIBRARY = "libc++";
				CLANG_ENABLE_MODULES = YES;
				CLANG_ENABLE_OBJC_ARC = YES;
				CLANG_ENABLE_OBJC_WEAK = YES;
				CLANG_WARN_BLOCK_CAPTURE_AUTORELEASING = YES;
				CLANG_WARN_BOOL_CONVERSION = YES;
				CLANG_WARN_COMMA = YES;
				CLANG_WARN_CONSTANT_CONVERSION = YES;
				CLANG_WARN_DEPRECATED_OBJC_IMPLEMENTATIONS = YES;
				CLANG_WARN_DIRECT_OBJC_ISA_USAGE = YES_ERROR;
				CLANG_WARN_DOCUMENTATION_COMMENTS = YES;
				CLANG_WARN_EMPTY_BODY = YES;
				CLANG_WARN_ENUM_CONVERSION = YES;
				CLANG_WARN_INFINITE_RECURSION = YES;
				CLANG_WARN_INT_CONVERSION = YES;
				CLANG_WARN_NON_LITERAL_NULL_CONVERSION = YES;
				CLANG_WARN_OBJC_IMPLICIT_RETAIN_SELF = YES;
				CLANG_WARN_OBJC_LITERAL_CONVERSION = YES;
				CLANG_WARN_OBJC_ROOT_CLASS = YES_ERROR;
				CLANG_WARN_RANGE_LOOP_ANALYSIS = YES;
				CLANG_WARN_STRICT_PROTOTYPES = YES;
				CLANG_WARN_SUSPICIOUS_MOVE = YES;
				CLANG_WARN_UNGUARDED_AVAILABILITY = YES_AGGRESSIVE;
				CLANG_WARN_UNREACHABLE_CODE = YES;
				CLANG_WARN__DUPLICATE_METHOD_MATCH = YES;
				COPY_PHASE_STRIP = NO;
				DEBUG_INFORMATION_FORMAT = dwarf;
				ENABLE_STRICT_OBJC_MSGSEND = YES;
				ENABLE_TESTABILITY = YES;
				GCC_C_LANGUAGE_STANDARD = gnu11;
				GCC_DYNAMIC_NO_PIC = NO;
				GCC_NO_COMMON_BLOCKS = YES;
				GCC_OPTIMIZATION_LEVEL = 0;
				GCC_PREPROCESSOR_DEFINITIONS = (
					"DEBUG=1",
					"$(inherited)",
				);
				GCC_WARN_64_TO_32_BIT_CONVERSION = YES;
				GCC_WARN_ABOUT_RETURN_TYPE = YES_ERROR;
				GCC_WARN_UNDECLARED_SELECTOR = YES;
				GCC_WARN_UNINITIALIZED_AUTOS = YES_AGGRESSIVE;
				GCC_WARN_UNUSED_FUNCTION = YES;
				GCC_WARN_UNUSED_VARIABLE = YES;
				IPHONEOS_DEPLOYMENT_TARGET = 13.1;
				MTL_ENABLE_DEBUG_INFO = INCLUDE_SOURCE;
				MTL_FAST_MATH = YES;
				ONLY_ACTIVE_ARCH = YES;
				SDKROOT = iphoneos;
				SWIFT_ACTIVE_COMPILATION_CONDITIONS = DEBUG;
				SWIFT_OPTIMIZATION_LEVEL = "-Onone";
			};
			name = Debug;
		};
		A9603A1D235EDF1D003A257F /* Release */ = {
			isa = XCBuildConfiguration;
			buildSettings = {
				ALWAYS_SEARCH_USER_PATHS = NO;
				CLANG_ANALYZER_NONNULL = YES;
				CLANG_ANALYZER_NUMBER_OBJECT_CONVERSION = YES_AGGRESSIVE;
				CLANG_CXX_LANGUAGE_STANDARD = "gnu++14";
				CLANG_CXX_LIBRARY = "libc++";
				CLANG_ENABLE_MODULES = YES;
				CLANG_ENABLE_OBJC_ARC = YES;
				CLANG_ENABLE_OBJC_WEAK = YES;
				CLANG_WARN_BLOCK_CAPTURE_AUTORELEASING = YES;
				CLANG_WARN_BOOL_CONVERSION = YES;
				CLANG_WARN_COMMA = YES;
				CLANG_WARN_CONSTANT_CONVERSION = YES;
				CLANG_WARN_DEPRECATED_OBJC_IMPLEMENTATIONS = YES;
				CLANG_WARN_DIRECT_OBJC_ISA_USAGE = YES_ERROR;
				CLANG_WARN_DOCUMENTATION_COMMENTS = YES;
				CLANG_WARN_EMPTY_BODY = YES;
				CLANG_WARN_ENUM_CONVERSION = YES;
				CLANG_WARN_INFINITE_RECURSION = YES;
				CLANG_WARN_INT_CONVERSION = YES;
				CLANG_WARN_NON_LITERAL_NULL_CONVERSION = YES;
				CLANG_WARN_OBJC_IMPLICIT_RETAIN_SELF = YES;
				CLANG_WARN_OBJC_LITERAL_CONVERSION = YES;
				CLANG_WARN_OBJC_ROOT_CLASS = YES_ERROR;
				CLANG_WARN_RANGE_LOOP_ANALYSIS = YES;
				CLANG_WARN_STRICT_PROTOTYPES = YES;
				CLANG_WARN_SUSPICIOUS_MOVE = YES;
				CLANG_WARN_UNGUARDED_AVAILABILITY = YES_AGGRESSIVE;
				CLANG_WARN_UNREACHABLE_CODE = YES;
				CLANG_WARN__DUPLICATE_METHOD_MATCH = YES;
				COPY_PHASE_STRIP = NO;
				DEBUG_INFORMATION_FORMAT = "dwarf-with-dsym";
				ENABLE_NS_ASSERTIONS = NO;
				ENABLE_STRICT_OBJC_MSGSEND = YES;
				GCC_C_LANGUAGE_STANDARD = gnu11;
				GCC_NO_COMMON_BLOCKS = YES;
				GCC_WARN_64_TO_32_BIT_CONVERSION = YES;
				GCC_WARN_ABOUT_RETURN_TYPE = YES_ERROR;
				GCC_WARN_UNDECLARED_SELECTOR = YES;
				GCC_WARN_UNINITIALIZED_AUTOS = YES_AGGRESSIVE;
				GCC_WARN_UNUSED_FUNCTION = YES;
				GCC_WARN_UNUSED_VARIABLE = YES;
				IPHONEOS_DEPLOYMENT_TARGET = 13.1;
				MTL_ENABLE_DEBUG_INFO = NO;
				MTL_FAST_MATH = YES;
				SDKROOT = iphoneos;
				SWIFT_COMPILATION_MODE = wholemodule;
				SWIFT_OPTIMIZATION_LEVEL = "-O";
				VALIDATE_PRODUCT = YES;
			};
			name = Release;
		};
		A9603A1F235EDF1D003A257F /* Debug */ = {
			isa = XCBuildConfiguration;
			buildSettings = {
				ASSETCATALOG_COMPILER_APPICON_NAME = AppIcon;
				CODE_SIGN_STYLE = Automatic;
				DEVELOPMENT_TEAM = 3WT2QN7Y27;
				INFOPLIST_FILE = DreamsComeTrue/Info.plist;
				LD_RUNPATH_SEARCH_PATHS = (
					"$(inherited)",
					"@executable_path/Frameworks",
				);
				PRODUCT_BUNDLE_IDENTIFIER = BigBroGame.DreamsComeTrue;
				PRODUCT_NAME = "$(TARGET_NAME)";
				SWIFT_VERSION = 5.0;
				TARGETED_DEVICE_FAMILY = 1;
			};
			name = Debug;
		};
		A9603A20235EDF1D003A257F /* Release */ = {
			isa = XCBuildConfiguration;
			buildSettings = {
				ASSETCATALOG_COMPILER_APPICON_NAME = AppIcon;
				CODE_SIGN_STYLE = Automatic;
				DEVELOPMENT_TEAM = 3WT2QN7Y27;
				INFOPLIST_FILE = DreamsComeTrue/Info.plist;
				LD_RUNPATH_SEARCH_PATHS = (
					"$(inherited)",
					"@executable_path/Frameworks",
				);
				PRODUCT_BUNDLE_IDENTIFIER = BigBroGame.DreamsComeTrue;
				PRODUCT_NAME = "$(TARGET_NAME)";
				SWIFT_VERSION = 5.0;
				TARGETED_DEVICE_FAMILY = 1;
			};
			name = Release;
		};
/* End XCBuildConfiguration section */

/* Begin XCConfigurationList section */
		A9603A05235EDF1C003A257F /* Build configuration list for PBXProject "DreamsComeTrue" */ = {
			isa = XCConfigurationList;
			buildConfigurations = (
				A9603A1C235EDF1D003A257F /* Debug */,
				A9603A1D235EDF1D003A257F /* Release */,
			);
			defaultConfigurationIsVisible = 0;
			defaultConfigurationName = Release;
		};
		A9603A1E235EDF1D003A257F /* Build configuration list for PBXNativeTarget "DreamsComeTrue" */ = {
			isa = XCConfigurationList;
			buildConfigurations = (
				A9603A1F235EDF1D003A257F /* Debug */,
				A9603A20235EDF1D003A257F /* Release */,
			);
			defaultConfigurationIsVisible = 0;
			defaultConfigurationName = Release;
		};
/* End XCConfigurationList section */
	};
	rootObject = A9603A02235EDF1C003A257F /* Project object */;
}
