// !$*UTF8*$!
{
	archiveVersion = 1;
	classes = {
	};
	objectVersion = 51;
	objects = {

/* Begin PBXBuildFile section */
		81FB9AB49E95016A07A5CD23 /* Pods_GamesTeam.framework in Frameworks */ = {isa = PBXBuildFile; fileRef = 7F32C013A376CAC7B5EFABCC /* Pods_GamesTeam.framework */; };
		EC051626244EE74100961D87 /* RuleTVC.swift in Sources */ = {isa = PBXBuildFile; fileRef = EC051625244EE74100961D87 /* RuleTVC.swift */; };
		EC051628244EE7BF00961D87 /* PresentRulesVC.swift in Sources */ = {isa = PBXBuildFile; fileRef = EC051627244EE7BF00961D87 /* PresentRulesVC.swift */; };
		EC05162A2453046100961D87 /* GoogleService-Info.plist in Resources */ = {isa = PBXBuildFile; fileRef = EC0516292453046100961D87 /* GoogleService-Info.plist */; };
		EC05162C24530E6E00961D87 /* FirebaseManager.swift in Sources */ = {isa = PBXBuildFile; fileRef = EC05162B24530E6E00961D87 /* FirebaseManager.swift */; };
		EC1A8D642439068800F0E157 /* ZoomAndSnapFlowLayout.swift in Sources */ = {isa = PBXBuildFile; fileRef = EC1A8D632439068800F0E157 /* ZoomAndSnapFlowLayout.swift */; };
		EC47C23A2436569A00CED471 /* AppDelegate.swift in Sources */ = {isa = PBXBuildFile; fileRef = EC47C2392436569A00CED471 /* AppDelegate.swift */; };
		EC47C23C2436569A00CED471 /* SceneDelegate.swift in Sources */ = {isa = PBXBuildFile; fileRef = EC47C23B2436569A00CED471 /* SceneDelegate.swift */; };
		EC47C23E2436569A00CED471 /* ViewController.swift in Sources */ = {isa = PBXBuildFile; fileRef = EC47C23D2436569A00CED471 /* ViewController.swift */; };
		EC47C2412436569A00CED471 /* Main.storyboard in Resources */ = {isa = PBXBuildFile; fileRef = EC47C23F2436569A00CED471 /* Main.storyboard */; };
		EC47C2432436569C00CED471 /* Assets.xcassets in Resources */ = {isa = PBXBuildFile; fileRef = EC47C2422436569C00CED471 /* Assets.xcassets */; };
		EC47C2462436569C00CED471 /* LaunchScreen.storyboard in Resources */ = {isa = PBXBuildFile; fileRef = EC47C2442436569C00CED471 /* LaunchScreen.storyboard */; };
		EC47C2512436569C00CED471 /* GamesTeamTests.swift in Sources */ = {isa = PBXBuildFile; fileRef = EC47C2502436569C00CED471 /* GamesTeamTests.swift */; };
		EC47C25C2436569C00CED471 /* GamesTeamUITests.swift in Sources */ = {isa = PBXBuildFile; fileRef = EC47C25B2436569C00CED471 /* GamesTeamUITests.swift */; };
		EC47C26E2436571200CED471 /* GameList.storyboard in Resources */ = {isa = PBXBuildFile; fileRef = EC47C26D2436571200CED471 /* GameList.storyboard */; };
		EC47C2702436585100CED471 /* GameListVC.swift in Sources */ = {isa = PBXBuildFile; fileRef = EC47C26F2436585100CED471 /* GameListVC.swift */; };
		EC47C2732436616D00CED471 /* TableViewCell.swift in Sources */ = {isa = PBXBuildFile; fileRef = EC47C2722436616D00CED471 /* TableViewCell.swift */; };
		EC47C27624366A5300CED471 /* SettingsApp.swift in Sources */ = {isa = PBXBuildFile; fileRef = EC47C27524366A5300CED471 /* SettingsApp.swift */; };
		EC47C27824367AD000CED471 /* Extensions.swift in Sources */ = {isa = PBXBuildFile; fileRef = EC47C27724367AD000CED471 /* Extensions.swift */; };
		EC47C27B2436878000CED471 /* GameClass.swift in Sources */ = {isa = PBXBuildFile; fileRef = EC47C27A2436878000CED471 /* GameClass.swift */; };
		EC47C28124375EBD00CED471 /* PresentGame.storyboard in Resources */ = {isa = PBXBuildFile; fileRef = EC47C28024375EBD00CED471 /* PresentGame.storyboard */; };
		EC47C28324375EE000CED471 /* PresentGameVC.swift in Sources */ = {isa = PBXBuildFile; fileRef = EC47C28224375EE000CED471 /* PresentGameVC.swift */; };
		EC47C2852437841900CED471 /* HelpersFunc.swift in Sources */ = {isa = PBXBuildFile; fileRef = EC47C2842437841900CED471 /* HelpersFunc.swift */; };
		EC47C288243787EE00CED471 /* BackgroundView.swift in Sources */ = {isa = PBXBuildFile; fileRef = EC47C287243787EE00CED471 /* BackgroundView.swift */; };
		EC47C2902438EFC000CED471 /* SetupGames.storyboard in Resources */ = {isa = PBXBuildFile; fileRef = EC47C28F2438EFC000CED471 /* SetupGames.storyboard */; };
		EC47C2922438FB9500CED471 /* SetupGameVC.swift in Sources */ = {isa = PBXBuildFile; fileRef = EC47C2912438FB9500CED471 /* SetupGameVC.swift */; };
		EC47C2942438FD2500CED471 /* LevelCVC.swift in Sources */ = {isa = PBXBuildFile; fileRef = EC47C2932438FD2500CED471 /* LevelCVC.swift */; };
		EC7975C6243B6ACE008C775E /* PlayerTVC.swift in Sources */ = {isa = PBXBuildFile; fileRef = EC7975C5243B6ACE008C775E /* PlayerTVC.swift */; };
		EC7975C8243B8625008C775E /* ExtraView.swift in Sources */ = {isa = PBXBuildFile; fileRef = EC7975C7243B8625008C775E /* ExtraView.swift */; };
		EC7975CE243BCB1C008C775E /* TrueAndActionSTR.storyboard in Resources */ = {isa = PBXBuildFile; fileRef = EC7975CD243BCB1C008C775E /* TrueAndActionSTR.storyboard */; };
		EC85880524411B3B0088758B /* Animation.swift in Sources */ = {isa = PBXBuildFile; fileRef = EC85880424411B3B0088758B /* Animation.swift */; };
		EC858808244120EF0088758B /* TrueAndActionVC.swift in Sources */ = {isa = PBXBuildFile; fileRef = EC858807244120EF0088758B /* TrueAndActionVC.swift */; };
		EC85880A24422DB00088758B /* PresentTrueAndActionVC.swift in Sources */ = {isa = PBXBuildFile; fileRef = EC85880924422DB00088758B /* PresentTrueAndActionVC.swift */; };
		EC85880C2444E4EF0088758B /* CellGameProcess.swift in Sources */ = {isa = PBXBuildFile; fileRef = EC85880B2444E4EF0088758B /* CellGameProcess.swift */; };
		EC85880E24461A990088758B /* CloseGameAVC.swift in Sources */ = {isa = PBXBuildFile; fileRef = EC85880D24461A990088758B /* CloseGameAVC.swift */; };
		ECCD5E6A24489AE300D19578 /* RealmManager.swift in Sources */ = {isa = PBXBuildFile; fileRef = ECCD5E6924489AE300D19578 /* RealmManager.swift */; };
/* End PBXBuildFile section */

/* Begin PBXContainerItemProxy section */
		EC47C24D2436569C00CED471 /* PBXContainerItemProxy */ = {
			isa = PBXContainerItemProxy;
			containerPortal = EC47C22E2436569A00CED471 /* Project object */;
			proxyType = 1;
			remoteGlobalIDString = EC47C2352436569A00CED471;
			remoteInfo = GamesTeam;
		};
		EC47C2582436569C00CED471 /* PBXContainerItemProxy */ = {
			isa = PBXContainerItemProxy;
			containerPortal = EC47C22E2436569A00CED471 /* Project object */;
			proxyType = 1;
			remoteGlobalIDString = EC47C2352436569A00CED471;
			remoteInfo = GamesTeam;
		};
/* End PBXContainerItemProxy section */

/* Begin PBXFileReference section */
		7C25E745DC5E9A6C6D498D63 /* Pods-GamesTeam.release.xcconfig */ = {isa = PBXFileReference; includeInIndex = 1; lastKnownFileType = text.xcconfig; name = "Pods-GamesTeam.release.xcconfig"; path = "Target Support Files/Pods-GamesTeam/Pods-GamesTeam.release.xcconfig"; sourceTree = "<group>"; };
		7F32C013A376CAC7B5EFABCC /* Pods_GamesTeam.framework */ = {isa = PBXFileReference; explicitFileType = wrapper.framework; includeInIndex = 0; path = Pods_GamesTeam.framework; sourceTree = BUILT_PRODUCTS_DIR; };
		C144EDFCB42B6522B2E557B7 /* Pods-GamesTeam.debug.xcconfig */ = {isa = PBXFileReference; includeInIndex = 1; lastKnownFileType = text.xcconfig; name = "Pods-GamesTeam.debug.xcconfig"; path = "Target Support Files/Pods-GamesTeam/Pods-GamesTeam.debug.xcconfig"; sourceTree = "<group>"; };
		EC051625244EE74100961D87 /* RuleTVC.swift */ = {isa = PBXFileReference; lastKnownFileType = sourcecode.swift; path = RuleTVC.swift; sourceTree = "<group>"; };
		EC051627244EE7BF00961D87 /* PresentRulesVC.swift */ = {isa = PBXFileReference; lastKnownFileType = sourcecode.swift; path = PresentRulesVC.swift; sourceTree = "<group>"; };
		EC0516292453046100961D87 /* GoogleService-Info.plist */ = {isa = PBXFileReference; fileEncoding = 4; lastKnownFileType = text.plist.xml; path = "GoogleService-Info.plist"; sourceTree = "<group>"; };
		EC05162B24530E6E00961D87 /* FirebaseManager.swift */ = {isa = PBXFileReference; lastKnownFileType = sourcecode.swift; path = FirebaseManager.swift; sourceTree = "<group>"; };
		EC1A8D632439068800F0E157 /* ZoomAndSnapFlowLayout.swift */ = {isa = PBXFileReference; lastKnownFileType = sourcecode.swift; path = ZoomAndSnapFlowLayout.swift; sourceTree = "<group>"; };
		EC47C2362436569A00CED471 /* GamesTeam.app */ = {isa = PBXFileReference; explicitFileType = wrapper.application; includeInIndex = 0; path = GamesTeam.app; sourceTree = BUILT_PRODUCTS_DIR; };
		EC47C2392436569A00CED471 /* AppDelegate.swift */ = {isa = PBXFileReference; lastKnownFileType = sourcecode.swift; path = AppDelegate.swift; sourceTree = "<group>"; };
		EC47C23B2436569A00CED471 /* SceneDelegate.swift */ = {isa = PBXFileReference; lastKnownFileType = sourcecode.swift; path = SceneDelegate.swift; sourceTree = "<group>"; };
		EC47C23D2436569A00CED471 /* ViewController.swift */ = {isa = PBXFileReference; lastKnownFileType = sourcecode.swift; path = ViewController.swift; sourceTree = "<group>"; };
		EC47C2402436569A00CED471 /* Base */ = {isa = PBXFileReference; lastKnownFileType = file.storyboard; name = Base; path = Base.lproj/Main.storyboard; sourceTree = "<group>"; };
		EC47C2422436569C00CED471 /* Assets.xcassets */ = {isa = PBXFileReference; lastKnownFileType = folder.assetcatalog; path = Assets.xcassets; sourceTree = "<group>"; };
		EC47C2452436569C00CED471 /* Base */ = {isa = PBXFileReference; lastKnownFileType = file.storyboard; name = Base; path = Base.lproj/LaunchScreen.storyboard; sourceTree = "<group>"; };
		EC47C2472436569C00CED471 /* Info.plist */ = {isa = PBXFileReference; lastKnownFileType = text.plist.xml; path = Info.plist; sourceTree = "<group>"; };
		EC47C24C2436569C00CED471 /* GamesTeamTests.xctest */ = {isa = PBXFileReference; explicitFileType = wrapper.cfbundle; includeInIndex = 0; path = GamesTeamTests.xctest; sourceTree = BUILT_PRODUCTS_DIR; };
		EC47C2502436569C00CED471 /* GamesTeamTests.swift */ = {isa = PBXFileReference; lastKnownFileType = sourcecode.swift; path = GamesTeamTests.swift; sourceTree = "<group>"; };
		EC47C2522436569C00CED471 /* Info.plist */ = {isa = PBXFileReference; lastKnownFileType = text.plist.xml; path = Info.plist; sourceTree = "<group>"; };
		EC47C2572436569C00CED471 /* GamesTeamUITests.xctest */ = {isa = PBXFileReference; explicitFileType = wrapper.cfbundle; includeInIndex = 0; path = GamesTeamUITests.xctest; sourceTree = BUILT_PRODUCTS_DIR; };
		EC47C25B2436569C00CED471 /* GamesTeamUITests.swift */ = {isa = PBXFileReference; lastKnownFileType = sourcecode.swift; path = GamesTeamUITests.swift; sourceTree = "<group>"; };
		EC47C25D2436569C00CED471 /* Info.plist */ = {isa = PBXFileReference; lastKnownFileType = text.plist.xml; path = Info.plist; sourceTree = "<group>"; };
		EC47C26D2436571200CED471 /* GameList.storyboard */ = {isa = PBXFileReference; lastKnownFileType = file.storyboard; path = GameList.storyboard; sourceTree = "<group>"; };
		EC47C26F2436585100CED471 /* GameListVC.swift */ = {isa = PBXFileReference; lastKnownFileType = sourcecode.swift; path = GameListVC.swift; sourceTree = "<group>"; };
		EC47C2722436616D00CED471 /* TableViewCell.swift */ = {isa = PBXFileReference; lastKnownFileType = sourcecode.swift; path = TableViewCell.swift; sourceTree = "<group>"; };
		EC47C27524366A5300CED471 /* SettingsApp.swift */ = {isa = PBXFileReference; lastKnownFileType = sourcecode.swift; path = SettingsApp.swift; sourceTree = "<group>"; };
		EC47C27724367AD000CED471 /* Extensions.swift */ = {isa = PBXFileReference; lastKnownFileType = sourcecode.swift; path = Extensions.swift; sourceTree = "<group>"; };
		EC47C27A2436878000CED471 /* GameClass.swift */ = {isa = PBXFileReference; lastKnownFileType = sourcecode.swift; path = GameClass.swift; sourceTree = "<group>"; };
		EC47C28024375EBD00CED471 /* PresentGame.storyboard */ = {isa = PBXFileReference; lastKnownFileType = file.storyboard; path = PresentGame.storyboard; sourceTree = "<group>"; };
		EC47C28224375EE000CED471 /* PresentGameVC.swift */ = {isa = PBXFileReference; lastKnownFileType = sourcecode.swift; path = PresentGameVC.swift; sourceTree = "<group>"; };
		EC47C2842437841900CED471 /* HelpersFunc.swift */ = {isa = PBXFileReference; lastKnownFileType = sourcecode.swift; path = HelpersFunc.swift; sourceTree = "<group>"; };
		EC47C287243787EE00CED471 /* BackgroundView.swift */ = {isa = PBXFileReference; lastKnownFileType = sourcecode.swift; path = BackgroundView.swift; sourceTree = "<group>"; };
		EC47C28F2438EFC000CED471 /* SetupGames.storyboard */ = {isa = PBXFileReference; lastKnownFileType = file.storyboard; path = SetupGames.storyboard; sourceTree = "<group>"; };
		EC47C2912438FB9500CED471 /* SetupGameVC.swift */ = {isa = PBXFileReference; lastKnownFileType = sourcecode.swift; path = SetupGameVC.swift; sourceTree = "<group>"; };
		EC47C2932438FD2500CED471 /* LevelCVC.swift */ = {isa = PBXFileReference; lastKnownFileType = sourcecode.swift; path = LevelCVC.swift; sourceTree = "<group>"; };
		EC7975C5243B6ACE008C775E /* PlayerTVC.swift */ = {isa = PBXFileReference; lastKnownFileType = sourcecode.swift; path = PlayerTVC.swift; sourceTree = "<group>"; };
		EC7975C7243B8625008C775E /* ExtraView.swift */ = {isa = PBXFileReference; lastKnownFileType = sourcecode.swift; path = ExtraView.swift; sourceTree = "<group>"; };
		EC7975CD243BCB1C008C775E /* TrueAndActionSTR.storyboard */ = {isa = PBXFileReference; lastKnownFileType = file.storyboard; path = TrueAndActionSTR.storyboard; sourceTree = "<group>"; };
		EC85880424411B3B0088758B /* Animation.swift */ = {isa = PBXFileReference; lastKnownFileType = sourcecode.swift; path = Animation.swift; sourceTree = "<group>"; };
		EC858807244120EF0088758B /* TrueAndActionVC.swift */ = {isa = PBXFileReference; lastKnownFileType = sourcecode.swift; path = TrueAndActionVC.swift; sourceTree = "<group>"; };
		EC85880924422DB00088758B /* PresentTrueAndActionVC.swift */ = {isa = PBXFileReference; lastKnownFileType = sourcecode.swift; path = PresentTrueAndActionVC.swift; sourceTree = SOURCE_ROOT; };
		EC85880B2444E4EF0088758B /* CellGameProcess.swift */ = {isa = PBXFileReference; lastKnownFileType = sourcecode.swift; path = CellGameProcess.swift; sourceTree = "<group>"; };
		EC85880D24461A990088758B /* CloseGameAVC.swift */ = {isa = PBXFileReference; lastKnownFileType = sourcecode.swift; path = CloseGameAVC.swift; sourceTree = "<group>"; };
		ECCD5E6924489AE300D19578 /* RealmManager.swift */ = {isa = PBXFileReference; lastKnownFileType = sourcecode.swift; path = RealmManager.swift; sourceTree = "<group>"; };
/* End PBXFileReference section */

/* Begin PBXFrameworksBuildPhase section */
		EC47C2332436569A00CED471 /* Frameworks */ = {
			isa = PBXFrameworksBuildPhase;
			buildActionMask = 2147483647;
			files = (
				81FB9AB49E95016A07A5CD23 /* Pods_GamesTeam.framework in Frameworks */,
			);
			runOnlyForDeploymentPostprocessing = 0;
		};
		EC47C2492436569C00CED471 /* Frameworks */ = {
			isa = PBXFrameworksBuildPhase;
			buildActionMask = 2147483647;
			files = (
			);
			runOnlyForDeploymentPostprocessing = 0;
		};
		EC47C2542436569C00CED471 /* Frameworks */ = {
			isa = PBXFrameworksBuildPhase;
			buildActionMask = 2147483647;
			files = (
			);
			runOnlyForDeploymentPostprocessing = 0;
		};
/* End PBXFrameworksBuildPhase section */

/* Begin PBXGroup section */
		16018EED957DF4DF9F712B70 /* Frameworks */ = {
			isa = PBXGroup;
			children = (
				7F32C013A376CAC7B5EFABCC /* Pods_GamesTeam.framework */,
			);
			name = Frameworks;
			sourceTree = "<group>";
		};
		DDBF9D93F4F3F88DCC821D73 /* Pods */ = {
			isa = PBXGroup;
			children = (
				C144EDFCB42B6522B2E557B7 /* Pods-GamesTeam.debug.xcconfig */,
				7C25E745DC5E9A6C6D498D63 /* Pods-GamesTeam.release.xcconfig */,
			);
			path = Pods;
			sourceTree = "<group>";
		};
		EC47C22D2436569A00CED471 = {
			isa = PBXGroup;
			children = (
				EC47C2382436569A00CED471 /* GamesTeam */,
				EC47C24F2436569C00CED471 /* GamesTeamTests */,
				EC47C25A2436569C00CED471 /* GamesTeamUITests */,
				EC47C2372436569A00CED471 /* Products */,
				DDBF9D93F4F3F88DCC821D73 /* Pods */,
				16018EED957DF4DF9F712B70 /* Frameworks */,
			);
			sourceTree = "<group>";
		};
		EC47C2372436569A00CED471 /* Products */ = {
			isa = PBXGroup;
			children = (
				EC47C2362436569A00CED471 /* GamesTeam.app */,
				EC47C24C2436569C00CED471 /* GamesTeamTests.xctest */,
				EC47C2572436569C00CED471 /* GamesTeamUITests.xctest */,
			);
			name = Products;
			sourceTree = "<group>";
		};
		EC47C2382436569A00CED471 /* GamesTeam */ = {
			isa = PBXGroup;
			children = (
				ECCD5E6524489A9700D19578 /* DataBase */,
				EC47C28A2438EE3100CED471 /* GameClasses */,
				EC47C2892438EE0000CED471 /* Application */,
				EC47C27424366A4300CED471 /* Helpers */,
				EC47C2392436569A00CED471 /* AppDelegate.swift */,
				EC47C23B2436569A00CED471 /* SceneDelegate.swift */,
				EC47C23D2436569A00CED471 /* ViewController.swift */,
				EC47C23F2436569A00CED471 /* Main.storyboard */,
				EC47C2422436569C00CED471 /* Assets.xcassets */,
				EC47C2442436569C00CED471 /* LaunchScreen.storyboard */,
				EC0516292453046100961D87 /* GoogleService-Info.plist */,
				EC47C2472436569C00CED471 /* Info.plist */,
			);
			path = GamesTeam;
			sourceTree = "<group>";
		};
		EC47C24F2436569C00CED471 /* GamesTeamTests */ = {
			isa = PBXGroup;
			children = (
				EC47C2502436569C00CED471 /* GamesTeamTests.swift */,
				EC47C2522436569C00CED471 /* Info.plist */,
			);
			path = GamesTeamTests;
			sourceTree = "<group>";
		};
		EC47C25A2436569C00CED471 /* GamesTeamUITests */ = {
			isa = PBXGroup;
			children = (
				EC47C25B2436569C00CED471 /* GamesTeamUITests.swift */,
				EC47C25D2436569C00CED471 /* Info.plist */,
			);
			path = GamesTeamUITests;
			sourceTree = "<group>";
		};
		EC47C269243656D100CED471 /* GameList */ = {
			isa = PBXGroup;
			children = (
				EC47C26C243656F500CED471 /* Controller */,
				EC47C26B243656EF00CED471 /* View */,
				EC47C26A243656E700CED471 /* Model */,
			);
			path = GameList;
			sourceTree = "<group>";
		};
		EC47C26A243656E700CED471 /* Model */ = {
			isa = PBXGroup;
			children = (
				EC47C2722436616D00CED471 /* TableViewCell.swift */,
			);
			path = Model;
			sourceTree = "<group>";
		};
		EC47C26B243656EF00CED471 /* View */ = {
			isa = PBXGroup;
			children = (
				EC47C26D2436571200CED471 /* GameList.storyboard */,
			);
			path = View;
			sourceTree = "<group>";
		};
		EC47C26C243656F500CED471 /* Controller */ = {
			isa = PBXGroup;
			children = (
				EC47C26F2436585100CED471 /* GameListVC.swift */,
			);
			path = Controller;
			sourceTree = "<group>";
		};
		EC47C27424366A4300CED471 /* Helpers */ = {
			isa = PBXGroup;
			children = (
				EC47C286243787C300CED471 /* DesingElement */,
				EC47C27524366A5300CED471 /* SettingsApp.swift */,
				EC47C27724367AD000CED471 /* Extensions.swift */,
				EC47C2842437841900CED471 /* HelpersFunc.swift */,
			);
			path = Helpers;
			sourceTree = "<group>";
		};
		EC47C2792436875B00CED471 /* ClassGames */ = {
			isa = PBXGroup;
			children = (
			);
			path = ClassGames;
			sourceTree = "<group>";
		};
		EC47C27C24375E7900CED471 /* PresentGame */ = {
			isa = PBXGroup;
			children = (
				EC47C27F24375EA400CED471 /* Controller */,
				EC47C27E24375E9700CED471 /* View */,
				EC47C27D24375E9000CED471 /* Model */,
			);
			path = PresentGame;
			sourceTree = "<group>";
		};
		EC47C27D24375E9000CED471 /* Model */ = {
			isa = PBXGroup;
			children = (
				EC051625244EE74100961D87 /* RuleTVC.swift */,
			);
			path = Model;
			sourceTree = "<group>";
		};
		EC47C27E24375E9700CED471 /* View */ = {
			isa = PBXGroup;
			children = (
				EC47C28024375EBD00CED471 /* PresentGame.storyboard */,
			);
			path = View;
			sourceTree = "<group>";
		};
		EC47C27F24375EA400CED471 /* Controller */ = {
			isa = PBXGroup;
			children = (
				EC47C28224375EE000CED471 /* PresentGameVC.swift */,
				EC051627244EE7BF00961D87 /* PresentRulesVC.swift */,
			);
			path = Controller;
			sourceTree = "<group>";
		};
		EC47C286243787C300CED471 /* DesingElement */ = {
			isa = PBXGroup;
			children = (
				EC47C287243787EE00CED471 /* BackgroundView.swift */,
				EC1A8D632439068800F0E157 /* ZoomAndSnapFlowLayout.swift */,
				EC7975C7243B8625008C775E /* ExtraView.swift */,
				EC85880424411B3B0088758B /* Animation.swift */,
				EC85880D24461A990088758B /* CloseGameAVC.swift */,
			);
			path = DesingElement;
			sourceTree = "<group>";
		};
		EC47C2892438EE0000CED471 /* Application */ = {
			isa = PBXGroup;
			children = (
				EC85880624411F760088758B /* PlayingFields */,
				EC47C28B2438EF6000CED471 /* SetupGames */,
				EC47C269243656D100CED471 /* GameList */,
				EC47C27C24375E7900CED471 /* PresentGame */,
			);
			path = Application;
			sourceTree = "<group>";
		};
		EC47C28A2438EE3100CED471 /* GameClasses */ = {
			isa = PBXGroup;
			children = (
				EC47C27A2436878000CED471 /* GameClass.swift */,
				EC47C2792436875B00CED471 /* ClassGames */,
			);
			path = GameClasses;
			sourceTree = "<group>";
		};
		EC47C28B2438EF6000CED471 /* SetupGames */ = {
			isa = PBXGroup;
			children = (
				EC47C28E2438EF9500CED471 /* Controller */,
				EC47C28D2438EF8F00CED471 /* View */,
				EC47C28C2438EF8600CED471 /* Model */,
			);
			path = SetupGames;
			sourceTree = "<group>";
		};
		EC47C28C2438EF8600CED471 /* Model */ = {
			isa = PBXGroup;
			children = (
				EC47C2932438FD2500CED471 /* LevelCVC.swift */,
				EC7975C5243B6ACE008C775E /* PlayerTVC.swift */,
			);
			path = Model;
			sourceTree = "<group>";
		};
		EC47C28D2438EF8F00CED471 /* View */ = {
			isa = PBXGroup;
			children = (
				EC47C28F2438EFC000CED471 /* SetupGames.storyboard */,
			);
			path = View;
			sourceTree = "<group>";
		};
		EC47C28E2438EF9500CED471 /* Controller */ = {
			isa = PBXGroup;
			children = (
				EC47C2912438FB9500CED471 /* SetupGameVC.swift */,
			);
			path = Controller;
			sourceTree = "<group>";
		};
		EC7975C9243BCADD008C775E /* TrueAndAction */ = {
			isa = PBXGroup;
			children = (
				EC7975CC243BCAFE008C775E /* Controller */,
				EC7975CB243BCAF8008C775E /* View */,
				EC7975CA243BCAF0008C775E /* Model */,
			);
			path = TrueAndAction;
			sourceTree = "<group>";
		};
		EC7975CA243BCAF0008C775E /* Model */ = {
			isa = PBXGroup;
			children = (
				EC85880B2444E4EF0088758B /* CellGameProcess.swift */,
			);
			path = Model;
			sourceTree = "<group>";
		};
		EC7975CB243BCAF8008C775E /* View */ = {
			isa = PBXGroup;
			children = (
				EC7975CD243BCB1C008C775E /* TrueAndActionSTR.storyboard */,
			);
			path = View;
			sourceTree = "<group>";
		};
		EC7975CC243BCAFE008C775E /* Controller */ = {
			isa = PBXGroup;
			children = (
				EC85880924422DB00088758B /* PresentTrueAndActionVC.swift */,
				EC858807244120EF0088758B /* TrueAndActionVC.swift */,
			);
			name = Controller;
			sourceTree = "<group>";
		};
		EC85880624411F760088758B /* PlayingFields */ = {
			isa = PBXGroup;
			children = (
				EC7975C9243BCADD008C775E /* TrueAndAction */,
			);
			path = PlayingFields;
			sourceTree = "<group>";
		};
		ECCD5E6524489A9700D19578 /* DataBase */ = {
			isa = PBXGroup;
			children = (
				ECCD5E6824489AC100D19578 /* AppDataBase */,
				ECCD5E6624489AAE00D19578 /* Network */,
			);
			path = DataBase;
			sourceTree = "<group>";
		};
		ECCD5E6624489AAE00D19578 /* Network */ = {
			isa = PBXGroup;
			children = (
			);
			path = Network;
			sourceTree = "<group>";
		};
		ECCD5E6824489AC100D19578 /* AppDataBase */ = {
			isa = PBXGroup;
			children = (
				ECCD5E6924489AE300D19578 /* RealmManager.swift */,
				EC05162B24530E6E00961D87 /* FirebaseManager.swift */,
			);
			path = AppDataBase;
			sourceTree = "<group>";
		};
/* End PBXGroup section */

/* Begin PBXNativeTarget section */
		EC47C2352436569A00CED471 /* GamesTeam */ = {
			isa = PBXNativeTarget;
			buildConfigurationList = EC47C2602436569C00CED471 /* Build configuration list for PBXNativeTarget "GamesTeam" */;
			buildPhases = (
				0187B5AA7FDA161A6A8AB5F9 /* [CP] Check Pods Manifest.lock */,
				EC47C2322436569A00CED471 /* Sources */,
				EC47C2332436569A00CED471 /* Frameworks */,
				EC47C2342436569A00CED471 /* Resources */,
				226611E3142901116B148320 /* [CP] Embed Pods Frameworks */,
			);
			buildRules = (
			);
			dependencies = (
			);
			name = GamesTeam;
			productName = GamesTeam;
			productReference = EC47C2362436569A00CED471 /* GamesTeam.app */;
			productType = "com.apple.product-type.application";
		};
		EC47C24B2436569C00CED471 /* GamesTeamTests */ = {
			isa = PBXNativeTarget;
			buildConfigurationList = EC47C2632436569C00CED471 /* Build configuration list for PBXNativeTarget "GamesTeamTests" */;
			buildPhases = (
				EC47C2482436569C00CED471 /* Sources */,
				EC47C2492436569C00CED471 /* Frameworks */,
				EC47C24A2436569C00CED471 /* Resources */,
			);
			buildRules = (
			);
			dependencies = (
				EC47C24E2436569C00CED471 /* PBXTargetDependency */,
			);
			name = GamesTeamTests;
			productName = GamesTeamTests;
			productReference = EC47C24C2436569C00CED471 /* GamesTeamTests.xctest */;
			productType = "com.apple.product-type.bundle.unit-test";
		};
		EC47C2562436569C00CED471 /* GamesTeamUITests */ = {
			isa = PBXNativeTarget;
			buildConfigurationList = EC47C2662436569C00CED471 /* Build configuration list for PBXNativeTarget "GamesTeamUITests" */;
			buildPhases = (
				EC47C2532436569C00CED471 /* Sources */,
				EC47C2542436569C00CED471 /* Frameworks */,
				EC47C2552436569C00CED471 /* Resources */,
			);
			buildRules = (
			);
			dependencies = (
				EC47C2592436569C00CED471 /* PBXTargetDependency */,
			);
			name = GamesTeamUITests;
			productName = GamesTeamUITests;
			productReference = EC47C2572436569C00CED471 /* GamesTeamUITests.xctest */;
			productType = "com.apple.product-type.bundle.ui-testing";
		};
/* End PBXNativeTarget section */

/* Begin PBXProject section */
		EC47C22E2436569A00CED471 /* Project object */ = {
			isa = PBXProject;
			attributes = {
				LastSwiftUpdateCheck = 1130;
				LastUpgradeCheck = 1130;
				ORGANIZATIONNAME = kam_team;
				TargetAttributes = {
					EC47C2352436569A00CED471 = {
						CreatedOnToolsVersion = 11.3.1;
					};
					EC47C24B2436569C00CED471 = {
						CreatedOnToolsVersion = 11.3.1;
						TestTargetID = EC47C2352436569A00CED471;
					};
					EC47C2562436569C00CED471 = {
						CreatedOnToolsVersion = 11.3.1;
						TestTargetID = EC47C2352436569A00CED471;
					};
				};
			};
			buildConfigurationList = EC47C2312436569A00CED471 /* Build configuration list for PBXProject "GamesTeam" */;
			compatibilityVersion = "Xcode 9.3";
			developmentRegion = en;
			hasScannedForEncodings = 0;
			knownRegions = (
				en,
				Base,
			);
			mainGroup = EC47C22D2436569A00CED471;
			productRefGroup = EC47C2372436569A00CED471 /* Products */;
			projectDirPath = "";
			projectRoot = "";
			targets = (
				EC47C2352436569A00CED471 /* GamesTeam */,
				EC47C24B2436569C00CED471 /* GamesTeamTests */,
				EC47C2562436569C00CED471 /* GamesTeamUITests */,
			);
		};
/* End PBXProject section */

/* Begin PBXResourcesBuildPhase section */
		EC47C2342436569A00CED471 /* Resources */ = {
			isa = PBXResourcesBuildPhase;
			buildActionMask = 2147483647;
			files = (
				EC47C26E2436571200CED471 /* GameList.storyboard in Resources */,
				EC05162A2453046100961D87 /* GoogleService-Info.plist in Resources */,
				EC47C2902438EFC000CED471 /* SetupGames.storyboard in Resources */,
				EC47C2462436569C00CED471 /* LaunchScreen.storyboard in Resources */,
				EC47C2432436569C00CED471 /* Assets.xcassets in Resources */,
				EC47C28124375EBD00CED471 /* PresentGame.storyboard in Resources */,
				EC47C2412436569A00CED471 /* Main.storyboard in Resources */,
				EC7975CE243BCB1C008C775E /* TrueAndActionSTR.storyboard in Resources */,
			);
			runOnlyForDeploymentPostprocessing = 0;
		};
		EC47C24A2436569C00CED471 /* Resources */ = {
			isa = PBXResourcesBuildPhase;
			buildActionMask = 2147483647;
			files = (
			);
			runOnlyForDeploymentPostprocessing = 0;
		};
		EC47C2552436569C00CED471 /* Resources */ = {
			isa = PBXResourcesBuildPhase;
			buildActionMask = 2147483647;
			files = (
			);
			runOnlyForDeploymentPostprocessing = 0;
		};
/* End PBXResourcesBuildPhase section */

/* Begin PBXShellScriptBuildPhase section */
		0187B5AA7FDA161A6A8AB5F9 /* [CP] Check Pods Manifest.lock */ = {
			isa = PBXShellScriptBuildPhase;
			buildActionMask = 2147483647;
			files = (
			);
			inputFileListPaths = (
			);
			inputPaths = (
				"${PODS_PODFILE_DIR_PATH}/Podfile.lock",
				"${PODS_ROOT}/Manifest.lock",
			);
			name = "[CP] Check Pods Manifest.lock";
			outputFileListPaths = (
			);
			outputPaths = (
				"$(DERIVED_FILE_DIR)/Pods-GamesTeam-checkManifestLockResult.txt",
			);
			runOnlyForDeploymentPostprocessing = 0;
			shellPath = /bin/sh;
			shellScript = "diff \"${PODS_PODFILE_DIR_PATH}/Podfile.lock\" \"${PODS_ROOT}/Manifest.lock\" > /dev/null\nif [ $? != 0 ] ; then\n    # print error to STDERR\n    echo \"error: The sandbox is not in sync with the Podfile.lock. Run 'pod install' or update your CocoaPods installation.\" >&2\n    exit 1\nfi\n# This output is used by Xcode 'outputs' to avoid re-running this script phase.\necho \"SUCCESS\" > \"${SCRIPT_OUTPUT_FILE_0}\"\n";
			showEnvVarsInLog = 0;
		};
		226611E3142901116B148320 /* [CP] Embed Pods Frameworks */ = {
			isa = PBXShellScriptBuildPhase;
			buildActionMask = 2147483647;
			files = (
			);
			inputFileListPaths = (
				"${PODS_ROOT}/Target Support Files/Pods-GamesTeam/Pods-GamesTeam-frameworks-${CONFIGURATION}-input-files.xcfilelist",
			);
			name = "[CP] Embed Pods Frameworks";
			outputFileListPaths = (
				"${PODS_ROOT}/Target Support Files/Pods-GamesTeam/Pods-GamesTeam-frameworks-${CONFIGURATION}-output-files.xcfilelist",
			);
			runOnlyForDeploymentPostprocessing = 0;
			shellPath = /bin/sh;
			shellScript = "\"${PODS_ROOT}/Target Support Files/Pods-GamesTeam/Pods-GamesTeam-frameworks.sh\"\n";
			showEnvVarsInLog = 0;
		};
/* End PBXShellScriptBuildPhase section */

/* Begin PBXSourcesBuildPhase section */
		EC47C2322436569A00CED471 /* Sources */ = {
			isa = PBXSourcesBuildPhase;
			buildActionMask = 2147483647;
			files = (
				EC47C2922438FB9500CED471 /* SetupGameVC.swift in Sources */,
				EC47C28324375EE000CED471 /* PresentGameVC.swift in Sources */,
				EC47C2852437841900CED471 /* HelpersFunc.swift in Sources */,
				EC7975C6243B6ACE008C775E /* PlayerTVC.swift in Sources */,
				EC47C2942438FD2500CED471 /* LevelCVC.swift in Sources */,
				EC85880C2444E4EF0088758B /* CellGameProcess.swift in Sources */,
				EC47C288243787EE00CED471 /* BackgroundView.swift in Sources */,
				EC47C2732436616D00CED471 /* TableViewCell.swift in Sources */,
				EC85880E24461A990088758B /* CloseGameAVC.swift in Sources */,
				EC47C27624366A5300CED471 /* SettingsApp.swift in Sources */,
				EC47C23E2436569A00CED471 /* ViewController.swift in Sources */,
				EC7975C8243B8625008C775E /* ExtraView.swift in Sources */,
				EC051628244EE7BF00961D87 /* PresentRulesVC.swift in Sources */,
				EC1A8D642439068800F0E157 /* ZoomAndSnapFlowLayout.swift in Sources */,
				ECCD5E6A24489AE300D19578 /* RealmManager.swift in Sources */,
				EC47C23A2436569A00CED471 /* AppDelegate.swift in Sources */,
				EC858808244120EF0088758B /* TrueAndActionVC.swift in Sources */,
				EC05162C24530E6E00961D87 /* FirebaseManager.swift in Sources */,
				EC47C2702436585100CED471 /* GameListVC.swift in Sources */,
				EC051626244EE74100961D87 /* RuleTVC.swift in Sources */,
				EC47C23C2436569A00CED471 /* SceneDelegate.swift in Sources */,
				EC47C27824367AD000CED471 /* Extensions.swift in Sources */,
				EC85880A24422DB00088758B /* PresentTrueAndActionVC.swift in Sources */,
				EC85880524411B3B0088758B /* Animation.swift in Sources */,
				EC47C27B2436878000CED471 /* GameClass.swift in Sources */,
			);
			runOnlyForDeploymentPostprocessing = 0;
		};
		EC47C2482436569C00CED471 /* Sources */ = {
			isa = PBXSourcesBuildPhase;
			buildActionMask = 2147483647;
			files = (
				EC47C2512436569C00CED471 /* GamesTeamTests.swift in Sources */,
			);
			runOnlyForDeploymentPostprocessing = 0;
		};
		EC47C2532436569C00CED471 /* Sources */ = {
			isa = PBXSourcesBuildPhase;
			buildActionMask = 2147483647;
			files = (
				EC47C25C2436569C00CED471 /* GamesTeamUITests.swift in Sources */,
			);
			runOnlyForDeploymentPostprocessing = 0;
		};
/* End PBXSourcesBuildPhase section */

/* Begin PBXTargetDependency section */
		EC47C24E2436569C00CED471 /* PBXTargetDependency */ = {
			isa = PBXTargetDependency;
			target = EC47C2352436569A00CED471 /* GamesTeam */;
			targetProxy = EC47C24D2436569C00CED471 /* PBXContainerItemProxy */;
		};
		EC47C2592436569C00CED471 /* PBXTargetDependency */ = {
			isa = PBXTargetDependency;
			target = EC47C2352436569A00CED471 /* GamesTeam */;
			targetProxy = EC47C2582436569C00CED471 /* PBXContainerItemProxy */;
		};
/* End PBXTargetDependency section */

/* Begin PBXVariantGroup section */
		EC47C23F2436569A00CED471 /* Main.storyboard */ = {
			isa = PBXVariantGroup;
			children = (
				EC47C2402436569A00CED471 /* Base */,
			);
			name = Main.storyboard;
			sourceTree = "<group>";
		};
		EC47C2442436569C00CED471 /* LaunchScreen.storyboard */ = {
			isa = PBXVariantGroup;
			children = (
				EC47C2452436569C00CED471 /* Base */,
			);
			name = LaunchScreen.storyboard;
			sourceTree = "<group>";
		};
/* End PBXVariantGroup section */

/* Begin XCBuildConfiguration section */
		EC47C25E2436569C00CED471 /* Debug */ = {
			isa = XCBuildConfiguration;
			buildSettings = {
				ALWAYS_SEARCH_USER_PATHS = NO;
				CLANG_ANALYZER_NONNULL = YES;
				CLANG_ANALYZER_NUMBER_OBJECT_CONVERSION = YES_AGGRESSIVE;
				CLANG_CXX_LANGUAGE_STANDARD = "gnu++14";
				CLANG_CXX_LIBRARY = "libc++";
				CLANG_ENABLE_MODULES = YES;
				CLANG_ENABLE_OBJC_ARC = YES;
				CLANG_ENABLE_OBJC_WEAK = YES;
				CLANG_WARN_BLOCK_CAPTURE_AUTORELEASING = YES;
				CLANG_WARN_BOOL_CONVERSION = YES;
				CLANG_WARN_COMMA = YES;
				CLANG_WARN_CONSTANT_CONVERSION = YES;
				CLANG_WARN_DEPRECATED_OBJC_IMPLEMENTATIONS = YES;
				CLANG_WARN_DIRECT_OBJC_ISA_USAGE = YES_ERROR;
				CLANG_WARN_DOCUMENTATION_COMMENTS = YES;
				CLANG_WARN_EMPTY_BODY = YES;
				CLANG_WARN_ENUM_CONVERSION = YES;
				CLANG_WARN_INFINITE_RECURSION = YES;
				CLANG_WARN_INT_CONVERSION = YES;
				CLANG_WARN_NON_LITERAL_NULL_CONVERSION = YES;
				CLANG_WARN_OBJC_IMPLICIT_RETAIN_SELF = YES;
				CLANG_WARN_OBJC_LITERAL_CONVERSION = YES;
				CLANG_WARN_OBJC_ROOT_CLASS = YES_ERROR;
				CLANG_WARN_RANGE_LOOP_ANALYSIS = YES;
				CLANG_WARN_STRICT_PROTOTYPES = YES;
				CLANG_WARN_SUSPICIOUS_MOVE = YES;
				CLANG_WARN_UNGUARDED_AVAILABILITY = YES_AGGRESSIVE;
				CLANG_WARN_UNREACHABLE_CODE = YES;
				CLANG_WARN__DUPLICATE_METHOD_MATCH = YES;
				COPY_PHASE_STRIP = NO;
				DEBUG_INFORMATION_FORMAT = dwarf;
				ENABLE_STRICT_OBJC_MSGSEND = YES;
				ENABLE_TESTABILITY = YES;
				GCC_C_LANGUAGE_STANDARD = gnu11;
				GCC_DYNAMIC_NO_PIC = NO;
				GCC_NO_COMMON_BLOCKS = YES;
				GCC_OPTIMIZATION_LEVEL = 0;
				GCC_PREPROCESSOR_DEFINITIONS = (
					"DEBUG=1",
					"$(inherited)",
				);
				GCC_WARN_64_TO_32_BIT_CONVERSION = YES;
				GCC_WARN_ABOUT_RETURN_TYPE = YES_ERROR;
				GCC_WARN_UNDECLARED_SELECTOR = YES;
				GCC_WARN_UNINITIALIZED_AUTOS = YES_AGGRESSIVE;
				GCC_WARN_UNUSED_FUNCTION = YES;
				GCC_WARN_UNUSED_VARIABLE = YES;
				IPHONEOS_DEPLOYMENT_TARGET = 13.2;
				MTL_ENABLE_DEBUG_INFO = INCLUDE_SOURCE;
				MTL_FAST_MATH = YES;
				ONLY_ACTIVE_ARCH = YES;
				SDKROOT = iphoneos;
				SWIFT_ACTIVE_COMPILATION_CONDITIONS = DEBUG;
				SWIFT_OPTIMIZATION_LEVEL = "-Onone";
			};
			name = Debug;
		};
		EC47C25F2436569C00CED471 /* Release */ = {
			isa = XCBuildConfiguration;
			buildSettings = {
				ALWAYS_SEARCH_USER_PATHS = NO;
				CLANG_ANALYZER_NONNULL = YES;
				CLANG_ANALYZER_NUMBER_OBJECT_CONVERSION = YES_AGGRESSIVE;
				CLANG_CXX_LANGUAGE_STANDARD = "gnu++14";
				CLANG_CXX_LIBRARY = "libc++";
				CLANG_ENABLE_MODULES = YES;
				CLANG_ENABLE_OBJC_ARC = YES;
				CLANG_ENABLE_OBJC_WEAK = YES;
				CLANG_WARN_BLOCK_CAPTURE_AUTORELEASING = YES;
				CLANG_WARN_BOOL_CONVERSION = YES;
				CLANG_WARN_COMMA = YES;
				CLANG_WARN_CONSTANT_CONVERSION = YES;
				CLANG_WARN_DEPRECATED_OBJC_IMPLEMENTATIONS = YES;
				CLANG_WARN_DIRECT_OBJC_ISA_USAGE = YES_ERROR;
				CLANG_WARN_DOCUMENTATION_COMMENTS = YES;
				CLANG_WARN_EMPTY_BODY = YES;
				CLANG_WARN_ENUM_CONVERSION = YES;
				CLANG_WARN_INFINITE_RECURSION = YES;
				CLANG_WARN_INT_CONVERSION = YES;
				CLANG_WARN_NON_LITERAL_NULL_CONVERSION = YES;
				CLANG_WARN_OBJC_IMPLICIT_RETAIN_SELF = YES;
				CLANG_WARN_OBJC_LITERAL_CONVERSION = YES;
				CLANG_WARN_OBJC_ROOT_CLASS = YES_ERROR;
				CLANG_WARN_RANGE_LOOP_ANALYSIS = YES;
				CLANG_WARN_STRICT_PROTOTYPES = YES;
				CLANG_WARN_SUSPICIOUS_MOVE = YES;
				CLANG_WARN_UNGUARDED_AVAILABILITY = YES_AGGRESSIVE;
				CLANG_WARN_UNREACHABLE_CODE = YES;
				CLANG_WARN__DUPLICATE_METHOD_MATCH = YES;
				COPY_PHASE_STRIP = NO;
				DEBUG_INFORMATION_FORMAT = "dwarf-with-dsym";
				ENABLE_NS_ASSERTIONS = NO;
				ENABLE_STRICT_OBJC_MSGSEND = YES;
				GCC_C_LANGUAGE_STANDARD = gnu11;
				GCC_NO_COMMON_BLOCKS = YES;
				GCC_WARN_64_TO_32_BIT_CONVERSION = YES;
				GCC_WARN_ABOUT_RETURN_TYPE = YES_ERROR;
				GCC_WARN_UNDECLARED_SELECTOR = YES;
				GCC_WARN_UNINITIALIZED_AUTOS = YES_AGGRESSIVE;
				GCC_WARN_UNUSED_FUNCTION = YES;
				GCC_WARN_UNUSED_VARIABLE = YES;
				IPHONEOS_DEPLOYMENT_TARGET = 13.2;
				MTL_ENABLE_DEBUG_INFO = NO;
				MTL_FAST_MATH = YES;
				SDKROOT = iphoneos;
				SWIFT_COMPILATION_MODE = wholemodule;
				SWIFT_OPTIMIZATION_LEVEL = "-O";
				VALIDATE_PRODUCT = YES;
			};
			name = Release;
		};
		EC47C2612436569C00CED471 /* Debug */ = {
			isa = XCBuildConfiguration;
			baseConfigurationReference = C144EDFCB42B6522B2E557B7 /* Pods-GamesTeam.debug.xcconfig */;
			buildSettings = {
				ASSETCATALOG_COMPILER_APPICON_NAME = AppIcon;
				CODE_SIGN_STYLE = Automatic;
				DEVELOPMENT_TEAM = CF6UX969XH;
				INFOPLIST_FILE = GamesTeam/Info.plist;
				LD_RUNPATH_SEARCH_PATHS = (
					"$(inherited)",
					"@executable_path/Frameworks",
				);
				PRODUCT_BUNDLE_IDENTIFIER = GamesTeam.GamesTeam;
				PRODUCT_NAME = "$(TARGET_NAME)";
				SWIFT_VERSION = 5.0;
				TARGETED_DEVICE_FAMILY = "1,2";
			};
			name = Debug;
		};
		EC47C2622436569C00CED471 /* Release */ = {
			isa = XCBuildConfiguration;
			baseConfigurationReference = 7C25E745DC5E9A6C6D498D63 /* Pods-GamesTeam.release.xcconfig */;
			buildSettings = {
				ASSETCATALOG_COMPILER_APPICON_NAME = AppIcon;
				CODE_SIGN_STYLE = Automatic;
				DEVELOPMENT_TEAM = CF6UX969XH;
				INFOPLIST_FILE = GamesTeam/Info.plist;
				LD_RUNPATH_SEARCH_PATHS = (
					"$(inherited)",
					"@executable_path/Frameworks",
				);
				PRODUCT_BUNDLE_IDENTIFIER = GamesTeam.GamesTeam;
				PRODUCT_NAME = "$(TARGET_NAME)";
				SWIFT_VERSION = 5.0;
				TARGETED_DEVICE_FAMILY = "1,2";
			};
			name = Release;
		};
		EC47C2642436569C00CED471 /* Debug */ = {
			isa = XCBuildConfiguration;
			buildSettings = {
				ALWAYS_EMBED_SWIFT_STANDARD_LIBRARIES = YES;
				BUNDLE_LOADER = "$(TEST_HOST)";
				CODE_SIGN_STYLE = Automatic;
				DEVELOPMENT_TEAM = CF6UX969XH;
				INFOPLIST_FILE = GamesTeamTests/Info.plist;
				IPHONEOS_DEPLOYMENT_TARGET = 13.2;
				LD_RUNPATH_SEARCH_PATHS = (
					"$(inherited)",
					"@executable_path/Frameworks",
					"@loader_path/Frameworks",
				);
				PRODUCT_BUNDLE_IDENTIFIER = GamesTeam.GamesTeamTests;
				PRODUCT_NAME = "$(TARGET_NAME)";
				SWIFT_VERSION = 5.0;
				TARGETED_DEVICE_FAMILY = "1,2";
				TEST_HOST = "$(BUILT_PRODUCTS_DIR)/GamesTeam.app/GamesTeam";
			};
			name = Debug;
		};
		EC47C2652436569C00CED471 /* Release */ = {
			isa = XCBuildConfiguration;
			buildSettings = {
				ALWAYS_EMBED_SWIFT_STANDARD_LIBRARIES = YES;
				BUNDLE_LOADER = "$(TEST_HOST)";
				CODE_SIGN_STYLE = Automatic;
				DEVELOPMENT_TEAM = CF6UX969XH;
				INFOPLIST_FILE = GamesTeamTests/Info.plist;
				IPHONEOS_DEPLOYMENT_TARGET = 13.2;
				LD_RUNPATH_SEARCH_PATHS = (
					"$(inherited)",
					"@executable_path/Frameworks",
					"@loader_path/Frameworks",
				);
				PRODUCT_BUNDLE_IDENTIFIER = GamesTeam.GamesTeamTests;
				PRODUCT_NAME = "$(TARGET_NAME)";
				SWIFT_VERSION = 5.0;
				TARGETED_DEVICE_FAMILY = "1,2";
				TEST_HOST = "$(BUILT_PRODUCTS_DIR)/GamesTeam.app/GamesTeam";
			};
			name = Release;
		};
		EC47C2672436569C00CED471 /* Debug */ = {
			isa = XCBuildConfiguration;
			buildSettings = {
				ALWAYS_EMBED_SWIFT_STANDARD_LIBRARIES = YES;
				CODE_SIGN_STYLE = Automatic;
				DEVELOPMENT_TEAM = CF6UX969XH;
				INFOPLIST_FILE = GamesTeamUITests/Info.plist;
				LD_RUNPATH_SEARCH_PATHS = (
					"$(inherited)",
					"@executable_path/Frameworks",
					"@loader_path/Frameworks",
				);
				PRODUCT_BUNDLE_IDENTIFIER = GamesTeam.GamesTeamUITests;
				PRODUCT_NAME = "$(TARGET_NAME)";
				SWIFT_VERSION = 5.0;
				TARGETED_DEVICE_FAMILY = "1,2";
				TEST_TARGET_NAME = GamesTeam;
			};
			name = Debug;
		};
		EC47C2682436569C00CED471 /* Release */ = {
			isa = XCBuildConfiguration;
			buildSettings = {
				ALWAYS_EMBED_SWIFT_STANDARD_LIBRARIES = YES;
				CODE_SIGN_STYLE = Automatic;
				DEVELOPMENT_TEAM = CF6UX969XH;
				INFOPLIST_FILE = GamesTeamUITests/Info.plist;
				LD_RUNPATH_SEARCH_PATHS = (
					"$(inherited)",
					"@executable_path/Frameworks",
					"@loader_path/Frameworks",
				);
				PRODUCT_BUNDLE_IDENTIFIER = GamesTeam.GamesTeamUITests;
				PRODUCT_NAME = "$(TARGET_NAME)";
				SWIFT_VERSION = 5.0;
				TARGETED_DEVICE_FAMILY = "1,2";
				TEST_TARGET_NAME = GamesTeam;
			};
			name = Release;
		};
/* End XCBuildConfiguration section */

/* Begin XCConfigurationList section */
		EC47C2312436569A00CED471 /* Build configuration list for PBXProject "GamesTeam" */ = {
			isa = XCConfigurationList;
			buildConfigurations = (
				EC47C25E2436569C00CED471 /* Debug */,
				EC47C25F2436569C00CED471 /* Release */,
			);
			defaultConfigurationIsVisible = 0;
			defaultConfigurationName = Release;
		};
		EC47C2602436569C00CED471 /* Build configuration list for PBXNativeTarget "GamesTeam" */ = {
			isa = XCConfigurationList;
			buildConfigurations = (
				EC47C2612436569C00CED471 /* Debug */,
				EC47C2622436569C00CED471 /* Release */,
			);
			defaultConfigurationIsVisible = 0;
			defaultConfigurationName = Release;
		};
		EC47C2632436569C00CED471 /* Build configuration list for PBXNativeTarget "GamesTeamTests" */ = {
			isa = XCConfigurationList;
			buildConfigurations = (
				EC47C2642436569C00CED471 /* Debug */,
				EC47C2652436569C00CED471 /* Release */,
			);
			defaultConfigurationIsVisible = 0;
			defaultConfigurationName = Release;
		};
		EC47C2662436569C00CED471 /* Build configuration list for PBXNativeTarget "GamesTeamUITests" */ = {
			isa = XCConfigurationList;
			buildConfigurations = (
				EC47C2672436569C00CED471 /* Debug */,
				EC47C2682436569C00CED471 /* Release */,
			);
			defaultConfigurationIsVisible = 0;
			defaultConfigurationName = Release;
		};
/* End XCConfigurationList section */
	};
	rootObject = EC47C22E2436569A00CED471 /* Project object */;
}
