// !$*UTF8*$!
{
	archiveVersion = 1;
	classes = {
	};
	objectVersion = 52;
	objects = {

/* Begin PBXBuildFile section */
		040247D1238D467C00C6EFE2 /* GoogleService-Info.plist in Resources */ = {isa = PBXBuildFile; fileRef = 040247D0238D467B00C6EFE2 /* GoogleService-Info.plist */; };
		040247D3238D66C900C6EFE2 /* AddNewDiscontVC.swift in Sources */ = {isa = PBXBuildFile; fileRef = 040247D2238D66C900C6EFE2 /* AddNewDiscontVC.swift */; };
		040247D5238DB34C00C6EFE2 /* FirebaseManager.swift in Sources */ = {isa = PBXBuildFile; fileRef = 040247D4238DB34C00C6EFE2 /* FirebaseManager.swift */; };
		040306EB23D87FFE00045D54 /* PresentMaster.storyboard in Resources */ = {isa = PBXBuildFile; fileRef = 040306EA23D87FFE00045D54 /* PresentMaster.storyboard */; };
		0403F68223FAC799003C2B47 /* SHCircleBarController.swift in Sources */ = {isa = PBXBuildFile; fileRef = 0403F68123FAC799003C2B47 /* SHCircleBarController.swift */; };
		0403F68423FAC84A003C2B47 /* SHCircleBar.swift in Sources */ = {isa = PBXBuildFile; fileRef = 0403F68323FAC84A003C2B47 /* SHCircleBar.swift */; };
		0404DFE223E9F092005D3B9C /* PresentComments.storyboard in Resources */ = {isa = PBXBuildFile; fileRef = 0404DFE123E9F092005D3B9C /* PresentComments.storyboard */; };
		0404DFE423E9F7A9005D3B9C /* PresentCommentsVC.swift in Sources */ = {isa = PBXBuildFile; fileRef = 0404DFE323E9F7A9005D3B9C /* PresentCommentsVC.swift */; };
		0406900A23E022CD00EC57DD /* CelendarVC.swift in Sources */ = {isa = PBXBuildFile; fileRef = 0406900923E022CD00EC57DD /* CelendarVC.swift */; };
		0406900C23E0264500EC57DD /* Model.swift in Sources */ = {isa = PBXBuildFile; fileRef = 0406900B23E0264500EC57DD /* Model.swift */; };
		0409686F2383C6D300B84ABC /* StyleFonts.swift in Sources */ = {isa = PBXBuildFile; fileRef = 0409686E2383C6D300B84ABC /* StyleFonts.swift */; };
		0409687323841C2E00B84ABC /* DiscontVC.swift in Sources */ = {isa = PBXBuildFile; fileRef = 0409687223841C2E00B84ABC /* DiscontVC.swift */; };
		0410FEE723D5DAA300F285A5 /* CollectionViewAlbum.swift in Sources */ = {isa = PBXBuildFile; fileRef = 0410FEE623D5DAA100F285A5 /* CollectionViewAlbum.swift */; };
		042C2D7C23C7465F0073DE33 /* Accaunt.storyboard in Resources */ = {isa = PBXBuildFile; fileRef = 042C2D7B23C7465F0073DE33 /* Accaunt.storyboard */; };
		042C2D8223C749630073DE33 /* Discont.storyboard in Resources */ = {isa = PBXBuildFile; fileRef = 042C2D8123C749630073DE33 /* Discont.storyboard */; };
		042C2D8823C74F330073DE33 /* Category.storyboard in Resources */ = {isa = PBXBuildFile; fileRef = 042C2D8723C74F330073DE33 /* Category.storyboard */; };
		042C2D8E23C751E80073DE33 /* Home.storyboard in Resources */ = {isa = PBXBuildFile; fileRef = 042C2D8D23C751E80073DE33 /* Home.storyboard */; };
		042C2D9D23C75CB80073DE33 /* File.swift in Sources */ = {isa = PBXBuildFile; fileRef = 042C2D9C23C75CB80073DE33 /* File.swift */; };
		042C2D9F23C75D7A0073DE33 /* SetupButton.swift in Sources */ = {isa = PBXBuildFile; fileRef = 042C2D9E23C75D7A0073DE33 /* SetupButton.swift */; };
		042C2DA123C75DD00073DE33 /* SetupDataPicker.swift in Sources */ = {isa = PBXBuildFile; fileRef = 042C2DA023C75DD00073DE33 /* SetupDataPicker.swift */; };
		042C2DA323C75DFD0073DE33 /* SetupLabel.swift in Sources */ = {isa = PBXBuildFile; fileRef = 042C2DA223C75DFD0073DE33 /* SetupLabel.swift */; };
		042C2DA523C763230073DE33 /* CustomTVCells.swift in Sources */ = {isa = PBXBuildFile; fileRef = 042C2DA423C763230073DE33 /* CustomTVCells.swift */; };
		042C2DA723C763810073DE33 /* CustumCVC.swift in Sources */ = {isa = PBXBuildFile; fileRef = 042C2DA623C763810073DE33 /* CustumCVC.swift */; };
		042C2DAD23C7675A0073DE33 /* SetupTextField.swift in Sources */ = {isa = PBXBuildFile; fileRef = 042C2DAC23C7675A0073DE33 /* SetupTextField.swift */; };
		042C2DAF23C7677F0073DE33 /* SetupTextView.swift in Sources */ = {isa = PBXBuildFile; fileRef = 042C2DAE23C7677F0073DE33 /* SetupTextView.swift */; };
		0441BCA023C729D2002A7DB6 /* Registration.storyboard in Resources */ = {isa = PBXBuildFile; fileRef = 0441BC9F23C729D2002A7DB6 /* Registration.storyboard */; };
		0443593A23EC193D0034C9B6 /* PresentText.storyboard in Resources */ = {isa = PBXBuildFile; fileRef = 0443593923EC193D0034C9B6 /* PresentText.storyboard */; };
		0443593C23EC19DA0034C9B6 /* PresentTextVC.swift in Sources */ = {isa = PBXBuildFile; fileRef = 0443593B23EC19DA0034C9B6 /* PresentTextVC.swift */; };
		04477A7A23D8A80B00155566 /* PresentService.storyboard in Resources */ = {isa = PBXBuildFile; fileRef = 04477A7923D8A80B00155566 /* PresentService.storyboard */; };
		045D423823B0D65E00C85243 /* LoginVC.swift in Sources */ = {isa = PBXBuildFile; fileRef = 045D423723B0D65E00C85243 /* LoginVC.swift */; };
		045D423A23B11BAF00C85243 /* PersonAccountVC.swift in Sources */ = {isa = PBXBuildFile; fileRef = 045D423923B11BAF00C85243 /* PersonAccountVC.swift */; };
		045D423C23B12EFD00C85243 /* RegistrationVC.swift in Sources */ = {isa = PBXBuildFile; fileRef = 045D423B23B12EFD00C85243 /* RegistrationVC.swift */; };
		046744F123D085BA00616972 /* RegSelectionScreenVC.swift in Sources */ = {isa = PBXBuildFile; fileRef = 046744F023D085BA00616972 /* RegSelectionScreenVC.swift */; };
		0473284A241F815E009E2773 /* Pods_Flamingo.framework in Frameworks */ = {isa = PBXBuildFile; fileRef = 94904DB311A9C8CDF2665D96 /* Pods_Flamingo.framework */; };
		0473284B241F815E009E2773 /* Pods_Flamingo.framework in Embed Frameworks */ = {isa = PBXBuildFile; fileRef = 94904DB311A9C8CDF2665D96 /* Pods_Flamingo.framework */; settings = {ATTRIBUTES = (CodeSignOnCopy, RemoveHeadersOnCopy, ); }; };
		047DAA0823A78A1F0044362E /* DetailServiceVC.swift in Sources */ = {isa = PBXBuildFile; fileRef = 047DAA0723A78A1F0044362E /* DetailServiceVC.swift */; };
		04859C2023851B5D000E8709 /* AnimateUI.swift in Sources */ = {isa = PBXBuildFile; fileRef = 04859C1F23851B5D000E8709 /* AnimateUI.swift */; };
		049D27C923A8B33400E6872C /* HomeVC.swift in Sources */ = {isa = PBXBuildFile; fileRef = 049D27C823A8B33400E6872C /* HomeVC.swift */; };
		049D27CD23A92FB600E6872C /* PresentPhotoSalonVC.swift in Sources */ = {isa = PBXBuildFile; fileRef = 049D27CC23A92FB600E6872C /* PresentPhotoSalonVC.swift */; };
		04B0885A23E1957C0037E518 /* SupportAllFunc.swift in Sources */ = {isa = PBXBuildFile; fileRef = 04B0885923E1957C0037E518 /* SupportAllFunc.swift */; };
		04BA917F23D9CD1E007EDA1F /* AccauntVC.swift in Sources */ = {isa = PBXBuildFile; fileRef = 04BA917E23D9CD1E007EDA1F /* AccauntVC.swift */; };
		04BA918A23DACA27007EDA1F /* PresentCatalogServices.storyboard in Resources */ = {isa = PBXBuildFile; fileRef = 04BA918923DACA27007EDA1F /* PresentCatalogServices.storyboard */; };
		04BA918C23DAD708007EDA1F /* ModelSimplePraceList.swift in Sources */ = {isa = PBXBuildFile; fileRef = 04BA918B23DAD708007EDA1F /* ModelSimplePraceList.swift */; };
		04BA918E23DAEE3D007EDA1F /* SampleServiceEmptyVC.swift in Sources */ = {isa = PBXBuildFile; fileRef = 04BA918D23DAEE3D007EDA1F /* SampleServiceEmptyVC.swift */; };
		04C31BED23D0765D006AA0C5 /* TapBar.storyboard in Resources */ = {isa = PBXBuildFile; fileRef = 04C31BEC23D0765D006AA0C5 /* TapBar.storyboard */; };
		04C31BEF23D07A12006AA0C5 /* LaunchVC.swift in Sources */ = {isa = PBXBuildFile; fileRef = 04C31BEE23D07A11006AA0C5 /* LaunchVC.swift */; };
		04C4A44723EAD12B003EC905 /* PresentAddNewComment.storyboard in Resources */ = {isa = PBXBuildFile; fileRef = 04C4A44623EAD12B003EC905 /* PresentAddNewComment.storyboard */; };
		04C4A44923EAD5CB003EC905 /* AddNewCommentVC.swift in Sources */ = {isa = PBXBuildFile; fileRef = 04C4A44823EAD5CB003EC905 /* AddNewCommentVC.swift */; };
		04C4A44B23EB01C1003EC905 /* ModelAddNewComment.swift in Sources */ = {isa = PBXBuildFile; fileRef = 04C4A44A23EB01C1003EC905 /* ModelAddNewComment.swift */; };
		04C56F69239977FD0099E360 /* AddNewServiceVC.swift in Sources */ = {isa = PBXBuildFile; fileRef = 04C56F68239977FD0099E360 /* AddNewServiceVC.swift */; };
		04D9A878239ECA690063653D /* MastersVC.swift in Sources */ = {isa = PBXBuildFile; fileRef = 04D9A877239ECA690063653D /* MastersVC.swift */; };
		04D9A880239ED2A70063653D /* AddNewMasterVC.swift in Sources */ = {isa = PBXBuildFile; fileRef = 04D9A87F239ED2A70063653D /* AddNewMasterVC.swift */; };
		04F9887323A174B50099E354 /* MakeAppointmentVC.swift in Sources */ = {isa = PBXBuildFile; fileRef = 04F9887223A174B50099E354 /* MakeAppointmentVC.swift */; };
		04FDA55D23D713B90050AD06 /* SupportDesign.swift in Sources */ = {isa = PBXBuildFile; fileRef = 04FDA55C23D713B90050AD06 /* SupportDesign.swift */; };
		04FDA55F23D760B40050AD06 /* CallAlertVC.swift in Sources */ = {isa = PBXBuildFile; fileRef = 04FDA55E23D760B40050AD06 /* CallAlertVC.swift */; };
		A913336E236317A400A54FEC /* AppDelegate.swift in Sources */ = {isa = PBXBuildFile; fileRef = A913336D236317A400A54FEC /* AppDelegate.swift */; };
		A9133370236317A400A54FEC /* SceneDelegate.swift in Sources */ = {isa = PBXBuildFile; fileRef = A913336F236317A400A54FEC /* SceneDelegate.swift */; };
		A9133375236317A400A54FEC /* Main.storyboard in Resources */ = {isa = PBXBuildFile; fileRef = A9133373236317A400A54FEC /* Main.storyboard */; };
		A9133377236317A700A54FEC /* Assets.xcassets in Resources */ = {isa = PBXBuildFile; fileRef = A9133376236317A700A54FEC /* Assets.xcassets */; };
		A913337A236317A700A54FEC /* LaunchScreen.storyboard in Resources */ = {isa = PBXBuildFile; fileRef = A9133378236317A700A54FEC /* LaunchScreen.storyboard */; };
		A91333822363230F00A54FEC /* SamplePriceListVC.swift in Sources */ = {isa = PBXBuildFile; fileRef = A91333812363230F00A54FEC /* SamplePriceListVC.swift */; };
		A91333842363270300A54FEC /* ModelSamplePriceList.swift in Sources */ = {isa = PBXBuildFile; fileRef = A91333832363270300A54FEC /* ModelSamplePriceList.swift */; };
		A92731FC236C23EC00976122 /* ModelController.swift in Sources */ = {isa = PBXBuildFile; fileRef = A92731FB236C23EC00976122 /* ModelController.swift */; };
		A99DC6BE2372AF5D0045D83C /* CategoryListServiceVC.swift in Sources */ = {isa = PBXBuildFile; fileRef = A99DC6BD2372AF5D0045D83C /* CategoryListServiceVC.swift */; };
		A9DA361E23676D1A0004B711 /* ModelDataBase.swift in Sources */ = {isa = PBXBuildFile; fileRef = A9DA361D23676D1A0004B711 /* ModelDataBase.swift */; };
		A9DA3620236782020004B711 /* StorageManager.swift in Sources */ = {isa = PBXBuildFile; fileRef = A9DA361F236782020004B711 /* StorageManager.swift */; };
		ECF08DCB24210B2200E5BD5D /* CustomUIView.swift in Sources */ = {isa = PBXBuildFile; fileRef = ECF08DCA24210B2200E5BD5D /* CustomUIView.swift */; };
/* End PBXBuildFile section */

/* Begin PBXCopyFilesBuildPhase section */
		0473284C241F815E009E2773 /* Embed Frameworks */ = {
			isa = PBXCopyFilesBuildPhase;
			buildActionMask = 2147483647;
			dstPath = "";
			dstSubfolderSpec = 10;
			files = (
				0473284B241F815E009E2773 /* Pods_Flamingo.framework in Embed Frameworks */,
			);
			name = "Embed Frameworks";
			runOnlyForDeploymentPostprocessing = 0;
		};
/* End PBXCopyFilesBuildPhase section */

/* Begin PBXFileReference section */
		017E11B325003FE43014A310 /* Pods-Flamingo.debug.xcconfig */ = {isa = PBXFileReference; includeInIndex = 1; lastKnownFileType = text.xcconfig; name = "Pods-Flamingo.debug.xcconfig"; path = "Target Support Files/Pods-Flamingo/Pods-Flamingo.debug.xcconfig"; sourceTree = "<group>"; };
		040247D0238D467B00C6EFE2 /* GoogleService-Info.plist */ = {isa = PBXFileReference; fileEncoding = 4; lastKnownFileType = text.plist.xml; name = "GoogleService-Info.plist"; path = "../../../../../Downloads/GoogleService-Info.plist"; sourceTree = "<group>"; };
		040247D2238D66C900C6EFE2 /* AddNewDiscontVC.swift */ = {isa = PBXFileReference; lastKnownFileType = sourcecode.swift; path = AddNewDiscontVC.swift; sourceTree = "<group>"; };
		040247D4238DB34C00C6EFE2 /* FirebaseManager.swift */ = {isa = PBXFileReference; lastKnownFileType = sourcecode.swift; path = FirebaseManager.swift; sourceTree = "<group>"; };
		040306EA23D87FFE00045D54 /* PresentMaster.storyboard */ = {isa = PBXFileReference; lastKnownFileType = file.storyboard; path = PresentMaster.storyboard; sourceTree = "<group>"; };
		0403F68123FAC799003C2B47 /* SHCircleBarController.swift */ = {isa = PBXFileReference; lastKnownFileType = sourcecode.swift; path = SHCircleBarController.swift; sourceTree = "<group>"; };
		0403F68323FAC84A003C2B47 /* SHCircleBar.swift */ = {isa = PBXFileReference; lastKnownFileType = sourcecode.swift; path = SHCircleBar.swift; sourceTree = "<group>"; };
		0404DFE123E9F092005D3B9C /* PresentComments.storyboard */ = {isa = PBXFileReference; lastKnownFileType = file.storyboard; path = PresentComments.storyboard; sourceTree = "<group>"; };
		0404DFE323E9F7A9005D3B9C /* PresentCommentsVC.swift */ = {isa = PBXFileReference; lastKnownFileType = sourcecode.swift; name = PresentCommentsVC.swift; path = Flamingo/PresentComments/View/PresentCommentsVC.swift; sourceTree = SOURCE_ROOT; };
		0406900923E022CD00EC57DD /* CelendarVC.swift */ = {isa = PBXFileReference; lastKnownFileType = sourcecode.swift; path = CelendarVC.swift; sourceTree = "<group>"; };
		0406900B23E0264500EC57DD /* Model.swift */ = {isa = PBXFileReference; lastKnownFileType = sourcecode.swift; path = Model.swift; sourceTree = "<group>"; };
		0409686E2383C6D300B84ABC /* StyleFonts.swift */ = {isa = PBXFileReference; lastKnownFileType = sourcecode.swift; path = StyleFonts.swift; sourceTree = "<group>"; };
		0409687223841C2E00B84ABC /* DiscontVC.swift */ = {isa = PBXFileReference; lastKnownFileType = sourcecode.swift; path = DiscontVC.swift; sourceTree = "<group>"; };
		0410FEE623D5DAA100F285A5 /* CollectionViewAlbum.swift */ = {isa = PBXFileReference; fileEncoding = 4; lastKnownFileType = sourcecode.swift; path = CollectionViewAlbum.swift; sourceTree = "<group>"; };
		0427472623E87F67000D9E9E /* Flamingo.entitlements */ = {isa = PBXFileReference; lastKnownFileType = text.plist.entitlements; path = Flamingo.entitlements; sourceTree = "<group>"; };
		042C2D7B23C7465F0073DE33 /* Accaunt.storyboard */ = {isa = PBXFileReference; lastKnownFileType = file.storyboard; path = Accaunt.storyboard; sourceTree = "<group>"; };
		042C2D8123C749630073DE33 /* Discont.storyboard */ = {isa = PBXFileReference; lastKnownFileType = file.storyboard; path = Discont.storyboard; sourceTree = "<group>"; };
		042C2D8723C74F330073DE33 /* Category.storyboard */ = {isa = PBXFileReference; lastKnownFileType = file.storyboard; path = Category.storyboard; sourceTree = "<group>"; };
		042C2D8D23C751E80073DE33 /* Home.storyboard */ = {isa = PBXFileReference; lastKnownFileType = file.storyboard; path = Home.storyboard; sourceTree = "<group>"; };
		042C2D9C23C75CB80073DE33 /* File.swift */ = {isa = PBXFileReference; lastKnownFileType = sourcecode.swift; path = File.swift; sourceTree = "<group>"; };
		042C2D9E23C75D7A0073DE33 /* SetupButton.swift */ = {isa = PBXFileReference; lastKnownFileType = sourcecode.swift; path = SetupButton.swift; sourceTree = "<group>"; };
		042C2DA023C75DD00073DE33 /* SetupDataPicker.swift */ = {isa = PBXFileReference; lastKnownFileType = sourcecode.swift; path = SetupDataPicker.swift; sourceTree = "<group>"; };
		042C2DA223C75DFD0073DE33 /* SetupLabel.swift */ = {isa = PBXFileReference; lastKnownFileType = sourcecode.swift; path = SetupLabel.swift; sourceTree = "<group>"; };
		042C2DA423C763230073DE33 /* CustomTVCells.swift */ = {isa = PBXFileReference; lastKnownFileType = sourcecode.swift; path = CustomTVCells.swift; sourceTree = "<group>"; };
		042C2DA623C763810073DE33 /* CustumCVC.swift */ = {isa = PBXFileReference; lastKnownFileType = sourcecode.swift; path = CustumCVC.swift; sourceTree = "<group>"; };
		042C2DAC23C7675A0073DE33 /* SetupTextField.swift */ = {isa = PBXFileReference; lastKnownFileType = sourcecode.swift; path = SetupTextField.swift; sourceTree = "<group>"; };
		042C2DAE23C7677F0073DE33 /* SetupTextView.swift */ = {isa = PBXFileReference; lastKnownFileType = sourcecode.swift; path = SetupTextView.swift; sourceTree = "<group>"; };
		0441BC9F23C729D2002A7DB6 /* Registration.storyboard */ = {isa = PBXFileReference; lastKnownFileType = file.storyboard; path = Registration.storyboard; sourceTree = "<group>"; };
		0443593923EC193D0034C9B6 /* PresentText.storyboard */ = {isa = PBXFileReference; lastKnownFileType = file.storyboard; path = PresentText.storyboard; sourceTree = "<group>"; };
		0443593B23EC19DA0034C9B6 /* PresentTextVC.swift */ = {isa = PBXFileReference; lastKnownFileType = sourcecode.swift; path = PresentTextVC.swift; sourceTree = "<group>"; };
		04477A7923D8A80B00155566 /* PresentService.storyboard */ = {isa = PBXFileReference; lastKnownFileType = file.storyboard; path = PresentService.storyboard; sourceTree = "<group>"; };
		045D423723B0D65E00C85243 /* LoginVC.swift */ = {isa = PBXFileReference; lastKnownFileType = sourcecode.swift; name = LoginVC.swift; path = Flamingo/FirstPage/Controller/LoginVC.swift; sourceTree = SOURCE_ROOT; };
		045D423923B11BAF00C85243 /* PersonAccountVC.swift */ = {isa = PBXFileReference; lastKnownFileType = sourcecode.swift; path = PersonAccountVC.swift; sourceTree = "<group>"; };
		045D423B23B12EFD00C85243 /* RegistrationVC.swift */ = {isa = PBXFileReference; lastKnownFileType = sourcecode.swift; path = RegistrationVC.swift; sourceTree = "<group>"; };
		046744F023D085BA00616972 /* RegSelectionScreenVC.swift */ = {isa = PBXFileReference; lastKnownFileType = sourcecode.swift; path = RegSelectionScreenVC.swift; sourceTree = "<group>"; };
		0471603323E821B00022AF2D /* GTMSessionFetcher.framework */ = {isa = PBXFileReference; explicitFileType = wrapper.framework; path = GTMSessionFetcher.framework; sourceTree = BUILT_PRODUCTS_DIR; };
		0471603723E821ED0022AF2D /* GTMSessionFetcher.framework */ = {isa = PBXFileReference; explicitFileType = wrapper.framework; path = GTMSessionFetcher.framework; sourceTree = BUILT_PRODUCTS_DIR; };
		0471603E23E831960022AF2D /* GTMSessionFetcher.framework */ = {isa = PBXFileReference; explicitFileType = wrapper.framework; path = GTMSessionFetcher.framework; sourceTree = BUILT_PRODUCTS_DIR; };
		047DAA0723A78A1F0044362E /* DetailServiceVC.swift */ = {isa = PBXFileReference; lastKnownFileType = sourcecode.swift; path = DetailServiceVC.swift; sourceTree = "<group>"; };
		04859C1F23851B5D000E8709 /* AnimateUI.swift */ = {isa = PBXFileReference; lastKnownFileType = sourcecode.swift; path = AnimateUI.swift; sourceTree = "<group>"; };
		049D27C823A8B33400E6872C /* HomeVC.swift */ = {isa = PBXFileReference; lastKnownFileType = sourcecode.swift; path = HomeVC.swift; sourceTree = "<group>"; };
		049D27CC23A92FB600E6872C /* PresentPhotoSalonVC.swift */ = {isa = PBXFileReference; lastKnownFileType = sourcecode.swift; path = PresentPhotoSalonVC.swift; sourceTree = "<group>"; };
		04AA13DE23E802E5009717E4 /* FirebaseAuth.framework */ = {isa = PBXFileReference; explicitFileType = wrapper.framework; path = FirebaseAuth.framework; sourceTree = BUILT_PRODUCTS_DIR; };
		04AA13E223E8033F009717E4 /* GTMSessionFetcher.framework */ = {isa = PBXFileReference; explicitFileType = wrapper.framework; path = GTMSessionFetcher.framework; sourceTree = BUILT_PRODUCTS_DIR; };
		04B0885923E1957C0037E518 /* SupportAllFunc.swift */ = {isa = PBXFileReference; lastKnownFileType = sourcecode.swift; path = SupportAllFunc.swift; sourceTree = "<group>"; };
		04BA917E23D9CD1E007EDA1F /* AccauntVC.swift */ = {isa = PBXFileReference; lastKnownFileType = sourcecode.swift; name = AccauntVC.swift; path = Flamingo/AccauntPage/Controller/AccauntVC.swift; sourceTree = SOURCE_ROOT; };
		04BA918923DACA27007EDA1F /* PresentCatalogServices.storyboard */ = {isa = PBXFileReference; lastKnownFileType = file.storyboard; path = PresentCatalogServices.storyboard; sourceTree = "<group>"; };
		04BA918B23DAD708007EDA1F /* ModelSimplePraceList.swift */ = {isa = PBXFileReference; lastKnownFileType = sourcecode.swift; path = ModelSimplePraceList.swift; sourceTree = "<group>"; };
		04BA918D23DAEE3D007EDA1F /* SampleServiceEmptyVC.swift */ = {isa = PBXFileReference; lastKnownFileType = sourcecode.swift; name = SampleServiceEmptyVC.swift; path = Flamingo/AccauntPage/Controller/SampleServiceEmptyVC.swift; sourceTree = SOURCE_ROOT; };
		04C31BEC23D0765D006AA0C5 /* TapBar.storyboard */ = {isa = PBXFileReference; lastKnownFileType = file.storyboard; path = TapBar.storyboard; sourceTree = "<group>"; };
		04C31BEE23D07A11006AA0C5 /* LaunchVC.swift */ = {isa = PBXFileReference; lastKnownFileType = sourcecode.swift; path = LaunchVC.swift; sourceTree = "<group>"; };
		04C4A44623EAD12B003EC905 /* PresentAddNewComment.storyboard */ = {isa = PBXFileReference; lastKnownFileType = file.storyboard; path = PresentAddNewComment.storyboard; sourceTree = "<group>"; };
		04C4A44823EAD5CB003EC905 /* AddNewCommentVC.swift */ = {isa = PBXFileReference; lastKnownFileType = sourcecode.swift; name = AddNewCommentVC.swift; path = Flamingo/PresentAddNewComment/View/AddNewCommentVC.swift; sourceTree = SOURCE_ROOT; };
		04C4A44A23EB01C1003EC905 /* ModelAddNewComment.swift */ = {isa = PBXFileReference; lastKnownFileType = sourcecode.swift; path = ModelAddNewComment.swift; sourceTree = "<group>"; };
		04C56F68239977FD0099E360 /* AddNewServiceVC.swift */ = {isa = PBXFileReference; lastKnownFileType = sourcecode.swift; path = AddNewServiceVC.swift; sourceTree = "<group>"; };
		04D9A877239ECA690063653D /* MastersVC.swift */ = {isa = PBXFileReference; lastKnownFileType = sourcecode.swift; path = MastersVC.swift; sourceTree = "<group>"; };
		04D9A87F239ED2A70063653D /* AddNewMasterVC.swift */ = {isa = PBXFileReference; lastKnownFileType = sourcecode.swift; path = AddNewMasterVC.swift; sourceTree = "<group>"; };
		04F9887223A174B50099E354 /* MakeAppointmentVC.swift */ = {isa = PBXFileReference; lastKnownFileType = sourcecode.swift; path = MakeAppointmentVC.swift; sourceTree = "<group>"; };
		04FDA55C23D713B90050AD06 /* SupportDesign.swift */ = {isa = PBXFileReference; lastKnownFileType = sourcecode.swift; path = SupportDesign.swift; sourceTree = "<group>"; };
		04FDA55E23D760B40050AD06 /* CallAlertVC.swift */ = {isa = PBXFileReference; lastKnownFileType = sourcecode.swift; path = CallAlertVC.swift; sourceTree = "<group>"; };
		7F41E300219C6C6AA236A88F /* Pods-Flamingo.release.xcconfig */ = {isa = PBXFileReference; includeInIndex = 1; lastKnownFileType = text.xcconfig; name = "Pods-Flamingo.release.xcconfig"; path = "Target Support Files/Pods-Flamingo/Pods-Flamingo.release.xcconfig"; sourceTree = "<group>"; };
		94904DB311A9C8CDF2665D96 /* Pods_Flamingo.framework */ = {isa = PBXFileReference; explicitFileType = wrapper.framework; includeInIndex = 0; path = Pods_Flamingo.framework; sourceTree = BUILT_PRODUCTS_DIR; };
		A913336A236317A400A54FEC /* Flamingo.app */ = {isa = PBXFileReference; explicitFileType = wrapper.application; includeInIndex = 0; path = Flamingo.app; sourceTree = BUILT_PRODUCTS_DIR; };
		A913336D236317A400A54FEC /* AppDelegate.swift */ = {isa = PBXFileReference; lastKnownFileType = sourcecode.swift; path = AppDelegate.swift; sourceTree = "<group>"; };
		A913336F236317A400A54FEC /* SceneDelegate.swift */ = {isa = PBXFileReference; lastKnownFileType = sourcecode.swift; path = SceneDelegate.swift; sourceTree = "<group>"; };
		A9133374236317A400A54FEC /* Base */ = {isa = PBXFileReference; lastKnownFileType = file.storyboard; name = Base; path = Base.lproj/Main.storyboard; sourceTree = "<group>"; };
		A9133376236317A700A54FEC /* Assets.xcassets */ = {isa = PBXFileReference; lastKnownFileType = folder.assetcatalog; path = Assets.xcassets; sourceTree = "<group>"; };
		A9133379236317A700A54FEC /* Base */ = {isa = PBXFileReference; lastKnownFileType = file.storyboard; name = Base; path = Base.lproj/LaunchScreen.storyboard; sourceTree = "<group>"; };
		A913337B236317A700A54FEC /* Info.plist */ = {isa = PBXFileReference; lastKnownFileType = text.plist.xml; path = Info.plist; sourceTree = "<group>"; };
		A91333812363230F00A54FEC /* SamplePriceListVC.swift */ = {isa = PBXFileReference; lastKnownFileType = sourcecode.swift; path = SamplePriceListVC.swift; sourceTree = "<group>"; };
		A91333832363270300A54FEC /* ModelSamplePriceList.swift */ = {isa = PBXFileReference; lastKnownFileType = sourcecode.swift; path = ModelSamplePriceList.swift; sourceTree = "<group>"; };
		A92731FB236C23EC00976122 /* ModelController.swift */ = {isa = PBXFileReference; lastKnownFileType = sourcecode.swift; path = ModelController.swift; sourceTree = "<group>"; };
		A99DC6BD2372AF5D0045D83C /* CategoryListServiceVC.swift */ = {isa = PBXFileReference; lastKnownFileType = sourcecode.swift; path = CategoryListServiceVC.swift; sourceTree = "<group>"; };
		A9DA361D23676D1A0004B711 /* ModelDataBase.swift */ = {isa = PBXFileReference; lastKnownFileType = sourcecode.swift; path = ModelDataBase.swift; sourceTree = "<group>"; };
		A9DA361F236782020004B711 /* StorageManager.swift */ = {isa = PBXFileReference; lastKnownFileType = sourcecode.swift; path = StorageManager.swift; sourceTree = "<group>"; };
		ECF08DCA24210B2200E5BD5D /* CustomUIView.swift */ = {isa = PBXFileReference; lastKnownFileType = sourcecode.swift; path = CustomUIView.swift; sourceTree = SOURCE_ROOT; };
/* End PBXFileReference section */

/* Begin PBXFrameworksBuildPhase section */
		A9133367236317A400A54FEC /* Frameworks */ = {
			isa = PBXFrameworksBuildPhase;
			buildActionMask = 2147483647;
			files = (
				0473284A241F815E009E2773 /* Pods_Flamingo.framework in Frameworks */,
			);
			runOnlyForDeploymentPostprocessing = 0;
		};
/* End PBXFrameworksBuildPhase section */

/* Begin PBXGroup section */
		040306E623D87FA700045D54 /* PresentMaster */ = {
			isa = PBXGroup;
			children = (
				040306E923D87FCD00045D54 /* Controller */,
				040306E823D87FC700045D54 /* View */,
				040306E723D87FC000045D54 /* Model */,
			);
			path = PresentMaster;
			sourceTree = "<group>";
		};
		040306E723D87FC000045D54 /* Model */ = {
			isa = PBXGroup;
			children = (
			);
			path = Model;
			sourceTree = "<group>";
		};
		040306E823D87FC700045D54 /* View */ = {
			isa = PBXGroup;
			children = (
				040306EA23D87FFE00045D54 /* PresentMaster.storyboard */,
			);
			path = View;
			sourceTree = "<group>";
		};
		040306E923D87FCD00045D54 /* Controller */ = {
			isa = PBXGroup;
			children = (
				04D9A87F239ED2A70063653D /* AddNewMasterVC.swift */,
			);
			path = Controller;
			sourceTree = "<group>";
		};
		0404DFDD23E9F041005D3B9C /* PresentComments */ = {
			isa = PBXGroup;
			children = (
				0404DFE023E9F072005D3B9C /* Controller */,
				0404DFDF23E9F06A005D3B9C /* View */,
				0404DFDE23E9F063005D3B9C /* Model */,
			);
			path = PresentComments;
			sourceTree = "<group>";
		};
		0404DFDE23E9F063005D3B9C /* Model */ = {
			isa = PBXGroup;
			children = (
			);
			path = Model;
			sourceTree = "<group>";
		};
		0404DFDF23E9F06A005D3B9C /* View */ = {
			isa = PBXGroup;
			children = (
				0404DFE123E9F092005D3B9C /* PresentComments.storyboard */,
			);
			path = View;
			sourceTree = "<group>";
		};
		0404DFE023E9F072005D3B9C /* Controller */ = {
			isa = PBXGroup;
			children = (
				0404DFE323E9F7A9005D3B9C /* PresentCommentsVC.swift */,
			);
			path = Controller;
			sourceTree = "<group>";
		};
		042C2D7723C746300073DE33 /* AccauntPage */ = {
			isa = PBXGroup;
			children = (
				042C2D7A23C746490073DE33 /* Controller */,
				042C2D7923C746440073DE33 /* View */,
				042C2D7823C7463C0073DE33 /* Model */,
			);
			path = AccauntPage;
			sourceTree = "<group>";
		};
		042C2D7823C7463C0073DE33 /* Model */ = {
			isa = PBXGroup;
			children = (
			);
			path = Model;
			sourceTree = "<group>";
		};
		042C2D7923C746440073DE33 /* View */ = {
			isa = PBXGroup;
			children = (
				042C2D7B23C7465F0073DE33 /* Accaunt.storyboard */,
			);
			path = View;
			sourceTree = "<group>";
		};
		042C2D7A23C746490073DE33 /* Controller */ = {
			isa = PBXGroup;
			children = (
				045D423923B11BAF00C85243 /* PersonAccountVC.swift */,
				04BA917E23D9CD1E007EDA1F /* AccauntVC.swift */,
				04BA918D23DAEE3D007EDA1F /* SampleServiceEmptyVC.swift */,
			);
			path = Controller;
			sourceTree = "<group>";
		};
		042C2D7D23C7490F0073DE33 /* DiscontsPage */ = {
			isa = PBXGroup;
			children = (
				042C2D8023C7492C0073DE33 /* Controller */,
				042C2D7F23C749250073DE33 /* View */,
				042C2D7E23C7491E0073DE33 /* Model */,
			);
			path = DiscontsPage;
			sourceTree = "<group>";
		};
		042C2D7E23C7491E0073DE33 /* Model */ = {
			isa = PBXGroup;
			children = (
			);
			path = Model;
			sourceTree = "<group>";
		};
		042C2D7F23C749250073DE33 /* View */ = {
			isa = PBXGroup;
			children = (
				042C2D8123C749630073DE33 /* Discont.storyboard */,
			);
			path = View;
			sourceTree = "<group>";
		};
		042C2D8023C7492C0073DE33 /* Controller */ = {
			isa = PBXGroup;
			children = (
				0409687223841C2E00B84ABC /* DiscontVC.swift */,
				040247D2238D66C900C6EFE2 /* AddNewDiscontVC.swift */,
			);
			path = Controller;
			sourceTree = "<group>";
		};
		042C2D8323C74F020073DE33 /* CategoryPage */ = {
			isa = PBXGroup;
			children = (
				042C2D8623C74F1F0073DE33 /* Controller */,
				042C2D8523C74F190073DE33 /* View */,
				042C2D8423C74F120073DE33 /* Model */,
			);
			path = CategoryPage;
			sourceTree = "<group>";
		};
		042C2D8423C74F120073DE33 /* Model */ = {
			isa = PBXGroup;
			children = (
				A92731FB236C23EC00976122 /* ModelController.swift */,
				A91333832363270300A54FEC /* ModelSamplePriceList.swift */,
			);
			path = Model;
			sourceTree = "<group>";
		};
		042C2D8523C74F190073DE33 /* View */ = {
			isa = PBXGroup;
			children = (
				042C2D8723C74F330073DE33 /* Category.storyboard */,
			);
			path = View;
			sourceTree = "<group>";
		};
		042C2D8623C74F1F0073DE33 /* Controller */ = {
			isa = PBXGroup;
			children = (
				A99DC6BD2372AF5D0045D83C /* CategoryListServiceVC.swift */,
			);
			path = Controller;
			sourceTree = "<group>";
		};
		042C2D8923C751A50073DE33 /* HomePage */ = {
			isa = PBXGroup;
			children = (
				042C2D8C23C751D20073DE33 /* Controller */,
				042C2D8B23C751CD0073DE33 /* View */,
				042C2D8A23C751C60073DE33 /* Model */,
			);
			path = HomePage;
			sourceTree = "<group>";
		};
		042C2D8A23C751C60073DE33 /* Model */ = {
			isa = PBXGroup;
			children = (
			);
			path = Model;
			sourceTree = "<group>";
		};
		042C2D8B23C751CD0073DE33 /* View */ = {
			isa = PBXGroup;
			children = (
				042C2D8D23C751E80073DE33 /* Home.storyboard */,
			);
			path = View;
			sourceTree = "<group>";
		};
		042C2D8C23C751D20073DE33 /* Controller */ = {
			isa = PBXGroup;
			children = (
				049D27C823A8B33400E6872C /* HomeVC.swift */,
				049D27CC23A92FB600E6872C /* PresentPhotoSalonVC.swift */,
				04D9A877239ECA690063653D /* MastersVC.swift */,
			);
			path = Controller;
			sourceTree = "<group>";
		};
		042C2D9023C7539B0073DE33 /* FirstPage */ = {
			isa = PBXGroup;
			children = (
				042C2D9323C753C80073DE33 /* Controller */,
				042C2D9223C753C10073DE33 /* View */,
				042C2D9123C753B50073DE33 /* Model */,
			);
			path = FirstPage;
			sourceTree = "<group>";
		};
		042C2D9123C753B50073DE33 /* Model */ = {
			isa = PBXGroup;
			children = (
			);
			path = Model;
			sourceTree = "<group>";
		};
		042C2D9223C753C10073DE33 /* View */ = {
			isa = PBXGroup;
			children = (
				A9133373236317A400A54FEC /* Main.storyboard */,
				A9133378236317A700A54FEC /* LaunchScreen.storyboard */,
			);
			path = View;
			sourceTree = "<group>";
		};
		042C2D9323C753C80073DE33 /* Controller */ = {
			isa = PBXGroup;
			children = (
				045D423723B0D65E00C85243 /* LoginVC.swift */,
				046744F023D085BA00616972 /* RegSelectionScreenVC.swift */,
				04C31BEE23D07A11006AA0C5 /* LaunchVC.swift */,
			);
			path = Controller;
			sourceTree = "<group>";
		};
		042C2D9423C753FD0073DE33 /* DesingApp */ = {
			isa = PBXGroup;
			children = (
				ECF08DCA24210B2200E5BD5D /* CustomUIView.swift */,
				04FDA55E23D760B40050AD06 /* CallAlertVC.swift */,
				0410FEE623D5DAA100F285A5 /* CollectionViewAlbum.swift */,
				04859C1F23851B5D000E8709 /* AnimateUI.swift */,
				0409686E2383C6D300B84ABC /* StyleFonts.swift */,
				042C2D9C23C75CB80073DE33 /* File.swift */,
				042C2D9E23C75D7A0073DE33 /* SetupButton.swift */,
				042C2DA023C75DD00073DE33 /* SetupDataPicker.swift */,
				042C2DA223C75DFD0073DE33 /* SetupLabel.swift */,
				042C2DA423C763230073DE33 /* CustomTVCells.swift */,
				042C2DA623C763810073DE33 /* CustumCVC.swift */,
				042C2DAC23C7675A0073DE33 /* SetupTextField.swift */,
				042C2DAE23C7677F0073DE33 /* SetupTextView.swift */,
				04FDA55C23D713B90050AD06 /* SupportDesign.swift */,
			);
			path = DesingApp;
			sourceTree = "<group>";
		};
		042C2D9523C754860073DE33 /* Basket */ = {
			isa = PBXGroup;
			children = (
				047DAA0623A2C6F10044362E /* deleteMB */,
			);
			path = Basket;
			sourceTree = "<group>";
		};
		0441BC9B23C72986002A7DB6 /* RegistrationPage */ = {
			isa = PBXGroup;
			children = (
				0441BC9E23C729B3002A7DB6 /* Controller */,
				0441BC9D23C729AC002A7DB6 /* View */,
				0441BC9C23C729A3002A7DB6 /* Model */,
			);
			path = RegistrationPage;
			sourceTree = "<group>";
		};
		0441BC9C23C729A3002A7DB6 /* Model */ = {
			isa = PBXGroup;
			children = (
			);
			path = Model;
			sourceTree = "<group>";
		};
		0441BC9D23C729AC002A7DB6 /* View */ = {
			isa = PBXGroup;
			children = (
				0441BC9F23C729D2002A7DB6 /* Registration.storyboard */,
			);
			path = View;
			sourceTree = "<group>";
		};
		0441BC9E23C729B3002A7DB6 /* Controller */ = {
			isa = PBXGroup;
			children = (
				045D423B23B12EFD00C85243 /* RegistrationVC.swift */,
			);
			path = Controller;
			sourceTree = "<group>";
		};
		0443593523EC19060034C9B6 /* PresentText */ = {
			isa = PBXGroup;
			children = (
				0443593823EC19270034C9B6 /* Controller */,
				0443593723EC191F0034C9B6 /* View */,
				0443593623EC19190034C9B6 /* model */,
			);
			path = PresentText;
			sourceTree = "<group>";
		};
		0443593623EC19190034C9B6 /* model */ = {
			isa = PBXGroup;
			children = (
			);
			path = model;
			sourceTree = "<group>";
		};
		0443593723EC191F0034C9B6 /* View */ = {
			isa = PBXGroup;
			children = (
				0443593923EC193D0034C9B6 /* PresentText.storyboard */,
			);
			path = View;
			sourceTree = "<group>";
		};
		0443593823EC19270034C9B6 /* Controller */ = {
			isa = PBXGroup;
			children = (
				0443593B23EC19DA0034C9B6 /* PresentTextVC.swift */,
			);
			path = Controller;
			sourceTree = "<group>";
		};
		04477A7523D8A7D000155566 /* PresentService */ = {
			isa = PBXGroup;
			children = (
				04477A7823D8A7E900155566 /* Controller */,
				04477A7723D8A7E400155566 /* View */,
				04477A7623D8A7DE00155566 /* Model */,
			);
			path = PresentService;
			sourceTree = "<group>";
		};
		04477A7623D8A7DE00155566 /* Model */ = {
			isa = PBXGroup;
			children = (
				0406900B23E0264500EC57DD /* Model.swift */,
			);
			path = Model;
			sourceTree = "<group>";
		};
		04477A7723D8A7E400155566 /* View */ = {
			isa = PBXGroup;
			children = (
				04477A7923D8A80B00155566 /* PresentService.storyboard */,
			);
			path = View;
			sourceTree = "<group>";
		};
		04477A7823D8A7E900155566 /* Controller */ = {
			isa = PBXGroup;
			children = (
				0406900923E022CD00EC57DD /* CelendarVC.swift */,
				047DAA0723A78A1F0044362E /* DetailServiceVC.swift */,
				04F9887223A174B50099E354 /* MakeAppointmentVC.swift */,
			);
			path = Controller;
			sourceTree = "<group>";
		};
		045D423623B0B16100C85243 /* DBManager */ = {
			isa = PBXGroup;
			children = (
				A9DA361D23676D1A0004B711 /* ModelDataBase.swift */,
				040247D4238DB34C00C6EFE2 /* FirebaseManager.swift */,
				A9DA361F236782020004B711 /* StorageManager.swift */,
			);
			path = DBManager;
			sourceTree = "<group>";
		};
		047DAA0623A2C6F10044362E /* deleteMB */ = {
			isa = PBXGroup;
			children = (
			);
			name = deleteMB;
			path = ../Controller;
			sourceTree = "<group>";
		};
		04BA918523DAC9C3007EDA1F /* PresentCatalogServicre */ = {
			isa = PBXGroup;
			children = (
				04BA918823DACA05007EDA1F /* Controller */,
				04BA918723DAC9FE007EDA1F /* View */,
				04BA918623DAC9F4007EDA1F /* Model */,
			);
			path = PresentCatalogServicre;
			sourceTree = "<group>";
		};
		04BA918623DAC9F4007EDA1F /* Model */ = {
			isa = PBXGroup;
			children = (
				04BA918B23DAD708007EDA1F /* ModelSimplePraceList.swift */,
			);
			path = Model;
			sourceTree = "<group>";
		};
		04BA918723DAC9FE007EDA1F /* View */ = {
			isa = PBXGroup;
			children = (
				04BA918923DACA27007EDA1F /* PresentCatalogServices.storyboard */,
			);
			path = View;
			sourceTree = "<group>";
		};
		04BA918823DACA05007EDA1F /* Controller */ = {
			isa = PBXGroup;
			children = (
				A91333812363230F00A54FEC /* SamplePriceListVC.swift */,
				04C56F68239977FD0099E360 /* AddNewServiceVC.swift */,
			);
			path = Controller;
			sourceTree = "<group>";
		};
		04C31BE823D07601006AA0C5 /* TapBar */ = {
			isa = PBXGroup;
			children = (
				04C31BEB23D0762E006AA0C5 /* Controller */,
				04C31BEA23D07626006AA0C5 /* View */,
				04C31BE923D0761B006AA0C5 /* Model */,
			);
			path = TapBar;
			sourceTree = "<group>";
		};
		04C31BE923D0761B006AA0C5 /* Model */ = {
			isa = PBXGroup;
			children = (
			);
			path = Model;
			sourceTree = "<group>";
		};
		04C31BEA23D07626006AA0C5 /* View */ = {
			isa = PBXGroup;
			children = (
				04C31BEC23D0765D006AA0C5 /* TapBar.storyboard */,
			);
			path = View;
			sourceTree = "<group>";
		};
		04C31BEB23D0762E006AA0C5 /* Controller */ = {
			isa = PBXGroup;
			children = (
				0403F68123FAC799003C2B47 /* SHCircleBarController.swift */,
				0403F68323FAC84A003C2B47 /* SHCircleBar.swift */,
			);
			path = Controller;
			sourceTree = "<group>";
		};
		04C4A44223EAD0DA003EC905 /* PresentAddNewComment */ = {
			isa = PBXGroup;
			children = (
				04C4A44523EAD107003EC905 /* Controller */,
				04C4A44423EAD102003EC905 /* View */,
				04C4A44323EAD0FA003EC905 /* model */,
			);
			path = PresentAddNewComment;
			sourceTree = "<group>";
		};
		04C4A44323EAD0FA003EC905 /* model */ = {
			isa = PBXGroup;
			children = (
				04C4A44A23EB01C1003EC905 /* ModelAddNewComment.swift */,
			);
			path = model;
			sourceTree = "<group>";
		};
		04C4A44423EAD102003EC905 /* View */ = {
			isa = PBXGroup;
			children = (
				04C4A44623EAD12B003EC905 /* PresentAddNewComment.storyboard */,
			);
			path = View;
			sourceTree = "<group>";
		};
		04C4A44523EAD107003EC905 /* Controller */ = {
			isa = PBXGroup;
			children = (
				04C4A44823EAD5CB003EC905 /* AddNewCommentVC.swift */,
			);
			path = Controller;
			sourceTree = "<group>";
		};
		3CE2C73A7FD61A2D841357A2 /* Pods */ = {
			isa = PBXGroup;
			children = (
				017E11B325003FE43014A310 /* Pods-Flamingo.debug.xcconfig */,
				7F41E300219C6C6AA236A88F /* Pods-Flamingo.release.xcconfig */,
			);
			path = Pods;
			sourceTree = "<group>";
		};
		A9133361236317A400A54FEC = {
			isa = PBXGroup;
			children = (
				A913336C236317A400A54FEC /* Flamingo */,
				A913336B236317A400A54FEC /* Products */,
				3CE2C73A7FD61A2D841357A2 /* Pods */,
				EE939168D344B9CC4DC7857B /* Frameworks */,
			);
			sourceTree = "<group>";
		};
		A913336B236317A400A54FEC /* Products */ = {
			isa = PBXGroup;
			children = (
				A913336A236317A400A54FEC /* Flamingo.app */,
			);
			name = Products;
			sourceTree = "<group>";
		};
		A913336C236317A400A54FEC /* Flamingo */ = {
			isa = PBXGroup;
			children = (
				0443593523EC19060034C9B6 /* PresentText */,
				04C4A44223EAD0DA003EC905 /* PresentAddNewComment */,
				0404DFDD23E9F041005D3B9C /* PresentComments */,
				0427472623E87F67000D9E9E /* Flamingo.entitlements */,
				04BA918523DAC9C3007EDA1F /* PresentCatalogServicre */,
				04477A7523D8A7D000155566 /* PresentService */,
				040306E623D87FA700045D54 /* PresentMaster */,
				04C31BE823D07601006AA0C5 /* TapBar */,
				042C2D9023C7539B0073DE33 /* FirstPage */,
				042C2D8923C751A50073DE33 /* HomePage */,
				042C2D8323C74F020073DE33 /* CategoryPage */,
				042C2D7D23C7490F0073DE33 /* DiscontsPage */,
				042C2D7723C746300073DE33 /* AccauntPage */,
				0441BC9B23C72986002A7DB6 /* RegistrationPage */,
				045D423623B0B16100C85243 /* DBManager */,
				042C2D9423C753FD0073DE33 /* DesingApp */,
				A9DA36192367406F0004B711 /* Helpers */,
				042C2D9523C754860073DE33 /* Basket */,
				A913337B236317A700A54FEC /* Info.plist */,
				040247D0238D467B00C6EFE2 /* GoogleService-Info.plist */,
			);
			path = Flamingo;
			sourceTree = "<group>";
		};
		A9DA36192367406F0004B711 /* Helpers */ = {
			isa = PBXGroup;
			children = (
				04B0885923E1957C0037E518 /* SupportAllFunc.swift */,
				A913336D236317A400A54FEC /* AppDelegate.swift */,
				A913336F236317A400A54FEC /* SceneDelegate.swift */,
				A9133376236317A700A54FEC /* Assets.xcassets */,
			);
			path = Helpers;
			sourceTree = "<group>";
		};
		EE939168D344B9CC4DC7857B /* Frameworks */ = {
			isa = PBXGroup;
			children = (
				0471603E23E831960022AF2D /* GTMSessionFetcher.framework */,
				0471603723E821ED0022AF2D /* GTMSessionFetcher.framework */,
				0471603323E821B00022AF2D /* GTMSessionFetcher.framework */,
				04AA13E223E8033F009717E4 /* GTMSessionFetcher.framework */,
				04AA13DE23E802E5009717E4 /* FirebaseAuth.framework */,
				94904DB311A9C8CDF2665D96 /* Pods_Flamingo.framework */,
			);
			name = Frameworks;
			sourceTree = "<group>";
		};
/* End PBXGroup section */

/* Begin PBXNativeTarget section */
		A9133369236317A400A54FEC /* Flamingo */ = {
			isa = PBXNativeTarget;
			buildConfigurationList = A913337E236317A700A54FEC /* Build configuration list for PBXNativeTarget "Flamingo" */;
			buildPhases = (
				4334F2288420478416DAE593 /* [CP] Check Pods Manifest.lock */,
				A9133366236317A400A54FEC /* Sources */,
				A9133367236317A400A54FEC /* Frameworks */,
				A9133368236317A400A54FEC /* Resources */,
				46FCB898BE635C426F622808 /* [CP] Embed Pods Frameworks */,
				0473284C241F815E009E2773 /* Embed Frameworks */,
			);
			buildRules = (
			);
			dependencies = (
			);
			name = Flamingo;
			productName = Flamingo;
			productReference = A913336A236317A400A54FEC /* Flamingo.app */;
			productType = "com.apple.product-type.application";
		};
/* End PBXNativeTarget section */

/* Begin PBXProject section */
		A9133362236317A400A54FEC /* Project object */ = {
			isa = PBXProject;
			attributes = {
				LastSwiftUpdateCheck = 1110;
				LastUpgradeCheck = 1110;
				ORGANIZATIONNAME = "Алексей Карпежников";
				TargetAttributes = {
					A9133369236317A400A54FEC = {
						CreatedOnToolsVersion = 11.1;
					};
				};
			};
			buildConfigurationList = A9133365236317A400A54FEC /* Build configuration list for PBXProject "Flamingo" */;
			compatibilityVersion = "Xcode 11.0";
			developmentRegion = en;
			hasScannedForEncodings = 0;
			knownRegions = (
				en,
				Base,
			);
			mainGroup = A9133361236317A400A54FEC;
			productRefGroup = A913336B236317A400A54FEC /* Products */;
			projectDirPath = "";
			projectRoot = "";
			targets = (
				A9133369236317A400A54FEC /* Flamingo */,
			);
		};
/* End PBXProject section */

/* Begin PBXResourcesBuildPhase section */
		A9133368236317A400A54FEC /* Resources */ = {
			isa = PBXResourcesBuildPhase;
			buildActionMask = 2147483647;
			files = (
				042C2D8823C74F330073DE33 /* Category.storyboard in Resources */,
				042C2D7C23C7465F0073DE33 /* Accaunt.storyboard in Resources */,
				04C4A44723EAD12B003EC905 /* PresentAddNewComment.storyboard in Resources */,
				0443593A23EC193D0034C9B6 /* PresentText.storyboard in Resources */,
				0404DFE223E9F092005D3B9C /* PresentComments.storyboard in Resources */,
				04477A7A23D8A80B00155566 /* PresentService.storyboard in Resources */,
				0441BCA023C729D2002A7DB6 /* Registration.storyboard in Resources */,
				042C2D8E23C751E80073DE33 /* Home.storyboard in Resources */,
				A913337A236317A700A54FEC /* LaunchScreen.storyboard in Resources */,
				040247D1238D467C00C6EFE2 /* GoogleService-Info.plist in Resources */,
				040306EB23D87FFE00045D54 /* PresentMaster.storyboard in Resources */,
				04C31BED23D0765D006AA0C5 /* TapBar.storyboard in Resources */,
				A9133377236317A700A54FEC /* Assets.xcassets in Resources */,
				042C2D8223C749630073DE33 /* Discont.storyboard in Resources */,
				04BA918A23DACA27007EDA1F /* PresentCatalogServices.storyboard in Resources */,
				A9133375236317A400A54FEC /* Main.storyboard in Resources */,
			);
			runOnlyForDeploymentPostprocessing = 0;
		};
/* End PBXResourcesBuildPhase section */

/* Begin PBXShellScriptBuildPhase section */
		4334F2288420478416DAE593 /* [CP] Check Pods Manifest.lock */ = {
			isa = PBXShellScriptBuildPhase;
			buildActionMask = 2147483647;
			files = (
			);
			inputFileListPaths = (
			);
			inputPaths = (
				"${PODS_PODFILE_DIR_PATH}/Podfile.lock",
				"${PODS_ROOT}/Manifest.lock",
			);
			name = "[CP] Check Pods Manifest.lock";
			outputFileListPaths = (
			);
			outputPaths = (
				"$(DERIVED_FILE_DIR)/Pods-Flamingo-checkManifestLockResult.txt",
			);
			runOnlyForDeploymentPostprocessing = 0;
			shellPath = /bin/sh;
			shellScript = "diff \"${PODS_PODFILE_DIR_PATH}/Podfile.lock\" \"${PODS_ROOT}/Manifest.lock\" > /dev/null\nif [ $? != 0 ] ; then\n    # print error to STDERR\n    echo \"error: The sandbox is not in sync with the Podfile.lock. Run 'pod install' or update your CocoaPods installation.\" >&2\n    exit 1\nfi\n# This output is used by Xcode 'outputs' to avoid re-running this script phase.\necho \"SUCCESS\" > \"${SCRIPT_OUTPUT_FILE_0}\"\n";
			showEnvVarsInLog = 0;
		};
		46FCB898BE635C426F622808 /* [CP] Embed Pods Frameworks */ = {
			isa = PBXShellScriptBuildPhase;
			buildActionMask = 2147483647;
			files = (
			);
			inputFileListPaths = (
				"${PODS_ROOT}/Target Support Files/Pods-Flamingo/Pods-Flamingo-frameworks-${CONFIGURATION}-input-files.xcfilelist",
			);
			name = "[CP] Embed Pods Frameworks";
			outputFileListPaths = (
				"${PODS_ROOT}/Target Support Files/Pods-Flamingo/Pods-Flamingo-frameworks-${CONFIGURATION}-output-files.xcfilelist",
			);
			runOnlyForDeploymentPostprocessing = 0;
			shellPath = /bin/sh;
			shellScript = "\"${PODS_ROOT}/Target Support Files/Pods-Flamingo/Pods-Flamingo-frameworks.sh\"\n";
			showEnvVarsInLog = 0;
		};
/* End PBXShellScriptBuildPhase section */

/* Begin PBXSourcesBuildPhase section */
		A9133366236317A400A54FEC /* Sources */ = {
			isa = PBXSourcesBuildPhase;
			buildActionMask = 2147483647;
			files = (
				0403F68423FAC84A003C2B47 /* SHCircleBar.swift in Sources */,
				049D27C923A8B33400E6872C /* HomeVC.swift in Sources */,
				A92731FC236C23EC00976122 /* ModelController.swift in Sources */,
				040247D5238DB34C00C6EFE2 /* FirebaseManager.swift in Sources */,
				04C31BEF23D07A12006AA0C5 /* LaunchVC.swift in Sources */,
				A91333822363230F00A54FEC /* SamplePriceListVC.swift in Sources */,
				A9DA3620236782020004B711 /* StorageManager.swift in Sources */,
				042C2DA723C763810073DE33 /* CustumCVC.swift in Sources */,
				040247D3238D66C900C6EFE2 /* AddNewDiscontVC.swift in Sources */,
				04C56F69239977FD0099E360 /* AddNewServiceVC.swift in Sources */,
				04FDA55F23D760B40050AD06 /* CallAlertVC.swift in Sources */,
				042C2DAD23C7675A0073DE33 /* SetupTextField.swift in Sources */,
				042C2D9F23C75D7A0073DE33 /* SetupButton.swift in Sources */,
				049D27CD23A92FB600E6872C /* PresentPhotoSalonVC.swift in Sources */,
				042C2D9D23C75CB80073DE33 /* File.swift in Sources */,
				A9DA361E23676D1A0004B711 /* ModelDataBase.swift in Sources */,
				0409687323841C2E00B84ABC /* DiscontVC.swift in Sources */,
				04D9A878239ECA690063653D /* MastersVC.swift in Sources */,
				04B0885A23E1957C0037E518 /* SupportAllFunc.swift in Sources */,
				0410FEE723D5DAA300F285A5 /* CollectionViewAlbum.swift in Sources */,
				0404DFE423E9F7A9005D3B9C /* PresentCommentsVC.swift in Sources */,
				04BA918E23DAEE3D007EDA1F /* SampleServiceEmptyVC.swift in Sources */,
				045D423C23B12EFD00C85243 /* RegistrationVC.swift in Sources */,
				0406900A23E022CD00EC57DD /* CelendarVC.swift in Sources */,
				042C2DA323C75DFD0073DE33 /* SetupLabel.swift in Sources */,
				A913336E236317A400A54FEC /* AppDelegate.swift in Sources */,
				04F9887323A174B50099E354 /* MakeAppointmentVC.swift in Sources */,
>>>>>>> f58fe035cbe4c9a7734f3afc2a0c06aeea45f6f3
				04BA918C23DAD708007EDA1F /* ModelSimplePraceList.swift in Sources */,
				A91333842363270300A54FEC /* ModelSamplePriceList.swift in Sources */,
				04BA917F23D9CD1E007EDA1F /* AccauntVC.swift in Sources */,
				0409686F2383C6D300B84ABC /* StyleFonts.swift in Sources */,
				A99DC6BE2372AF5D0045D83C /* CategoryListServiceVC.swift in Sources */,
				042C2DA523C763230073DE33 /* CustomTVCells.swift in Sources */,
				042C2DAF23C7677F0073DE33 /* SetupTextView.swift in Sources */,
				04FDA55D23D713B90050AD06 /* SupportDesign.swift in Sources */,
				042C2DA123C75DD00073DE33 /* SetupDataPicker.swift in Sources */,
				045D423823B0D65E00C85243 /* LoginVC.swift in Sources */,
				046744F123D085BA00616972 /* RegSelectionScreenVC.swift in Sources */,
				04C4A44923EAD5CB003EC905 /* AddNewCommentVC.swift in Sources */,
				04D9A880239ED2A70063653D /* AddNewMasterVC.swift in Sources */,
				047DAA0823A78A1F0044362E /* DetailServiceVC.swift in Sources */,
				0406900C23E0264500EC57DD /* Model.swift in Sources */,
				045D423A23B11BAF00C85243 /* PersonAccountVC.swift in Sources */,
				A9133370236317A400A54FEC /* SceneDelegate.swift in Sources */,
				0403F68223FAC799003C2B47 /* SHCircleBarController.swift in Sources */,
				0443593C23EC19DA0034C9B6 /* PresentTextVC.swift in Sources */,
				04C4A44B23EB01C1003EC905 /* ModelAddNewComment.swift in Sources */,
				04859C2023851B5D000E8709 /* AnimateUI.swift in Sources */,
			);
			runOnlyForDeploymentPostprocessing = 0;
		};
/* End PBXSourcesBuildPhase section */

/* Begin PBXVariantGroup section */
		A9133373236317A400A54FEC /* Main.storyboard */ = {
			isa = PBXVariantGroup;
			children = (
				A9133374236317A400A54FEC /* Base */,
			);
			name = Main.storyboard;
			sourceTree = "<group>";
		};
		A9133378236317A700A54FEC /* LaunchScreen.storyboard */ = {
			isa = PBXVariantGroup;
			children = (
				A9133379236317A700A54FEC /* Base */,
			);
			name = LaunchScreen.storyboard;
			sourceTree = "<group>";
		};
/* End PBXVariantGroup section */

/* Begin XCBuildConfiguration section */
		A913337C236317A700A54FEC /* Debug */ = {
			isa = XCBuildConfiguration;
			baseConfigurationReference = 017E11B325003FE43014A310 /* Pods-Flamingo.debug.xcconfig */;
			buildSettings = {
				ALWAYS_SEARCH_USER_PATHS = NO;
				CLANG_ANALYZER_NONNULL = YES;
				CLANG_ANALYZER_NUMBER_OBJECT_CONVERSION = YES_AGGRESSIVE;
				CLANG_CXX_LANGUAGE_STANDARD = "gnu++14";
				CLANG_CXX_LIBRARY = "libc++";
				CLANG_ENABLE_MODULES = YES;
				CLANG_ENABLE_OBJC_ARC = YES;
				CLANG_ENABLE_OBJC_WEAK = YES;
				CLANG_WARN_BLOCK_CAPTURE_AUTORELEASING = YES;
				CLANG_WARN_BOOL_CONVERSION = YES;
				CLANG_WARN_COMMA = YES;
				CLANG_WARN_CONSTANT_CONVERSION = YES;
				CLANG_WARN_DEPRECATED_OBJC_IMPLEMENTATIONS = YES;
				CLANG_WARN_DIRECT_OBJC_ISA_USAGE = YES_ERROR;
				CLANG_WARN_DOCUMENTATION_COMMENTS = YES;
				CLANG_WARN_EMPTY_BODY = YES;
				CLANG_WARN_ENUM_CONVERSION = YES;
				CLANG_WARN_INFINITE_RECURSION = YES;
				CLANG_WARN_INT_CONVERSION = YES;
				CLANG_WARN_NON_LITERAL_NULL_CONVERSION = YES;
				CLANG_WARN_OBJC_IMPLICIT_RETAIN_SELF = YES;
				CLANG_WARN_OBJC_LITERAL_CONVERSION = YES;
				CLANG_WARN_OBJC_ROOT_CLASS = YES_ERROR;
				CLANG_WARN_RANGE_LOOP_ANALYSIS = YES;
				CLANG_WARN_STRICT_PROTOTYPES = YES;
				CLANG_WARN_SUSPICIOUS_MOVE = YES;
				CLANG_WARN_UNGUARDED_AVAILABILITY = YES_AGGRESSIVE;
				CLANG_WARN_UNREACHABLE_CODE = YES;
				CLANG_WARN__DUPLICATE_METHOD_MATCH = YES;
				COPY_PHASE_STRIP = NO;
				DEBUG_INFORMATION_FORMAT = dwarf;
				DEVELOPMENT_TEAM = 3WT2QN7Y27;
				ENABLE_STRICT_OBJC_MSGSEND = YES;
				ENABLE_TESTABILITY = YES;
				FRAMEWORK_SEARCH_PATHS = (
					"$(inherited)",
					"\"${PODS_CONFIGURATION_BUILD_DIR}/BoringSSL-GRPC\"",
					"\"${PODS_CONFIGURATION_BUILD_DIR}/FirebaseAuth\"",
					"\"${PODS_CONFIGURATION_BUILD_DIR}/FirebaseCore\"",
					"\"${PODS_CONFIGURATION_BUILD_DIR}/FirebaseCoreDiagnostics\"",
					"\"${PODS_CONFIGURATION_BUILD_DIR}/FirebaseFirestore\"",
					"\"${PODS_CONFIGURATION_BUILD_DIR}/FirebaseStorage\"",
					"\"${PODS_CONFIGURATION_BUILD_DIR}/GTMSessionFetcher\"",
					"\"${PODS_CONFIGURATION_BUILD_DIR}/GoogleDataTransport\"",
					"\"${PODS_CONFIGURATION_BUILD_DIR}/GoogleDataTransportCCTSupport\"",
					"\"${PODS_CONFIGURATION_BUILD_DIR}/GoogleUtilities\"",
					"\"${PODS_CONFIGURATION_BUILD_DIR}/Realm\"",
					"\"${PODS_CONFIGURATION_BUILD_DIR}/RealmSwift\"",
					"\"${PODS_CONFIGURATION_BUILD_DIR}/abseil\"",
					"\"${PODS_CONFIGURATION_BUILD_DIR}/gRPC-C++\"",
					"\"${PODS_CONFIGURATION_BUILD_DIR}/gRPC-Core\"",
					"\"${PODS_CONFIGURATION_BUILD_DIR}/leveldb-library\"",
					"\"${PODS_CONFIGURATION_BUILD_DIR}/nanopb\"",
				);
				GCC_C_LANGUAGE_STANDARD = gnu11;
				GCC_DYNAMIC_NO_PIC = NO;
				GCC_NO_COMMON_BLOCKS = YES;
				GCC_OPTIMIZATION_LEVEL = 0;
				GCC_PREPROCESSOR_DEFINITIONS = (
					"DEBUG=1",
					"$(inherited)",
				);
				GCC_WARN_64_TO_32_BIT_CONVERSION = YES;
				GCC_WARN_ABOUT_RETURN_TYPE = YES_ERROR;
				GCC_WARN_UNDECLARED_SELECTOR = YES;
				GCC_WARN_UNINITIALIZED_AUTOS = YES_AGGRESSIVE;
				GCC_WARN_UNUSED_FUNCTION = YES;
				GCC_WARN_UNUSED_VARIABLE = YES;
				IPHONEOS_DEPLOYMENT_TARGET = 13.2;
				"LIBRARY_SEARCH_PATHS[arch=*]" = (
					"$(inherited)",
					"\"${PODS_ROOT}/Realm/core\"",
				);
				MTL_ENABLE_DEBUG_INFO = INCLUDE_SOURCE;
				MTL_FAST_MATH = YES;
				ONLY_ACTIVE_ARCH = YES;
				SDKROOT = iphoneos;
				SWIFT_ACTIVE_COMPILATION_CONDITIONS = DEBUG;
				SWIFT_OPTIMIZATION_LEVEL = "-Onone";
			};
			name = Debug;
		};
		A913337D236317A700A54FEC /* Release */ = {
			isa = XCBuildConfiguration;
			buildSettings = {
				ALWAYS_SEARCH_USER_PATHS = NO;
				CLANG_ANALYZER_NONNULL = YES;
				CLANG_ANALYZER_NUMBER_OBJECT_CONVERSION = YES_AGGRESSIVE;
				CLANG_CXX_LANGUAGE_STANDARD = "gnu++14";
				CLANG_CXX_LIBRARY = "libc++";
				CLANG_ENABLE_MODULES = YES;
				CLANG_ENABLE_OBJC_ARC = YES;
				CLANG_ENABLE_OBJC_WEAK = YES;
				CLANG_WARN_BLOCK_CAPTURE_AUTORELEASING = YES;
				CLANG_WARN_BOOL_CONVERSION = YES;
				CLANG_WARN_COMMA = YES;
				CLANG_WARN_CONSTANT_CONVERSION = YES;
				CLANG_WARN_DEPRECATED_OBJC_IMPLEMENTATIONS = YES;
				CLANG_WARN_DIRECT_OBJC_ISA_USAGE = YES_ERROR;
				CLANG_WARN_DOCUMENTATION_COMMENTS = YES;
				CLANG_WARN_EMPTY_BODY = YES;
				CLANG_WARN_ENUM_CONVERSION = YES;
				CLANG_WARN_INFINITE_RECURSION = YES;
				CLANG_WARN_INT_CONVERSION = YES;
				CLANG_WARN_NON_LITERAL_NULL_CONVERSION = YES;
				CLANG_WARN_OBJC_IMPLICIT_RETAIN_SELF = YES;
				CLANG_WARN_OBJC_LITERAL_CONVERSION = YES;
				CLANG_WARN_OBJC_ROOT_CLASS = YES_ERROR;
				CLANG_WARN_RANGE_LOOP_ANALYSIS = YES;
				CLANG_WARN_STRICT_PROTOTYPES = YES;
				CLANG_WARN_SUSPICIOUS_MOVE = YES;
				CLANG_WARN_UNGUARDED_AVAILABILITY = YES_AGGRESSIVE;
				CLANG_WARN_UNREACHABLE_CODE = YES;
				CLANG_WARN__DUPLICATE_METHOD_MATCH = YES;
				COPY_PHASE_STRIP = NO;
				DEBUG_INFORMATION_FORMAT = "dwarf-with-dsym";
				DEVELOPMENT_TEAM = 3WT2QN7Y27;
				ENABLE_NS_ASSERTIONS = NO;
				ENABLE_STRICT_OBJC_MSGSEND = YES;
				FRAMEWORK_SEARCH_PATHS = "";
				GCC_C_LANGUAGE_STANDARD = gnu11;
				GCC_NO_COMMON_BLOCKS = YES;
				GCC_WARN_64_TO_32_BIT_CONVERSION = YES;
				GCC_WARN_ABOUT_RETURN_TYPE = YES_ERROR;
				GCC_WARN_UNDECLARED_SELECTOR = YES;
				GCC_WARN_UNINITIALIZED_AUTOS = YES_AGGRESSIVE;
				GCC_WARN_UNUSED_FUNCTION = YES;
				GCC_WARN_UNUSED_VARIABLE = YES;
				HEADER_SEARCH_PATHS = "";
				IPHONEOS_DEPLOYMENT_TARGET = 13.2;
				LIBRARY_SEARCH_PATHS = "";
				MTL_ENABLE_DEBUG_INFO = NO;
				MTL_FAST_MATH = YES;
				SDKROOT = iphoneos;
				SWIFT_COMPILATION_MODE = wholemodule;
				SWIFT_OPTIMIZATION_LEVEL = "-O";
				VALIDATE_PRODUCT = YES;
			};
			name = Release;
		};
		A913337F236317A700A54FEC /* Debug */ = {
			isa = XCBuildConfiguration;
			baseConfigurationReference = 017E11B325003FE43014A310 /* Pods-Flamingo.debug.xcconfig */;
			buildSettings = {
				ASSETCATALOG_COMPILER_APPICON_NAME = AppIcon;
				CODE_SIGN_ENTITLEMENTS = Flamingo/Flamingo.entitlements;
				CODE_SIGN_STYLE = Automatic;
				DEVELOPMENT_TEAM = 3WT2QN7Y27;
				INFOPLIST_FILE = Flamingo/Info.plist;
				IPHONEOS_DEPLOYMENT_TARGET = 13.2;
				LD_RUNPATH_SEARCH_PATHS = (
					"$(inherited)",
					"@executable_path/Frameworks",
				);
				PRODUCT_BUNDLE_IDENTIFIER = BigBroGame.Flamingo;
				PRODUCT_NAME = "$(TARGET_NAME)";
				SWIFT_VERSION = 5.0;
				TARGETED_DEVICE_FAMILY = 1;
			};
			name = Debug;
		};
		A9133380236317A700A54FEC /* Release */ = {
			isa = XCBuildConfiguration;
			baseConfigurationReference = 7F41E300219C6C6AA236A88F /* Pods-Flamingo.release.xcconfig */;
			buildSettings = {
				ASSETCATALOG_COMPILER_APPICON_NAME = AppIcon;
				CODE_SIGN_ENTITLEMENTS = Flamingo/Flamingo.entitlements;
				CODE_SIGN_STYLE = Automatic;
				DEVELOPMENT_TEAM = 3WT2QN7Y27;
				INFOPLIST_FILE = Flamingo/Info.plist;
				IPHONEOS_DEPLOYMENT_TARGET = 13.2;
				LD_RUNPATH_SEARCH_PATHS = (
					"$(inherited)",
					"@executable_path/Frameworks",
				);
				PRODUCT_BUNDLE_IDENTIFIER = BigBroGame.Flamingo;
				PRODUCT_NAME = "$(TARGET_NAME)";
				SWIFT_VERSION = 5.0;
				TARGETED_DEVICE_FAMILY = 1;
			};
			name = Release;
		};
/* End XCBuildConfiguration section */

/* Begin XCConfigurationList section */
		A9133365236317A400A54FEC /* Build configuration list for PBXProject "Flamingo" */ = {
			isa = XCConfigurationList;
			buildConfigurations = (
				A913337C236317A700A54FEC /* Debug */,
				A913337D236317A700A54FEC /* Release */,
			);
			defaultConfigurationIsVisible = 0;
			defaultConfigurationName = Debug;
		};
		A913337E236317A700A54FEC /* Build configuration list for PBXNativeTarget "Flamingo" */ = {
			isa = XCConfigurationList;
			buildConfigurations = (
				A913337F236317A700A54FEC /* Debug */,
				A9133380236317A700A54FEC /* Release */,
			);
			defaultConfigurationIsVisible = 0;
			defaultConfigurationName = Debug;
		};
/* End XCConfigurationList section */
	};
	rootObject = A9133362236317A400A54FEC /* Project object */;
}
