// !$*UTF8*$!
{
	archiveVersion = 1;
	classes = {
	};
	objectVersion = 51;
	objects = {

/* Begin PBXBuildFile section */
		A28172CD896F24A158A516BB /* Pods_Flamingo.framework in Frameworks */ = {isa = PBXBuildFile; fileRef = 26B5E537AC8A565B6CD7FFEC /* Pods_Flamingo.framework */; };
		A913336E236317A400A54FEC /* AppDelegate.swift in Sources */ = {isa = PBXBuildFile; fileRef = A913336D236317A400A54FEC /* AppDelegate.swift */; };
		A9133370236317A400A54FEC /* SceneDelegate.swift in Sources */ = {isa = PBXBuildFile; fileRef = A913336F236317A400A54FEC /* SceneDelegate.swift */; };
		A9133372236317A400A54FEC /* ViewController.swift in Sources */ = {isa = PBXBuildFile; fileRef = A9133371236317A400A54FEC /* ViewController.swift */; };
		A9133375236317A400A54FEC /* Main.storyboard in Resources */ = {isa = PBXBuildFile; fileRef = A9133373236317A400A54FEC /* Main.storyboard */; };
		A9133377236317A700A54FEC /* Assets.xcassets in Resources */ = {isa = PBXBuildFile; fileRef = A9133376236317A700A54FEC /* Assets.xcassets */; };
		A913337A236317A700A54FEC /* LaunchScreen.storyboard in Resources */ = {isa = PBXBuildFile; fileRef = A9133378236317A700A54FEC /* LaunchScreen.storyboard */; };
		A91333822363230F00A54FEC /* SamplePriceListVC.swift in Sources */ = {isa = PBXBuildFile; fileRef = A91333812363230F00A54FEC /* SamplePriceListVC.swift */; };
		A91333842363270300A54FEC /* ModelSamplePriceList.swift in Sources */ = {isa = PBXBuildFile; fileRef = A91333832363270300A54FEC /* ModelSamplePriceList.swift */; };
		A91333862363569000A54FEC /* CustomTVCell.swift in Sources */ = {isa = PBXBuildFile; fileRef = A91333852363569000A54FEC /* CustomTVCell.swift */; };
		A92731FC236C23EC00976122 /* ModelController.swift in Sources */ = {isa = PBXBuildFile; fileRef = A92731FB236C23EC00976122 /* ModelController.swift */; };
		A92731FE236C51BA00976122 /* default.realm in Resources */ = {isa = PBXBuildFile; fileRef = A92731FD236C51B900976122 /* default.realm */; };
		A99DC6BE2372AF5D0045D83C /* CategoryListServiceVC.swift in Sources */ = {isa = PBXBuildFile; fileRef = A99DC6BD2372AF5D0045D83C /* CategoryListServiceVC.swift */; };
		A99DC6C02372AF9F0045D83C /* CustumCVC.swift in Sources */ = {isa = PBXBuildFile; fileRef = A99DC6BF2372AF9F0045D83C /* CustumCVC.swift */; };
		A9B5B29B236B445900B47359 /* DetailServiceVC.swift in Sources */ = {isa = PBXBuildFile; fileRef = A9B5B29A236B445900B47359 /* DetailServiceVC.swift */; };
		A9DA361E23676D1A0004B711 /* ModelDataBase.swift in Sources */ = {isa = PBXBuildFile; fileRef = A9DA361D23676D1A0004B711 /* ModelDataBase.swift */; };
		A9DA3620236782020004B711 /* StorageManager.swift in Sources */ = {isa = PBXBuildFile; fileRef = A9DA361F236782020004B711 /* StorageManager.swift */; };
/* End PBXBuildFile section */

/* Begin PBXFileReference section */
		26B5E537AC8A565B6CD7FFEC /* Pods_Flamingo.framework */ = {isa = PBXFileReference; explicitFileType = wrapper.framework; includeInIndex = 0; path = Pods_Flamingo.framework; sourceTree = BUILT_PRODUCTS_DIR; };
		A913336A236317A400A54FEC /* Flamingo.app */ = {isa = PBXFileReference; explicitFileType = wrapper.application; includeInIndex = 0; path = Flamingo.app; sourceTree = BUILT_PRODUCTS_DIR; };
		A913336D236317A400A54FEC /* AppDelegate.swift */ = {isa = PBXFileReference; lastKnownFileType = sourcecode.swift; path = AppDelegate.swift; sourceTree = "<group>"; };
		A913336F236317A400A54FEC /* SceneDelegate.swift */ = {isa = PBXFileReference; lastKnownFileType = sourcecode.swift; path = SceneDelegate.swift; sourceTree = "<group>"; };
		A9133371236317A400A54FEC /* ViewController.swift */ = {isa = PBXFileReference; lastKnownFileType = sourcecode.swift; path = ViewController.swift; sourceTree = "<group>"; };
		A9133374236317A400A54FEC /* Base */ = {isa = PBXFileReference; lastKnownFileType = file.storyboard; name = Base; path = Base.lproj/Main.storyboard; sourceTree = "<group>"; };
		A9133376236317A700A54FEC /* Assets.xcassets */ = {isa = PBXFileReference; lastKnownFileType = folder.assetcatalog; path = Assets.xcassets; sourceTree = "<group>"; };
		A9133379236317A700A54FEC /* Base */ = {isa = PBXFileReference; lastKnownFileType = file.storyboard; name = Base; path = Base.lproj/LaunchScreen.storyboard; sourceTree = "<group>"; };
		A913337B236317A700A54FEC /* Info.plist */ = {isa = PBXFileReference; lastKnownFileType = text.plist.xml; path = Info.plist; sourceTree = "<group>"; };
		A91333812363230F00A54FEC /* SamplePriceListVC.swift */ = {isa = PBXFileReference; lastKnownFileType = sourcecode.swift; path = SamplePriceListVC.swift; sourceTree = "<group>"; };
		A91333832363270300A54FEC /* ModelSamplePriceList.swift */ = {isa = PBXFileReference; lastKnownFileType = sourcecode.swift; path = ModelSamplePriceList.swift; sourceTree = "<group>"; };
		A91333852363569000A54FEC /* CustomTVCell.swift */ = {isa = PBXFileReference; lastKnownFileType = sourcecode.swift; path = CustomTVCell.swift; sourceTree = "<group>"; };
		A92731FB236C23EC00976122 /* ModelController.swift */ = {isa = PBXFileReference; lastKnownFileType = sourcecode.swift; path = ModelController.swift; sourceTree = "<group>"; };
		A92731FD236C51B900976122 /* default.realm */ = {isa = PBXFileReference; lastKnownFileType = file; path = default.realm; sourceTree = "<group>"; };
		A99DC6BD2372AF5D0045D83C /* CategoryListServiceVC.swift */ = {isa = PBXFileReference; lastKnownFileType = sourcecode.swift; path = CategoryListServiceVC.swift; sourceTree = "<group>"; };
		A99DC6BF2372AF9F0045D83C /* CustumCVC.swift */ = {isa = PBXFileReference; lastKnownFileType = sourcecode.swift; path = CustumCVC.swift; sourceTree = "<group>"; };
		A9B5B29A236B445900B47359 /* DetailServiceVC.swift */ = {isa = PBXFileReference; lastKnownFileType = sourcecode.swift; path = DetailServiceVC.swift; sourceTree = "<group>"; };
		A9DA361D23676D1A0004B711 /* ModelDataBase.swift */ = {isa = PBXFileReference; lastKnownFileType = sourcecode.swift; path = ModelDataBase.swift; sourceTree = "<group>"; };
		A9DA361F236782020004B711 /* StorageManager.swift */ = {isa = PBXFileReference; lastKnownFileType = sourcecode.swift; path = StorageManager.swift; sourceTree = "<group>"; };
		CC9F2068E1D5AC0849C98437 /* Pods-Flamingo.debug.xcconfig */ = {isa = PBXFileReference; includeInIndex = 1; lastKnownFileType = text.xcconfig; name = "Pods-Flamingo.debug.xcconfig"; path = "Target Support Files/Pods-Flamingo/Pods-Flamingo.debug.xcconfig"; sourceTree = "<group>"; };
		DE7C5BF31A635E258B4DE997 /* Pods-Flamingo.release.xcconfig */ = {isa = PBXFileReference; includeInIndex = 1; lastKnownFileType = text.xcconfig; name = "Pods-Flamingo.release.xcconfig"; path = "Target Support Files/Pods-Flamingo/Pods-Flamingo.release.xcconfig"; sourceTree = "<group>"; };
/* End PBXFileReference section */

/* Begin PBXFrameworksBuildPhase section */
		A9133367236317A400A54FEC /* Frameworks */ = {
			isa = PBXFrameworksBuildPhase;
			buildActionMask = 2147483647;
			files = (
				A28172CD896F24A158A516BB /* Pods_Flamingo.framework in Frameworks */,
			);
			runOnlyForDeploymentPostprocessing = 0;
		};
/* End PBXFrameworksBuildPhase section */

/* Begin PBXGroup section */
		3CE2C73A7FD61A2D841357A2 /* Pods */ = {
			isa = PBXGroup;
			children = (
				CC9F2068E1D5AC0849C98437 /* Pods-Flamingo.debug.xcconfig */,
				DE7C5BF31A635E258B4DE997 /* Pods-Flamingo.release.xcconfig */,
			);
			path = Pods;
			sourceTree = "<group>";
		};
		A9133361236317A400A54FEC = {
			isa = PBXGroup;
			children = (
				A913336C236317A400A54FEC /* Flamingo */,
				A913336B236317A400A54FEC /* Products */,
				3CE2C73A7FD61A2D841357A2 /* Pods */,
				EE939168D344B9CC4DC7857B /* Frameworks */,
			);
			sourceTree = "<group>";
		};
		A913336B236317A400A54FEC /* Products */ = {
			isa = PBXGroup;
			children = (
				A913336A236317A400A54FEC /* Flamingo.app */,
			);
			name = Products;
			sourceTree = "<group>";
		};
		A913336C236317A400A54FEC /* Flamingo */ = {
			isa = PBXGroup;
			children = (
				A9DA361C236740B80004B711 /* Models */,
				A9DA361A236740910004B711 /* iBuillder */,
				A9DA36192367406F0004B711 /* Helpers */,
				A9DA3617236740360004B711 /* Controller */,
				A913337B236317A700A54FEC /* Info.plist */,
			);
			path = Flamingo;
			sourceTree = "<group>";
		};
		A9DA3617236740360004B711 /* Controller */ = {
			isa = PBXGroup;
			children = (
				A9133371236317A400A54FEC /* ViewController.swift */,
				A91333812363230F00A54FEC /* SamplePriceListVC.swift */,
				A91333852363569000A54FEC /* CustomTVCell.swift */,
				A9B5B29A236B445900B47359 /* DetailServiceVC.swift */,
				A99DC6BD2372AF5D0045D83C /* CategoryListServiceVC.swift */,
				A99DC6BF2372AF9F0045D83C /* CustumCVC.swift */,
			);
			path = Controller;
			sourceTree = "<group>";
		};
		A9DA36192367406F0004B711 /* Helpers */ = {
			isa = PBXGroup;
			children = (
				A92731FD236C51B900976122 /* default.realm */,
				A913336D236317A400A54FEC /* AppDelegate.swift */,
				A913336F236317A400A54FEC /* SceneDelegate.swift */,
				A9133376236317A700A54FEC /* Assets.xcassets */,
			);
			path = Helpers;
			sourceTree = "<group>";
		};
		A9DA361A236740910004B711 /* iBuillder */ = {
			isa = PBXGroup;
			children = (
				A9DA361F236782020004B711 /* StorageManager.swift */,
				A9133373236317A400A54FEC /* Main.storyboard */,
				A9133378236317A700A54FEC /* LaunchScreen.storyboard */,
			);
			path = iBuillder;
			sourceTree = "<group>";
		};
		A9DA361C236740B80004B711 /* Models */ = {
			isa = PBXGroup;
			children = (
				A91333832363270300A54FEC /* ModelSamplePriceList.swift */,
				A9DA361D23676D1A0004B711 /* ModelDataBase.swift */,
				A92731FB236C23EC00976122 /* ModelController.swift */,
			);
			path = Models;
			sourceTree = "<group>";
		};
		EE939168D344B9CC4DC7857B /* Frameworks */ = {
			isa = PBXGroup;
			children = (
				26B5E537AC8A565B6CD7FFEC /* Pods_Flamingo.framework */,
			);
			name = Frameworks;
			sourceTree = "<group>";
		};
/* End PBXGroup section */

/* Begin PBXNativeTarget section */
		A9133369236317A400A54FEC /* Flamingo */ = {
			isa = PBXNativeTarget;
			buildConfigurationList = A913337E236317A700A54FEC /* Build configuration list for PBXNativeTarget "Flamingo" */;
			buildPhases = (
				C67FBDE67C55136DB0D2A18C /* [CP] Check Pods Manifest.lock */,
				A9133366236317A400A54FEC /* Sources */,
				A9133367236317A400A54FEC /* Frameworks */,
				A9133368236317A400A54FEC /* Resources */,
				C241E98CD991AFFB0CF771ED /* [CP] Embed Pods Frameworks */,
			);
			buildRules = (
			);
			dependencies = (
			);
			name = Flamingo;
			productName = Flamingo;
			productReference = A913336A236317A400A54FEC /* Flamingo.app */;
			productType = "com.apple.product-type.application";
		};
/* End PBXNativeTarget section */

/* Begin PBXProject section */
		A9133362236317A400A54FEC /* Project object */ = {
			isa = PBXProject;
			attributes = {
				LastSwiftUpdateCheck = 1110;
				LastUpgradeCheck = 1110;
				ORGANIZATIONNAME = "Алексей Карпежников";
				TargetAttributes = {
					A9133369236317A400A54FEC = {
						CreatedOnToolsVersion = 11.1;
					};
				};
			};
			buildConfigurationList = A9133365236317A400A54FEC /* Build configuration list for PBXProject "Flamingo" */;
			compatibilityVersion = "Xcode 9.3";
			developmentRegion = en;
			hasScannedForEncodings = 0;
			knownRegions = (
				en,
				Base,
			);
			mainGroup = A9133361236317A400A54FEC;
			productRefGroup = A913336B236317A400A54FEC /* Products */;
			projectDirPath = "";
			projectRoot = "";
			targets = (
				A9133369236317A400A54FEC /* Flamingo */,
			);
		};
/* End PBXProject section */

/* Begin PBXResourcesBuildPhase section */
		A9133368236317A400A54FEC /* Resources */ = {
			isa = PBXResourcesBuildPhase;
			buildActionMask = 2147483647;
			files = (
				A913337A236317A700A54FEC /* LaunchScreen.storyboard in Resources */,
				A92731FE236C51BA00976122 /* default.realm in Resources */,
				A9133377236317A700A54FEC /* Assets.xcassets in Resources */,
				A9133375236317A400A54FEC /* Main.storyboard in Resources */,
			);
			runOnlyForDeploymentPostprocessing = 0;
		};
/* End PBXResourcesBuildPhase section */

/* Begin PBXShellScriptBuildPhase section */
		C241E98CD991AFFB0CF771ED /* [CP] Embed Pods Frameworks */ = {
			isa = PBXShellScriptBuildPhase;
			buildActionMask = 2147483647;
			files = (
			);
			inputFileListPaths = (
				"${PODS_ROOT}/Target Support Files/Pods-Flamingo/Pods-Flamingo-frameworks-${CONFIGURATION}-input-files.xcfilelist",
			);
			name = "[CP] Embed Pods Frameworks";
			outputFileListPaths = (
				"${PODS_ROOT}/Target Support Files/Pods-Flamingo/Pods-Flamingo-frameworks-${CONFIGURATION}-output-files.xcfilelist",
			);
			runOnlyForDeploymentPostprocessing = 0;
			shellPath = /bin/sh;
			shellScript = "\"${PODS_ROOT}/Target Support Files/Pods-Flamingo/Pods-Flamingo-frameworks.sh\"\n";
			showEnvVarsInLog = 0;
		};
		C67FBDE67C55136DB0D2A18C /* [CP] Check Pods Manifest.lock */ = {
			isa = PBXShellScriptBuildPhase;
			buildActionMask = 2147483647;
			files = (
			);
			inputFileListPaths = (
			);
			inputPaths = (
				"${PODS_PODFILE_DIR_PATH}/Podfile.lock",
				"${PODS_ROOT}/Manifest.lock",
			);
			name = "[CP] Check Pods Manifest.lock";
			outputFileListPaths = (
			);
			outputPaths = (
				"$(DERIVED_FILE_DIR)/Pods-Flamingo-checkManifestLockResult.txt",
			);
			runOnlyForDeploymentPostprocessing = 0;
			shellPath = /bin/sh;
			shellScript = "diff \"${PODS_PODFILE_DIR_PATH}/Podfile.lock\" \"${PODS_ROOT}/Manifest.lock\" > /dev/null\nif [ $? != 0 ] ; then\n    # print error to STDERR\n    echo \"error: The sandbox is not in sync with the Podfile.lock. Run 'pod install' or update your CocoaPods installation.\" >&2\n    exit 1\nfi\n# This output is used by Xcode 'outputs' to avoid re-running this script phase.\necho \"SUCCESS\" > \"${SCRIPT_OUTPUT_FILE_0}\"\n";
			showEnvVarsInLog = 0;
		};
/* End PBXShellScriptBuildPhase section */

/* Begin PBXSourcesBuildPhase section */
		A9133366236317A400A54FEC /* Sources */ = {
			isa = PBXSourcesBuildPhase;
			buildActionMask = 2147483647;
			files = (
				A91333862363569000A54FEC /* CustomTVCell.swift in Sources */,
				A92731FC236C23EC00976122 /* ModelController.swift in Sources */,
				A91333822363230F00A54FEC /* SamplePriceListVC.swift in Sources */,
				A9DA3620236782020004B711 /* StorageManager.swift in Sources */,
				A9B5B29B236B445900B47359 /* DetailServiceVC.swift in Sources */,
				A9133372236317A400A54FEC /* ViewController.swift in Sources */,
				A9DA361E23676D1A0004B711 /* ModelDataBase.swift in Sources */,
				A99DC6C02372AF9F0045D83C /* CustumCVC.swift in Sources */,
				A913336E236317A400A54FEC /* AppDelegate.swift in Sources */,
				A91333842363270300A54FEC /* ModelSamplePriceList.swift in Sources */,
				A99DC6BE2372AF5D0045D83C /* CategoryListServiceVC.swift in Sources */,
				A9133370236317A400A54FEC /* SceneDelegate.swift in Sources */,
			);
			runOnlyForDeploymentPostprocessing = 0;
		};
/* End PBXSourcesBuildPhase section */

/* Begin PBXVariantGroup section */
		A9133373236317A400A54FEC /* Main.storyboard */ = {
			isa = PBXVariantGroup;
			children = (
				A9133374236317A400A54FEC /* Base */,
			);
			name = Main.storyboard;
			sourceTree = "<group>";
		};
		A9133378236317A700A54FEC /* LaunchScreen.storyboard */ = {
			isa = PBXVariantGroup;
			children = (
				A9133379236317A700A54FEC /* Base */,
			);
			name = LaunchScreen.storyboard;
			sourceTree = "<group>";
		};
/* End PBXVariantGroup section */

/* Begin XCBuildConfiguration section */
		A913337C236317A700A54FEC /* Debug */ = {
			isa = XCBuildConfiguration;
			buildSettings = {
				ALWAYS_SEARCH_USER_PATHS = NO;
				CLANG_ANALYZER_NONNULL = YES;
				CLANG_ANALYZER_NUMBER_OBJECT_CONVERSION = YES_AGGRESSIVE;
				CLANG_CXX_LANGUAGE_STANDARD = "gnu++14";
				CLANG_CXX_LIBRARY = "libc++";
				CLANG_ENABLE_MODULES = YES;
				CLANG_ENABLE_OBJC_ARC = YES;
				CLANG_ENABLE_OBJC_WEAK = YES;
				CLANG_WARN_BLOCK_CAPTURE_AUTORELEASING = YES;
				CLANG_WARN_BOOL_CONVERSION = YES;
				CLANG_WARN_COMMA = YES;
				CLANG_WARN_CONSTANT_CONVERSION = YES;
				CLANG_WARN_DEPRECATED_OBJC_IMPLEMENTATIONS = YES;
				CLANG_WARN_DIRECT_OBJC_ISA_USAGE = YES_ERROR;
				CLANG_WARN_DOCUMENTATION_COMMENTS = YES;
				CLANG_WARN_EMPTY_BODY = YES;
				CLANG_WARN_ENUM_CONVERSION = YES;
				CLANG_WARN_INFINITE_RECURSION = YES;
				CLANG_WARN_INT_CONVERSION = YES;
				CLANG_WARN_NON_LITERAL_NULL_CONVERSION = YES;
				CLANG_WARN_OBJC_IMPLICIT_RETAIN_SELF = YES;
				CLANG_WARN_OBJC_LITERAL_CONVERSION = YES;
				CLANG_WARN_OBJC_ROOT_CLASS = YES_ERROR;
				CLANG_WARN_RANGE_LOOP_ANALYSIS = YES;
				CLANG_WARN_STRICT_PROTOTYPES = YES;
				CLANG_WARN_SUSPICIOUS_MOVE = YES;
				CLANG_WARN_UNGUARDED_AVAILABILITY = YES_AGGRESSIVE;
				CLANG_WARN_UNREACHABLE_CODE = YES;
				CLANG_WARN__DUPLICATE_METHOD_MATCH = YES;
				COPY_PHASE_STRIP = NO;
				DEBUG_INFORMATION_FORMAT = dwarf;
				ENABLE_STRICT_OBJC_MSGSEND = YES;
				ENABLE_TESTABILITY = YES;
				GCC_C_LANGUAGE_STANDARD = gnu11;
				GCC_DYNAMIC_NO_PIC = NO;
				GCC_NO_COMMON_BLOCKS = YES;
				GCC_OPTIMIZATION_LEVEL = 0;
				GCC_PREPROCESSOR_DEFINITIONS = (
					"DEBUG=1",
					"$(inherited)",
				);
				GCC_WARN_64_TO_32_BIT_CONVERSION = YES;
				GCC_WARN_ABOUT_RETURN_TYPE = YES_ERROR;
				GCC_WARN_UNDECLARED_SELECTOR = YES;
				GCC_WARN_UNINITIALIZED_AUTOS = YES_AGGRESSIVE;
				GCC_WARN_UNUSED_FUNCTION = YES;
				GCC_WARN_UNUSED_VARIABLE = YES;
				IPHONEOS_DEPLOYMENT_TARGET = 13.1;
				MTL_ENABLE_DEBUG_INFO = INCLUDE_SOURCE;
				MTL_FAST_MATH = YES;
				ONLY_ACTIVE_ARCH = YES;
				SDKROOT = iphoneos;
				SWIFT_ACTIVE_COMPILATION_CONDITIONS = DEBUG;
				SWIFT_OPTIMIZATION_LEVEL = "-Onone";
			};
			name = Debug;
		};
		A913337D236317A700A54FEC /* Release */ = {
			isa = XCBuildConfiguration;
			buildSettings = {
				ALWAYS_SEARCH_USER_PATHS = NO;
				CLANG_ANALYZER_NONNULL = YES;
				CLANG_ANALYZER_NUMBER_OBJECT_CONVERSION = YES_AGGRESSIVE;
				CLANG_CXX_LANGUAGE_STANDARD = "gnu++14";
				CLANG_CXX_LIBRARY = "libc++";
				CLANG_ENABLE_MODULES = YES;
				CLANG_ENABLE_OBJC_ARC = YES;
				CLANG_ENABLE_OBJC_WEAK = YES;
				CLANG_WARN_BLOCK_CAPTURE_AUTORELEASING = YES;
				CLANG_WARN_BOOL_CONVERSION = YES;
				CLANG_WARN_COMMA = YES;
				CLANG_WARN_CONSTANT_CONVERSION = YES;
				CLANG_WARN_DEPRECATED_OBJC_IMPLEMENTATIONS = YES;
				CLANG_WARN_DIRECT_OBJC_ISA_USAGE = YES_ERROR;
				CLANG_WARN_DOCUMENTATION_COMMENTS = YES;
				CLANG_WARN_EMPTY_BODY = YES;
				CLANG_WARN_ENUM_CONVERSION = YES;
				CLANG_WARN_INFINITE_RECURSION = YES;
				CLANG_WARN_INT_CONVERSION = YES;
				CLANG_WARN_NON_LITERAL_NULL_CONVERSION = YES;
				CLANG_WARN_OBJC_IMPLICIT_RETAIN_SELF = YES;
				CLANG_WARN_OBJC_LITERAL_CONVERSION = YES;
				CLANG_WARN_OBJC_ROOT_CLASS = YES_ERROR;
				CLANG_WARN_RANGE_LOOP_ANALYSIS = YES;
				CLANG_WARN_STRICT_PROTOTYPES = YES;
				CLANG_WARN_SUSPICIOUS_MOVE = YES;
				CLANG_WARN_UNGUARDED_AVAILABILITY = YES_AGGRESSIVE;
				CLANG_WARN_UNREACHABLE_CODE = YES;
				CLANG_WARN__DUPLICATE_METHOD_MATCH = YES;
				COPY_PHASE_STRIP = NO;
				DEBUG_INFORMATION_FORMAT = "dwarf-with-dsym";
				ENABLE_NS_ASSERTIONS = NO;
				ENABLE_STRICT_OBJC_MSGSEND = YES;
				GCC_C_LANGUAGE_STANDARD = gnu11;
				GCC_NO_COMMON_BLOCKS = YES;
				GCC_WARN_64_TO_32_BIT_CONVERSION = YES;
				GCC_WARN_ABOUT_RETURN_TYPE = YES_ERROR;
				GCC_WARN_UNDECLARED_SELECTOR = YES;
				GCC_WARN_UNINITIALIZED_AUTOS = YES_AGGRESSIVE;
				GCC_WARN_UNUSED_FUNCTION = YES;
				GCC_WARN_UNUSED_VARIABLE = YES;
				IPHONEOS_DEPLOYMENT_TARGET = 13.1;
				MTL_ENABLE_DEBUG_INFO = NO;
				MTL_FAST_MATH = YES;
				SDKROOT = iphoneos;
				SWIFT_COMPILATION_MODE = wholemodule;
				SWIFT_OPTIMIZATION_LEVEL = "-O";
				VALIDATE_PRODUCT = YES;
			};
			name = Release;
		};
		A913337F236317A700A54FEC /* Debug */ = {
			isa = XCBuildConfiguration;
			baseConfigurationReference = CC9F2068E1D5AC0849C98437 /* Pods-Flamingo.debug.xcconfig */;
			buildSettings = {
				ASSETCATALOG_COMPILER_APPICON_NAME = AppIcon;
				CODE_SIGN_STYLE = Automatic;
				DEVELOPMENT_TEAM = 3WT2QN7Y27;
				INFOPLIST_FILE = Flamingo/Info.plist;
				LD_RUNPATH_SEARCH_PATHS = (
					"$(inherited)",
					"@executable_path/Frameworks",
				);
				PRODUCT_BUNDLE_IDENTIFIER = BigBroGame.Flamingo;
				PRODUCT_NAME = "$(TARGET_NAME)";
				SWIFT_VERSION = 5.0;
				TARGETED_DEVICE_FAMILY = 1;
			};
			name = Debug;
		};
		A9133380236317A700A54FEC /* Release */ = {
			isa = XCBuildConfiguration;
			baseConfigurationReference = DE7C5BF31A635E258B4DE997 /* Pods-Flamingo.release.xcconfig */;
			buildSettings = {
				ASSETCATALOG_COMPILER_APPICON_NAME = AppIcon;
				CODE_SIGN_STYLE = Automatic;
				DEVELOPMENT_TEAM = 3WT2QN7Y27;
				INFOPLIST_FILE = Flamingo/Info.plist;
				LD_RUNPATH_SEARCH_PATHS = (
					"$(inherited)",
					"@executable_path/Frameworks",
				);
				PRODUCT_BUNDLE_IDENTIFIER = BigBroGame.Flamingo;
				PRODUCT_NAME = "$(TARGET_NAME)";
				SWIFT_VERSION = 5.0;
				TARGETED_DEVICE_FAMILY = 1;
			};
			name = Release;
		};
/* End XCBuildConfiguration section */

/* Begin XCConfigurationList section */
		A9133365236317A400A54FEC /* Build configuration list for PBXProject "Flamingo" */ = {
			isa = XCConfigurationList;
			buildConfigurations = (
				A913337C236317A700A54FEC /* Debug */,
				A913337D236317A700A54FEC /* Release */,
			);
			defaultConfigurationIsVisible = 0;
			defaultConfigurationName = Release;
		};
		A913337E236317A700A54FEC /* Build configuration list for PBXNativeTarget "Flamingo" */ = {
			isa = XCConfigurationList;
			buildConfigurations = (
				A913337F236317A700A54FEC /* Debug */,
				A9133380236317A700A54FEC /* Release */,
			);
			defaultConfigurationIsVisible = 0;
			defaultConfigurationName = Release;
		};
/* End XCConfigurationList section */
	};
	rootObject = A9133362236317A400A54FEC /* Project object */;
}
