// !$*UTF8*$!
{
	archiveVersion = 1;
	classes = {
	};
	objectVersion = 50;
	objects = {

/* Begin PBXBuildFile section */
		A91347D7234CD320009786C6 /* PlayerBall.swift in Sources */ = {isa = PBXBuildFile; fileRef = A91347D6234CD320009786C6 /* PlayerBall.swift */; };
		A91347D92354BE2F009786C6 /* Fruits.swift in Sources */ = {isa = PBXBuildFile; fileRef = A91347D82354BE2E009786C6 /* Fruits.swift */; };
		A9E14449234C8AF600FC97C7 /* AppDelegate.swift in Sources */ = {isa = PBXBuildFile; fileRef = A9E14448234C8AF600FC97C7 /* AppDelegate.swift */; };
		A9E1444F234C8AF600FC97C7 /* GameScene.swift in Sources */ = {isa = PBXBuildFile; fileRef = A9E1444E234C8AF600FC97C7 /* GameScene.swift */; };
		A9E14451234C8AF600FC97C7 /* GameViewController.swift in Sources */ = {isa = PBXBuildFile; fileRef = A9E14450234C8AF600FC97C7 /* GameViewController.swift */; };
		A9E14454234C8AF600FC97C7 /* Main.storyboard in Resources */ = {isa = PBXBuildFile; fileRef = A9E14452234C8AF600FC97C7 /* Main.storyboard */; };
		A9E14456234C8AF700FC97C7 /* Assets.xcassets in Resources */ = {isa = PBXBuildFile; fileRef = A9E14455234C8AF700FC97C7 /* Assets.xcassets */; };
		A9E14459234C8AF700FC97C7 /* LaunchScreen.storyboard in Resources */ = {isa = PBXBuildFile; fileRef = A9E14457234C8AF700FC97C7 /* LaunchScreen.storyboard */; };
		A9E14466234C8C7500FC97C7 /* TreeBranch.swift in Sources */ = {isa = PBXBuildFile; fileRef = A9E14463234C8C7400FC97C7 /* TreeBranch.swift */; };
		A9E14467234C8C7500FC97C7 /* Background.swift in Sources */ = {isa = PBXBuildFile; fileRef = A9E14464234C8C7500FC97C7 /* Background.swift */; };
		A9E1446B234C8CBA00FC97C7 /* Cloud.swift in Sources */ = {isa = PBXBuildFile; fileRef = A9E1446A234C8CBA00FC97C7 /* Cloud.swift */; };
		A9E1446D234C8CE600FC97C7 /* protocol GameBackgroundStriteable.swift in Sources */ = {isa = PBXBuildFile; fileRef = A9E1446C234C8CE600FC97C7 /* protocol GameBackgroundStriteable.swift */; };
/* End PBXBuildFile section */

/* Begin PBXFileReference section */
		A91347D6234CD320009786C6 /* PlayerBall.swift */ = {isa = PBXFileReference; lastKnownFileType = sourcecode.swift; path = PlayerBall.swift; sourceTree = "<group>"; };
		A91347D82354BE2E009786C6 /* Fruits.swift */ = {isa = PBXFileReference; lastKnownFileType = sourcecode.swift; path = Fruits.swift; sourceTree = "<group>"; };
		A9E14445234C8AF600FC97C7 /* SkyBall1.app */ = {isa = PBXFileReference; explicitFileType = wrapper.application; includeInIndex = 0; path = SkyBall1.app; sourceTree = BUILT_PRODUCTS_DIR; };
		A9E14448234C8AF600FC97C7 /* AppDelegate.swift */ = {isa = PBXFileReference; lastKnownFileType = sourcecode.swift; path = AppDelegate.swift; sourceTree = "<group>"; };
		A9E1444E234C8AF600FC97C7 /* GameScene.swift */ = {isa = PBXFileReference; lastKnownFileType = sourcecode.swift; path = GameScene.swift; sourceTree = "<group>"; };
		A9E14450234C8AF600FC97C7 /* GameViewController.swift */ = {isa = PBXFileReference; lastKnownFileType = sourcecode.swift; path = GameViewController.swift; sourceTree = "<group>"; };
		A9E14453234C8AF600FC97C7 /* Base */ = {isa = PBXFileReference; lastKnownFileType = file.storyboard; name = Base; path = Base.lproj/Main.storyboard; sourceTree = "<group>"; };
		A9E14455234C8AF700FC97C7 /* Assets.xcassets */ = {isa = PBXFileReference; lastKnownFileType = folder.assetcatalog; path = Assets.xcassets; sourceTree = "<group>"; };
		A9E14458234C8AF700FC97C7 /* Base */ = {isa = PBXFileReference; lastKnownFileType = file.storyboard; name = Base; path = Base.lproj/LaunchScreen.storyboard; sourceTree = "<group>"; };
		A9E1445A234C8AF700FC97C7 /* Info.plist */ = {isa = PBXFileReference; lastKnownFileType = text.plist.xml; path = Info.plist; sourceTree = "<group>"; };
		A9E14463234C8C7400FC97C7 /* TreeBranch.swift */ = {isa = PBXFileReference; fileEncoding = 4; lastKnownFileType = sourcecode.swift; name = TreeBranch.swift; path = ../../SkyBall/SkyBall/TreeBranch.swift; sourceTree = "<group>"; };
		A9E14464234C8C7500FC97C7 /* Background.swift */ = {isa = PBXFileReference; fileEncoding = 4; lastKnownFileType = sourcecode.swift; name = Background.swift; path = ../../SkyBall/SkyBall/Background.swift; sourceTree = "<group>"; };
		A9E1446A234C8CBA00FC97C7 /* Cloud.swift */ = {isa = PBXFileReference; fileEncoding = 4; lastKnownFileType = sourcecode.swift; name = Cloud.swift; path = ../../SkyBall/SkyBall/Cloud.swift; sourceTree = "<group>"; };
		A9E1446C234C8CE600FC97C7 /* protocol GameBackgroundStriteable.swift */ = {isa = PBXFileReference; fileEncoding = 4; lastKnownFileType = sourcecode.swift; name = "protocol GameBackgroundStriteable.swift"; path = "../../SkyBall/SkyBall/protocol GameBackgroundStriteable.swift"; sourceTree = "<group>"; };
/* End PBXFileReference section */

/* Begin PBXFrameworksBuildPhase section */
		A9E14442234C8AF600FC97C7 /* Frameworks */ = {
			isa = PBXFrameworksBuildPhase;
			buildActionMask = 2147483647;
			files = (
			);
			runOnlyForDeploymentPostprocessing = 0;
		};
/* End PBXFrameworksBuildPhase section */

/* Begin PBXGroup section */
		A9E1443C234C8AF600FC97C7 = {
			isa = PBXGroup;
			children = (
				A9E14447234C8AF600FC97C7 /* SkyBall1 */,
				A9E14446234C8AF600FC97C7 /* Products */,
			);
			sourceTree = "<group>";
		};
		A9E14446234C8AF600FC97C7 /* Products */ = {
			isa = PBXGroup;
			children = (
				A9E14445234C8AF600FC97C7 /* SkyBall1.app */,
			);
			name = Products;
			sourceTree = "<group>";
		};
		A9E14447234C8AF600FC97C7 /* SkyBall1 */ = {
			isa = PBXGroup;
			children = (
				A9E1444E234C8AF600FC97C7 /* GameScene.swift */,
				A91347D6234CD320009786C6 /* PlayerBall.swift */,
				A91347D82354BE2E009786C6 /* Fruits.swift */,
				A9E14463234C8C7400FC97C7 /* TreeBranch.swift */,
				A9E1446A234C8CBA00FC97C7 /* Cloud.swift */,
				A9E14464234C8C7500FC97C7 /* Background.swift */,
				A9E1446C234C8CE600FC97C7 /* protocol GameBackgroundStriteable.swift */,
				A9E14450234C8AF600FC97C7 /* GameViewController.swift */,
				A9E14448234C8AF600FC97C7 /* AppDelegate.swift */,
				A9E14452234C8AF600FC97C7 /* Main.storyboard */,
				A9E14455234C8AF700FC97C7 /* Assets.xcassets */,
				A9E14457234C8AF700FC97C7 /* LaunchScreen.storyboard */,
				A9E1445A234C8AF700FC97C7 /* Info.plist */,
			);
			path = SkyBall1;
			sourceTree = "<group>";
		};
/* End PBXGroup section */

/* Begin PBXNativeTarget section */
		A9E14444234C8AF600FC97C7 /* SkyBall1 */ = {
			isa = PBXNativeTarget;
			buildConfigurationList = A9E1445D234C8AF700FC97C7 /* Build configuration list for PBXNativeTarget "SkyBall1" */;
			buildPhases = (
				A9E14441234C8AF600FC97C7 /* Sources */,
				A9E14442234C8AF600FC97C7 /* Frameworks */,
				A9E14443234C8AF600FC97C7 /* Resources */,
			);
			buildRules = (
			);
			dependencies = (
			);
			name = SkyBall1;
			productName = SkyBall1;
			productReference = A9E14445234C8AF600FC97C7 /* SkyBall1.app */;
			productType = "com.apple.product-type.application";
		};
/* End PBXNativeTarget section */

/* Begin PBXProject section */
		A9E1443D234C8AF600FC97C7 /* Project object */ = {
			isa = PBXProject;
			attributes = {
				LastSwiftUpdateCheck = 1110;
				LastUpgradeCheck = 1110;
				ORGANIZATIONNAME = "Алексей Карпежников";
				TargetAttributes = {
					A9E14444234C8AF600FC97C7 = {
						CreatedOnToolsVersion = 11.1;
					};
				};
			};
			buildConfigurationList = A9E14440234C8AF600FC97C7 /* Build configuration list for PBXProject "SkyBall1" */;
			compatibilityVersion = "Xcode 9.3";
			developmentRegion = en;
			hasScannedForEncodings = 0;
			knownRegions = (
				en,
				Base,
			);
			mainGroup = A9E1443C234C8AF600FC97C7;
			productRefGroup = A9E14446234C8AF600FC97C7 /* Products */;
			projectDirPath = "";
			projectRoot = "";
			targets = (
				A9E14444234C8AF600FC97C7 /* SkyBall1 */,
			);
		};
/* End PBXProject section */

/* Begin PBXResourcesBuildPhase section */
		A9E14443234C8AF600FC97C7 /* Resources */ = {
			isa = PBXResourcesBuildPhase;
			buildActionMask = 2147483647;
			files = (
				A9E14454234C8AF600FC97C7 /* Main.storyboard in Resources */,
				A9E14456234C8AF700FC97C7 /* Assets.xcassets in Resources */,
				A9E14459234C8AF700FC97C7 /* LaunchScreen.storyboard in Resources */,
			);
			runOnlyForDeploymentPostprocessing = 0;
		};
/* End PBXResourcesBuildPhase section */

/* Begin PBXSourcesBuildPhase section */
		A9E14441234C8AF600FC97C7 /* Sources */ = {
			isa = PBXSourcesBuildPhase;
			buildActionMask = 2147483647;
			files = (
				A9E14467234C8C7500FC97C7 /* Background.swift in Sources */,
				A9E1446B234C8CBA00FC97C7 /* Cloud.swift in Sources */,
				A9E1444F234C8AF600FC97C7 /* GameScene.swift in Sources */,
				A91347D7234CD320009786C6 /* PlayerBall.swift in Sources */,
				A9E14466234C8C7500FC97C7 /* TreeBranch.swift in Sources */,
				A91347D92354BE2F009786C6 /* Fruits.swift in Sources */,
				A9E14451234C8AF600FC97C7 /* GameViewController.swift in Sources */,
				A9E1446D234C8CE600FC97C7 /* protocol GameBackgroundStriteable.swift in Sources */,
				A9E14449234C8AF600FC97C7 /* AppDelegate.swift in Sources */,
			);
			runOnlyForDeploymentPostprocessing = 0;
		};
/* End PBXSourcesBuildPhase section */

/* Begin PBXVariantGroup section */
		A9E14452234C8AF600FC97C7 /* Main.storyboard */ = {
			isa = PBXVariantGroup;
			children = (
				A9E14453234C8AF600FC97C7 /* Base */,
			);
			name = Main.storyboard;
			sourceTree = "<group>";
		};
		A9E14457234C8AF700FC97C7 /* LaunchScreen.storyboard */ = {
			isa = PBXVariantGroup;
			children = (
				A9E14458234C8AF700FC97C7 /* Base */,
			);
			name = LaunchScreen.storyboard;
			sourceTree = "<group>";
		};
/* End PBXVariantGroup section */

/* Begin XCBuildConfiguration section */
		A9E1445B234C8AF700FC97C7 /* Debug */ = {
			isa = XCBuildConfiguration;
			buildSettings = {
				ALWAYS_SEARCH_USER_PATHS = NO;
				CLANG_ANALYZER_NONNULL = YES;
				CLANG_ANALYZER_NUMBER_OBJECT_CONVERSION = YES_AGGRESSIVE;
				CLANG_CXX_LANGUAGE_STANDARD = "gnu++14";
				CLANG_CXX_LIBRARY = "libc++";
				CLANG_ENABLE_MODULES = YES;
				CLANG_ENABLE_OBJC_ARC = YES;
				CLANG_ENABLE_OBJC_WEAK = YES;
				CLANG_WARN_BLOCK_CAPTURE_AUTORELEASING = YES;
				CLANG_WARN_BOOL_CONVERSION = YES;
				CLANG_WARN_COMMA = YES;
				CLANG_WARN_CONSTANT_CONVERSION = YES;
				CLANG_WARN_DEPRECATED_OBJC_IMPLEMENTATIONS = YES;
				CLANG_WARN_DIRECT_OBJC_ISA_USAGE = YES_ERROR;
				CLANG_WARN_DOCUMENTATION_COMMENTS = YES;
				CLANG_WARN_EMPTY_BODY = YES;
				CLANG_WARN_ENUM_CONVERSION = YES;
				CLANG_WARN_INFINITE_RECURSION = YES;
				CLANG_WARN_INT_CONVERSION = YES;
				CLANG_WARN_NON_LITERAL_NULL_CONVERSION = YES;
				CLANG_WARN_OBJC_IMPLICIT_RETAIN_SELF = YES;
				CLANG_WARN_OBJC_LITERAL_CONVERSION = YES;
				CLANG_WARN_OBJC_ROOT_CLASS = YES_ERROR;
				CLANG_WARN_RANGE_LOOP_ANALYSIS = YES;
				CLANG_WARN_STRICT_PROTOTYPES = YES;
				CLANG_WARN_SUSPICIOUS_MOVE = YES;
				CLANG_WARN_UNGUARDED_AVAILABILITY = YES_AGGRESSIVE;
				CLANG_WARN_UNREACHABLE_CODE = YES;
				CLANG_WARN__DUPLICATE_METHOD_MATCH = YES;
				COPY_PHASE_STRIP = NO;
				DEBUG_INFORMATION_FORMAT = dwarf;
				ENABLE_STRICT_OBJC_MSGSEND = YES;
				ENABLE_TESTABILITY = YES;
				GCC_C_LANGUAGE_STANDARD = gnu11;
				GCC_DYNAMIC_NO_PIC = NO;
				GCC_NO_COMMON_BLOCKS = YES;
				GCC_OPTIMIZATION_LEVEL = 0;
				GCC_PREPROCESSOR_DEFINITIONS = (
					"DEBUG=1",
					"$(inherited)",
				);
				GCC_WARN_64_TO_32_BIT_CONVERSION = YES;
				GCC_WARN_ABOUT_RETURN_TYPE = YES_ERROR;
				GCC_WARN_UNDECLARED_SELECTOR = YES;
				GCC_WARN_UNINITIALIZED_AUTOS = YES_AGGRESSIVE;
				GCC_WARN_UNUSED_FUNCTION = YES;
				GCC_WARN_UNUSED_VARIABLE = YES;
				IPHONEOS_DEPLOYMENT_TARGET = 13.1;
				MTL_ENABLE_DEBUG_INFO = INCLUDE_SOURCE;
				MTL_FAST_MATH = YES;
				ONLY_ACTIVE_ARCH = YES;
				SDKROOT = iphoneos;
				SWIFT_ACTIVE_COMPILATION_CONDITIONS = DEBUG;
				SWIFT_OPTIMIZATION_LEVEL = "-Onone";
			};
			name = Debug;
		};
		A9E1445C234C8AF700FC97C7 /* Release */ = {
			isa = XCBuildConfiguration;
			buildSettings = {
				ALWAYS_SEARCH_USER_PATHS = NO;
				CLANG_ANALYZER_NONNULL = YES;
				CLANG_ANALYZER_NUMBER_OBJECT_CONVERSION = YES_AGGRESSIVE;
				CLANG_CXX_LANGUAGE_STANDARD = "gnu++14";
				CLANG_CXX_LIBRARY = "libc++";
				CLANG_ENABLE_MODULES = YES;
				CLANG_ENABLE_OBJC_ARC = YES;
				CLANG_ENABLE_OBJC_WEAK = YES;
				CLANG_WARN_BLOCK_CAPTURE_AUTORELEASING = YES;
				CLANG_WARN_BOOL_CONVERSION = YES;
				CLANG_WARN_COMMA = YES;
				CLANG_WARN_CONSTANT_CONVERSION = YES;
				CLANG_WARN_DEPRECATED_OBJC_IMPLEMENTATIONS = YES;
				CLANG_WARN_DIRECT_OBJC_ISA_USAGE = YES_ERROR;
				CLANG_WARN_DOCUMENTATION_COMMENTS = YES;
				CLANG_WARN_EMPTY_BODY = YES;
				CLANG_WARN_ENUM_CONVERSION = YES;
				CLANG_WARN_INFINITE_RECURSION = YES;
				CLANG_WARN_INT_CONVERSION = YES;
				CLANG_WARN_NON_LITERAL_NULL_CONVERSION = YES;
				CLANG_WARN_OBJC_IMPLICIT_RETAIN_SELF = YES;
				CLANG_WARN_OBJC_LITERAL_CONVERSION = YES;
				CLANG_WARN_OBJC_ROOT_CLASS = YES_ERROR;
				CLANG_WARN_RANGE_LOOP_ANALYSIS = YES;
				CLANG_WARN_STRICT_PROTOTYPES = YES;
				CLANG_WARN_SUSPICIOUS_MOVE = YES;
				CLANG_WARN_UNGUARDED_AVAILABILITY = YES_AGGRESSIVE;
				CLANG_WARN_UNREACHABLE_CODE = YES;
				CLANG_WARN__DUPLICATE_METHOD_MATCH = YES;
				COPY_PHASE_STRIP = NO;
				DEBUG_INFORMATION_FORMAT = "dwarf-with-dsym";
				ENABLE_NS_ASSERTIONS = NO;
				ENABLE_STRICT_OBJC_MSGSEND = YES;
				GCC_C_LANGUAGE_STANDARD = gnu11;
				GCC_NO_COMMON_BLOCKS = YES;
				GCC_WARN_64_TO_32_BIT_CONVERSION = YES;
				GCC_WARN_ABOUT_RETURN_TYPE = YES_ERROR;
				GCC_WARN_UNDECLARED_SELECTOR = YES;
				GCC_WARN_UNINITIALIZED_AUTOS = YES_AGGRESSIVE;
				GCC_WARN_UNUSED_FUNCTION = YES;
				GCC_WARN_UNUSED_VARIABLE = YES;
				IPHONEOS_DEPLOYMENT_TARGET = 13.1;
				MTL_ENABLE_DEBUG_INFO = NO;
				MTL_FAST_MATH = YES;
				SDKROOT = iphoneos;
				SWIFT_COMPILATION_MODE = wholemodule;
				SWIFT_OPTIMIZATION_LEVEL = "-O";
				VALIDATE_PRODUCT = YES;
			};
			name = Release;
		};
		A9E1445E234C8AF700FC97C7 /* Debug */ = {
			isa = XCBuildConfiguration;
			buildSettings = {
				ASSETCATALOG_COMPILER_APPICON_NAME = AppIcon;
				CODE_SIGN_STYLE = Automatic;
				DEVELOPMENT_TEAM = 3WT2QN7Y27;
				INFOPLIST_FILE = SkyBall1/Info.plist;
				IPHONEOS_DEPLOYMENT_TARGET = 13.0;
				LD_RUNPATH_SEARCH_PATHS = (
					"$(inherited)",
					"@executable_path/Frameworks",
				);
				PRODUCT_BUNDLE_IDENTIFIER = BigBroGame.SkyBall1;
				PRODUCT_NAME = "$(TARGET_NAME)";
				SWIFT_VERSION = 5.0;
				TARGETED_DEVICE_FAMILY = 1;
			};
			name = Debug;
		};
		A9E1445F234C8AF700FC97C7 /* Release */ = {
			isa = XCBuildConfiguration;
			buildSettings = {
				ASSETCATALOG_COMPILER_APPICON_NAME = AppIcon;
				CODE_SIGN_STYLE = Automatic;
				DEVELOPMENT_TEAM = 3WT2QN7Y27;
				INFOPLIST_FILE = SkyBall1/Info.plist;
				IPHONEOS_DEPLOYMENT_TARGET = 13.0;
				LD_RUNPATH_SEARCH_PATHS = (
					"$(inherited)",
					"@executable_path/Frameworks",
				);
				PRODUCT_BUNDLE_IDENTIFIER = BigBroGame.SkyBall1;
				PRODUCT_NAME = "$(TARGET_NAME)";
				SWIFT_VERSION = 5.0;
				TARGETED_DEVICE_FAMILY = 1;
			};
			name = Release;
		};
/* End XCBuildConfiguration section */

/* Begin XCConfigurationList section */
		A9E14440234C8AF600FC97C7 /* Build configuration list for PBXProject "SkyBall1" */ = {
			isa = XCConfigurationList;
			buildConfigurations = (
				A9E1445B234C8AF700FC97C7 /* Debug */,
				A9E1445C234C8AF700FC97C7 /* Release */,
			);
			defaultConfigurationIsVisible = 0;
			defaultConfigurationName = Release;
		};
		A9E1445D234C8AF700FC97C7 /* Build configuration list for PBXNativeTarget "SkyBall1" */ = {
			isa = XCConfigurationList;
			buildConfigurations = (
				A9E1445E234C8AF700FC97C7 /* Debug */,
				A9E1445F234C8AF700FC97C7 /* Release */,
			);
			defaultConfigurationIsVisible = 0;
			defaultConfigurationName = Release;
		};
/* End XCConfigurationList section */
	};
	rootObject = A9E1443D234C8AF600FC97C7 /* Project object */;
}
