// !$*UTF8*$!
{
	archiveVersion = 1;
	classes = {
	};
	objectVersion = 51;
	objects = {

/* Begin PBXBuildFile section */
		9C3273831C74B576162B58E1 /* Pods_TableViewApp.framework in Frameworks */ = {isa = PBXBuildFile; fileRef = 4C6361A0FE23DA2F5700F713 /* Pods_TableViewApp.framework */; };
		A91348072355A46D009786C6 /* AppDelegate.swift in Sources */ = {isa = PBXBuildFile; fileRef = A91348062355A46D009786C6 /* AppDelegate.swift */; };
		A91348092355A46D009786C6 /* SceneDelegate.swift in Sources */ = {isa = PBXBuildFile; fileRef = A91348082355A46D009786C6 /* SceneDelegate.swift */; };
		A913480B2355A46D009786C6 /* ViewController.swift in Sources */ = {isa = PBXBuildFile; fileRef = A913480A2355A46D009786C6 /* ViewController.swift */; };
		A913480E2355A46D009786C6 /* Main.storyboard in Resources */ = {isa = PBXBuildFile; fileRef = A913480C2355A46D009786C6 /* Main.storyboard */; };
		A91348102355A46E009786C6 /* Assets.xcassets in Resources */ = {isa = PBXBuildFile; fileRef = A913480F2355A46E009786C6 /* Assets.xcassets */; };
		A91348132355A46E009786C6 /* LaunchScreen.storyboard in Resources */ = {isa = PBXBuildFile; fileRef = A91348112355A46E009786C6 /* LaunchScreen.storyboard */; };
		A913481B2355E9FD009786C6 /* CustomTableViewCell.swift in Sources */ = {isa = PBXBuildFile; fileRef = A913481A2355E9FD009786C6 /* CustomTableViewCell.swift */; };
		A913481D2355EFAC009786C6 /* PlaceModel.swift in Sources */ = {isa = PBXBuildFile; fileRef = A913481C2355EFAC009786C6 /* PlaceModel.swift */; };
		A913481F23562211009786C6 /* NewPlaceViewController.swift in Sources */ = {isa = PBXBuildFile; fileRef = A913481E23562211009786C6 /* NewPlaceViewController.swift */; };
		A91348212356557B009786C6 /* StorageManager.swift in Sources */ = {isa = PBXBuildFile; fileRef = A91348202356557B009786C6 /* StorageManager.swift */; };
		A913482323577701009786C6 /* RatingControl.swift in Sources */ = {isa = PBXBuildFile; fileRef = A913482223577701009786C6 /* RatingControl.swift */; };
		A913482523587642009786C6 /* MapViewController.swift in Sources */ = {isa = PBXBuildFile; fileRef = A913482423587642009786C6 /* MapViewController.swift */; };
		A91348272358CDAD009786C6 /* MapKit.framework in Frameworks */ = {isa = PBXBuildFile; fileRef = A91348262358CDAD009786C6 /* MapKit.framework */; };
		A96039C9235DC5A0003A257F /* MapManager.swift in Sources */ = {isa = PBXBuildFile; fileRef = A96039C8235DC5A0003A257F /* MapManager.swift */; };
/* End PBXBuildFile section */

/* Begin PBXFileReference section */
		21B7373F5FBC73EDD8A64940 /* Pods-TableViewApp.release.xcconfig */ = {isa = PBXFileReference; includeInIndex = 1; lastKnownFileType = text.xcconfig; name = "Pods-TableViewApp.release.xcconfig"; path = "Target Support Files/Pods-TableViewApp/Pods-TableViewApp.release.xcconfig"; sourceTree = "<group>"; };
		4C6361A0FE23DA2F5700F713 /* Pods_TableViewApp.framework */ = {isa = PBXFileReference; explicitFileType = wrapper.framework; includeInIndex = 0; path = Pods_TableViewApp.framework; sourceTree = BUILT_PRODUCTS_DIR; };
		A91348032355A46D009786C6 /* TableViewApp.app */ = {isa = PBXFileReference; explicitFileType = wrapper.application; includeInIndex = 0; path = TableViewApp.app; sourceTree = BUILT_PRODUCTS_DIR; };
		A91348062355A46D009786C6 /* AppDelegate.swift */ = {isa = PBXFileReference; lastKnownFileType = sourcecode.swift; path = AppDelegate.swift; sourceTree = "<group>"; };
		A91348082355A46D009786C6 /* SceneDelegate.swift */ = {isa = PBXFileReference; lastKnownFileType = sourcecode.swift; path = SceneDelegate.swift; sourceTree = "<group>"; };
		A913480A2355A46D009786C6 /* ViewController.swift */ = {isa = PBXFileReference; lastKnownFileType = sourcecode.swift; path = ViewController.swift; sourceTree = "<group>"; };
		A913480D2355A46D009786C6 /* Base */ = {isa = PBXFileReference; lastKnownFileType = file.storyboard; name = Base; path = Base.lproj/Main.storyboard; sourceTree = "<group>"; };
		A913480F2355A46E009786C6 /* Assets.xcassets */ = {isa = PBXFileReference; lastKnownFileType = folder.assetcatalog; path = Assets.xcassets; sourceTree = "<group>"; };
		A91348122355A46E009786C6 /* Base */ = {isa = PBXFileReference; lastKnownFileType = file.storyboard; name = Base; path = Base.lproj/LaunchScreen.storyboard; sourceTree = "<group>"; };
		A91348142355A46E009786C6 /* Info.plist */ = {isa = PBXFileReference; lastKnownFileType = text.plist.xml; path = Info.plist; sourceTree = "<group>"; };
		A913481A2355E9FD009786C6 /* CustomTableViewCell.swift */ = {isa = PBXFileReference; lastKnownFileType = sourcecode.swift; path = CustomTableViewCell.swift; sourceTree = "<group>"; };
		A913481C2355EFAC009786C6 /* PlaceModel.swift */ = {isa = PBXFileReference; lastKnownFileType = sourcecode.swift; path = PlaceModel.swift; sourceTree = "<group>"; };
		A913481E23562211009786C6 /* NewPlaceViewController.swift */ = {isa = PBXFileReference; lastKnownFileType = sourcecode.swift; path = NewPlaceViewController.swift; sourceTree = "<group>"; };
		A91348202356557B009786C6 /* StorageManager.swift */ = {isa = PBXFileReference; lastKnownFileType = sourcecode.swift; path = StorageManager.swift; sourceTree = "<group>"; };
		A913482223577701009786C6 /* RatingControl.swift */ = {isa = PBXFileReference; lastKnownFileType = sourcecode.swift; path = RatingControl.swift; sourceTree = "<group>"; };
		A913482423587642009786C6 /* MapViewController.swift */ = {isa = PBXFileReference; lastKnownFileType = sourcecode.swift; path = MapViewController.swift; sourceTree = "<group>"; };
		A91348262358CDAD009786C6 /* MapKit.framework */ = {isa = PBXFileReference; lastKnownFileType = wrapper.framework; name = MapKit.framework; path = System/Library/Frameworks/MapKit.framework; sourceTree = SDKROOT; };
		A96039C8235DC5A0003A257F /* MapManager.swift */ = {isa = PBXFileReference; lastKnownFileType = sourcecode.swift; path = MapManager.swift; sourceTree = "<group>"; };
		FC9137AA8F3C0979E0B9835A /* Pods-TableViewApp.debug.xcconfig */ = {isa = PBXFileReference; includeInIndex = 1; lastKnownFileType = text.xcconfig; name = "Pods-TableViewApp.debug.xcconfig"; path = "Target Support Files/Pods-TableViewApp/Pods-TableViewApp.debug.xcconfig"; sourceTree = "<group>"; };
/* End PBXFileReference section */

/* Begin PBXFrameworksBuildPhase section */
		A91348002355A46D009786C6 /* Frameworks */ = {
			isa = PBXFrameworksBuildPhase;
			buildActionMask = 2147483647;
			files = (
				A91348272358CDAD009786C6 /* MapKit.framework in Frameworks */,
				9C3273831C74B576162B58E1 /* Pods_TableViewApp.framework in Frameworks */,
			);
			runOnlyForDeploymentPostprocessing = 0;
		};
/* End PBXFrameworksBuildPhase section */

/* Begin PBXGroup section */
		82FCFD5CF7ACBC8F6F317EDA /* Frameworks */ = {
			isa = PBXGroup;
			children = (
				A91348262358CDAD009786C6 /* MapKit.framework */,
				4C6361A0FE23DA2F5700F713 /* Pods_TableViewApp.framework */,
			);
			name = Frameworks;
			sourceTree = "<group>";
		};
		A91347FA2355A46D009786C6 = {
			isa = PBXGroup;
			children = (
				A91348052355A46D009786C6 /* TableViewApp */,
				A91348042355A46D009786C6 /* Products */,
				D682D7DADAE635C5DC1EF6CE /* Pods */,
				82FCFD5CF7ACBC8F6F317EDA /* Frameworks */,
			);
			sourceTree = "<group>";
		};
		A91348042355A46D009786C6 /* Products */ = {
			isa = PBXGroup;
			children = (
				A91348032355A46D009786C6 /* TableViewApp.app */,
			);
			name = Products;
			sourceTree = "<group>";
		};
		A91348052355A46D009786C6 /* TableViewApp */ = {
			isa = PBXGroup;
			children = (
				A91348142355A46E009786C6 /* Info.plist */,
				A96039CA235DE73A003A257F /* View Controllers */,
				A96039CC235DE786003A257F /* Helpers */,
				A96039CB235DE776003A257F /* Models */,
				A96039CE235DE866003A257F /* iBuilder */,
				A96039CD235DE7B3003A257F /* SupportFiles */,
			);
			path = TableViewApp;
			sourceTree = "<group>";
		};
		A96039CA235DE73A003A257F /* View Controllers */ = {
			isa = PBXGroup;
			children = (
				A913480A2355A46D009786C6 /* ViewController.swift */,
				A913482423587642009786C6 /* MapViewController.swift */,
				A913481E23562211009786C6 /* NewPlaceViewController.swift */,
				A913481A2355E9FD009786C6 /* CustomTableViewCell.swift */,
			);
			path = "View Controllers";
			sourceTree = "<group>";
		};
		A96039CB235DE776003A257F /* Models */ = {
			isa = PBXGroup;
			children = (
				A913481C2355EFAC009786C6 /* PlaceModel.swift */,
			);
			path = Models;
			sourceTree = "<group>";
		};
		A96039CC235DE786003A257F /* Helpers */ = {
			isa = PBXGroup;
			children = (
				A96039C8235DC5A0003A257F /* MapManager.swift */,
				A91348202356557B009786C6 /* StorageManager.swift */,
				A913482223577701009786C6 /* RatingControl.swift */,
			);
			path = Helpers;
			sourceTree = "<group>";
		};
		A96039CD235DE7B3003A257F /* SupportFiles */ = {
			isa = PBXGroup;
			children = (
				A91348062355A46D009786C6 /* AppDelegate.swift */,
				A91348082355A46D009786C6 /* SceneDelegate.swift */,
				A913480F2355A46E009786C6 /* Assets.xcassets */,
			);
			path = SupportFiles;
			sourceTree = "<group>";
		};
		A96039CE235DE866003A257F /* iBuilder */ = {
			isa = PBXGroup;
			children = (
				A91348112355A46E009786C6 /* LaunchScreen.storyboard */,
				A913480C2355A46D009786C6 /* Main.storyboard */,
			);
			path = iBuilder;
			sourceTree = "<group>";
		};
		D682D7DADAE635C5DC1EF6CE /* Pods */ = {
			isa = PBXGroup;
			children = (
				FC9137AA8F3C0979E0B9835A /* Pods-TableViewApp.debug.xcconfig */,
				21B7373F5FBC73EDD8A64940 /* Pods-TableViewApp.release.xcconfig */,
			);
			path = Pods;
			sourceTree = "<group>";
		};
/* End PBXGroup section */

/* Begin PBXNativeTarget section */
		A91348022355A46D009786C6 /* TableViewApp */ = {
			isa = PBXNativeTarget;
			buildConfigurationList = A91348172355A46E009786C6 /* Build configuration list for PBXNativeTarget "TableViewApp" */;
			buildPhases = (
				21BF8606A9634C5B1452449B /* [CP] Check Pods Manifest.lock */,
				A91347FF2355A46D009786C6 /* Sources */,
				A91348002355A46D009786C6 /* Frameworks */,
				A91348012355A46D009786C6 /* Resources */,
				0D9DC38D04813805BD2D2FCB /* [CP] Embed Pods Frameworks */,
			);
			buildRules = (
			);
			dependencies = (
			);
			name = TableViewApp;
			productName = TableViewApp;
			productReference = A91348032355A46D009786C6 /* TableViewApp.app */;
			productType = "com.apple.product-type.application";
		};
/* End PBXNativeTarget section */

/* Begin PBXProject section */
		A91347FB2355A46D009786C6 /* Project object */ = {
			isa = PBXProject;
			attributes = {
				LastSwiftUpdateCheck = 1110;
				LastUpgradeCheck = 1110;
				ORGANIZATIONNAME = "Алексей Карпежников";
				TargetAttributes = {
					A91348022355A46D009786C6 = {
						CreatedOnToolsVersion = 11.1;
					};
				};
			};
			buildConfigurationList = A91347FE2355A46D009786C6 /* Build configuration list for PBXProject "TableViewApp" */;
			compatibilityVersion = "Xcode 9.3";
			developmentRegion = en;
			hasScannedForEncodings = 0;
			knownRegions = (
				en,
				Base,
			);
			mainGroup = A91347FA2355A46D009786C6;
			productRefGroup = A91348042355A46D009786C6 /* Products */;
			projectDirPath = "";
			projectRoot = "";
			targets = (
				A91348022355A46D009786C6 /* TableViewApp */,
			);
		};
/* End PBXProject section */

/* Begin PBXResourcesBuildPhase section */
		A91348012355A46D009786C6 /* Resources */ = {
			isa = PBXResourcesBuildPhase;
			buildActionMask = 2147483647;
			files = (
				A91348132355A46E009786C6 /* LaunchScreen.storyboard in Resources */,
				A91348102355A46E009786C6 /* Assets.xcassets in Resources */,
				A913480E2355A46D009786C6 /* Main.storyboard in Resources */,
			);
			runOnlyForDeploymentPostprocessing = 0;
		};
/* End PBXResourcesBuildPhase section */

/* Begin PBXShellScriptBuildPhase section */
		0D9DC38D04813805BD2D2FCB /* [CP] Embed Pods Frameworks */ = {
			isa = PBXShellScriptBuildPhase;
			buildActionMask = 2147483647;
			files = (
			);
			inputFileListPaths = (
				"${PODS_ROOT}/Target Support Files/Pods-TableViewApp/Pods-TableViewApp-frameworks-${CONFIGURATION}-input-files.xcfilelist",
			);
			name = "[CP] Embed Pods Frameworks";
			outputFileListPaths = (
				"${PODS_ROOT}/Target Support Files/Pods-TableViewApp/Pods-TableViewApp-frameworks-${CONFIGURATION}-output-files.xcfilelist",
			);
			runOnlyForDeploymentPostprocessing = 0;
			shellPath = /bin/sh;
			shellScript = "\"${PODS_ROOT}/Target Support Files/Pods-TableViewApp/Pods-TableViewApp-frameworks.sh\"\n";
			showEnvVarsInLog = 0;
		};
		21BF8606A9634C5B1452449B /* [CP] Check Pods Manifest.lock */ = {
			isa = PBXShellScriptBuildPhase;
			buildActionMask = 2147483647;
			files = (
			);
			inputFileListPaths = (
			);
			inputPaths = (
				"${PODS_PODFILE_DIR_PATH}/Podfile.lock",
				"${PODS_ROOT}/Manifest.lock",
			);
			name = "[CP] Check Pods Manifest.lock";
			outputFileListPaths = (
			);
			outputPaths = (
				"$(DERIVED_FILE_DIR)/Pods-TableViewApp-checkManifestLockResult.txt",
			);
			runOnlyForDeploymentPostprocessing = 0;
			shellPath = /bin/sh;
			shellScript = "diff \"${PODS_PODFILE_DIR_PATH}/Podfile.lock\" \"${PODS_ROOT}/Manifest.lock\" > /dev/null\nif [ $? != 0 ] ; then\n    # print error to STDERR\n    echo \"error: The sandbox is not in sync with the Podfile.lock. Run 'pod install' or update your CocoaPods installation.\" >&2\n    exit 1\nfi\n# This output is used by Xcode 'outputs' to avoid re-running this script phase.\necho \"SUCCESS\" > \"${SCRIPT_OUTPUT_FILE_0}\"\n";
			showEnvVarsInLog = 0;
		};
/* End PBXShellScriptBuildPhase section */

/* Begin PBXSourcesBuildPhase section */
		A91347FF2355A46D009786C6 /* Sources */ = {
			isa = PBXSourcesBuildPhase;
			buildActionMask = 2147483647;
			files = (
				A913480B2355A46D009786C6 /* ViewController.swift in Sources */,
				A913481F23562211009786C6 /* NewPlaceViewController.swift in Sources */,
				A91348072355A46D009786C6 /* AppDelegate.swift in Sources */,
				A91348212356557B009786C6 /* StorageManager.swift in Sources */,
				A913482523587642009786C6 /* MapViewController.swift in Sources */,
				A913482323577701009786C6 /* RatingControl.swift in Sources */,
				A96039C9235DC5A0003A257F /* MapManager.swift in Sources */,
				A913481D2355EFAC009786C6 /* PlaceModel.swift in Sources */,
				A913481B2355E9FD009786C6 /* CustomTableViewCell.swift in Sources */,
				A91348092355A46D009786C6 /* SceneDelegate.swift in Sources */,
			);
			runOnlyForDeploymentPostprocessing = 0;
		};
/* End PBXSourcesBuildPhase section */

/* Begin PBXVariantGroup section */
		A913480C2355A46D009786C6 /* Main.storyboard */ = {
			isa = PBXVariantGroup;
			children = (
				A913480D2355A46D009786C6 /* Base */,
			);
			name = Main.storyboard;
			sourceTree = "<group>";
		};
		A91348112355A46E009786C6 /* LaunchScreen.storyboard */ = {
			isa = PBXVariantGroup;
			children = (
				A91348122355A46E009786C6 /* Base */,
			);
			name = LaunchScreen.storyboard;
			sourceTree = "<group>";
		};
/* End PBXVariantGroup section */

/* Begin XCBuildConfiguration section */
		A91348152355A46E009786C6 /* Debug */ = {
			isa = XCBuildConfiguration;
			buildSettings = {
				ALWAYS_SEARCH_USER_PATHS = NO;
				CLANG_ANALYZER_NONNULL = YES;
				CLANG_ANALYZER_NUMBER_OBJECT_CONVERSION = YES_AGGRESSIVE;
				CLANG_CXX_LANGUAGE_STANDARD = "gnu++14";
				CLANG_CXX_LIBRARY = "libc++";
				CLANG_ENABLE_MODULES = YES;
				CLANG_ENABLE_OBJC_ARC = YES;
				CLANG_ENABLE_OBJC_WEAK = YES;
				CLANG_WARN_BLOCK_CAPTURE_AUTORELEASING = YES;
				CLANG_WARN_BOOL_CONVERSION = YES;
				CLANG_WARN_COMMA = YES;
				CLANG_WARN_CONSTANT_CONVERSION = YES;
				CLANG_WARN_DEPRECATED_OBJC_IMPLEMENTATIONS = YES;
				CLANG_WARN_DIRECT_OBJC_ISA_USAGE = YES_ERROR;
				CLANG_WARN_DOCUMENTATION_COMMENTS = YES;
				CLANG_WARN_EMPTY_BODY = YES;
				CLANG_WARN_ENUM_CONVERSION = YES;
				CLANG_WARN_INFINITE_RECURSION = YES;
				CLANG_WARN_INT_CONVERSION = YES;
				CLANG_WARN_NON_LITERAL_NULL_CONVERSION = YES;
				CLANG_WARN_OBJC_IMPLICIT_RETAIN_SELF = YES;
				CLANG_WARN_OBJC_LITERAL_CONVERSION = YES;
				CLANG_WARN_OBJC_ROOT_CLASS = YES_ERROR;
				CLANG_WARN_RANGE_LOOP_ANALYSIS = YES;
				CLANG_WARN_STRICT_PROTOTYPES = YES;
				CLANG_WARN_SUSPICIOUS_MOVE = YES;
				CLANG_WARN_UNGUARDED_AVAILABILITY = YES_AGGRESSIVE;
				CLANG_WARN_UNREACHABLE_CODE = YES;
				CLANG_WARN__DUPLICATE_METHOD_MATCH = YES;
				COPY_PHASE_STRIP = NO;
				DEBUG_INFORMATION_FORMAT = dwarf;
				ENABLE_STRICT_OBJC_MSGSEND = YES;
				ENABLE_TESTABILITY = YES;
				GCC_C_LANGUAGE_STANDARD = gnu11;
				GCC_DYNAMIC_NO_PIC = NO;
				GCC_NO_COMMON_BLOCKS = YES;
				GCC_OPTIMIZATION_LEVEL = 0;
				GCC_PREPROCESSOR_DEFINITIONS = (
					"DEBUG=1",
					"$(inherited)",
				);
				GCC_WARN_64_TO_32_BIT_CONVERSION = YES;
				GCC_WARN_ABOUT_RETURN_TYPE = YES_ERROR;
				GCC_WARN_UNDECLARED_SELECTOR = YES;
				GCC_WARN_UNINITIALIZED_AUTOS = YES_AGGRESSIVE;
				GCC_WARN_UNUSED_FUNCTION = YES;
				GCC_WARN_UNUSED_VARIABLE = YES;
				IPHONEOS_DEPLOYMENT_TARGET = 13.1;
				MTL_ENABLE_DEBUG_INFO = INCLUDE_SOURCE;
				MTL_FAST_MATH = YES;
				ONLY_ACTIVE_ARCH = YES;
				SDKROOT = iphoneos;
				SWIFT_ACTIVE_COMPILATION_CONDITIONS = DEBUG;
				SWIFT_OPTIMIZATION_LEVEL = "-Onone";
			};
			name = Debug;
		};
		A91348162355A46E009786C6 /* Release */ = {
			isa = XCBuildConfiguration;
			buildSettings = {
				ALWAYS_SEARCH_USER_PATHS = NO;
				CLANG_ANALYZER_NONNULL = YES;
				CLANG_ANALYZER_NUMBER_OBJECT_CONVERSION = YES_AGGRESSIVE;
				CLANG_CXX_LANGUAGE_STANDARD = "gnu++14";
				CLANG_CXX_LIBRARY = "libc++";
				CLANG_ENABLE_MODULES = YES;
				CLANG_ENABLE_OBJC_ARC = YES;
				CLANG_ENABLE_OBJC_WEAK = YES;
				CLANG_WARN_BLOCK_CAPTURE_AUTORELEASING = YES;
				CLANG_WARN_BOOL_CONVERSION = YES;
				CLANG_WARN_COMMA = YES;
				CLANG_WARN_CONSTANT_CONVERSION = YES;
				CLANG_WARN_DEPRECATED_OBJC_IMPLEMENTATIONS = YES;
				CLANG_WARN_DIRECT_OBJC_ISA_USAGE = YES_ERROR;
				CLANG_WARN_DOCUMENTATION_COMMENTS = YES;
				CLANG_WARN_EMPTY_BODY = YES;
				CLANG_WARN_ENUM_CONVERSION = YES;
				CLANG_WARN_INFINITE_RECURSION = YES;
				CLANG_WARN_INT_CONVERSION = YES;
				CLANG_WARN_NON_LITERAL_NULL_CONVERSION = YES;
				CLANG_WARN_OBJC_IMPLICIT_RETAIN_SELF = YES;
				CLANG_WARN_OBJC_LITERAL_CONVERSION = YES;
				CLANG_WARN_OBJC_ROOT_CLASS = YES_ERROR;
				CLANG_WARN_RANGE_LOOP_ANALYSIS = YES;
				CLANG_WARN_STRICT_PROTOTYPES = YES;
				CLANG_WARN_SUSPICIOUS_MOVE = YES;
				CLANG_WARN_UNGUARDED_AVAILABILITY = YES_AGGRESSIVE;
				CLANG_WARN_UNREACHABLE_CODE = YES;
				CLANG_WARN__DUPLICATE_METHOD_MATCH = YES;
				COPY_PHASE_STRIP = NO;
				DEBUG_INFORMATION_FORMAT = "dwarf-with-dsym";
				ENABLE_NS_ASSERTIONS = NO;
				ENABLE_STRICT_OBJC_MSGSEND = YES;
				GCC_C_LANGUAGE_STANDARD = gnu11;
				GCC_NO_COMMON_BLOCKS = YES;
				GCC_WARN_64_TO_32_BIT_CONVERSION = YES;
				GCC_WARN_ABOUT_RETURN_TYPE = YES_ERROR;
				GCC_WARN_UNDECLARED_SELECTOR = YES;
				GCC_WARN_UNINITIALIZED_AUTOS = YES_AGGRESSIVE;
				GCC_WARN_UNUSED_FUNCTION = YES;
				GCC_WARN_UNUSED_VARIABLE = YES;
				IPHONEOS_DEPLOYMENT_TARGET = 13.1;
				MTL_ENABLE_DEBUG_INFO = NO;
				MTL_FAST_MATH = YES;
				SDKROOT = iphoneos;
				SWIFT_COMPILATION_MODE = wholemodule;
				SWIFT_OPTIMIZATION_LEVEL = "-O";
				VALIDATE_PRODUCT = YES;
			};
			name = Release;
		};
		A91348182355A46E009786C6 /* Debug */ = {
			isa = XCBuildConfiguration;
			baseConfigurationReference = FC9137AA8F3C0979E0B9835A /* Pods-TableViewApp.debug.xcconfig */;
			buildSettings = {
				ASSETCATALOG_COMPILER_APPICON_NAME = AppIcon;
				CODE_SIGN_STYLE = Automatic;
				DEVELOPMENT_TEAM = 3WT2QN7Y27;
				INFOPLIST_FILE = TableViewApp/Info.plist;
				IPHONEOS_DEPLOYMENT_TARGET = 13.1;
				LD_RUNPATH_SEARCH_PATHS = (
					"$(inherited)",
					"@executable_path/Frameworks",
				);
				PRODUCT_BUNDLE_IDENTIFIER = BigBroGame.TableViewApp;
				PRODUCT_NAME = "$(TARGET_NAME)";
				SWIFT_VERSION = 5.0;
				TARGETED_DEVICE_FAMILY = "1,2";
			};
			name = Debug;
		};
		A91348192355A46E009786C6 /* Release */ = {
			isa = XCBuildConfiguration;
			baseConfigurationReference = 21B7373F5FBC73EDD8A64940 /* Pods-TableViewApp.release.xcconfig */;
			buildSettings = {
				ASSETCATALOG_COMPILER_APPICON_NAME = AppIcon;
				CODE_SIGN_STYLE = Automatic;
				DEVELOPMENT_TEAM = 3WT2QN7Y27;
				INFOPLIST_FILE = TableViewApp/Info.plist;
				IPHONEOS_DEPLOYMENT_TARGET = 13.1;
				LD_RUNPATH_SEARCH_PATHS = (
					"$(inherited)",
					"@executable_path/Frameworks",
				);
				PRODUCT_BUNDLE_IDENTIFIER = BigBroGame.TableViewApp;
				PRODUCT_NAME = "$(TARGET_NAME)";
				SWIFT_VERSION = 5.0;
				TARGETED_DEVICE_FAMILY = "1,2";
			};
			name = Release;
		};
/* End XCBuildConfiguration section */

/* Begin XCConfigurationList section */
		A91347FE2355A46D009786C6 /* Build configuration list for PBXProject "TableViewApp" */ = {
			isa = XCConfigurationList;
			buildConfigurations = (
				A91348152355A46E009786C6 /* Debug */,
				A91348162355A46E009786C6 /* Release */,
			);
			defaultConfigurationIsVisible = 0;
			defaultConfigurationName = Release;
		};
		A91348172355A46E009786C6 /* Build configuration list for PBXNativeTarget "TableViewApp" */ = {
			isa = XCConfigurationList;
			buildConfigurations = (
				A91348182355A46E009786C6 /* Debug */,
				A91348192355A46E009786C6 /* Release */,
			);
			defaultConfigurationIsVisible = 0;
			defaultConfigurationName = Release;
		};
/* End XCConfigurationList section */
	};
	rootObject = A91347FB2355A46D009786C6 /* Project object */;
}
